// !$*UTF8*$!
{
	archiveVersion = 1;
	classes = {
	};
	objectVersion = 46;
	objects = {

/* Begin PBXBuildFile section */
		230B4CF81AA4E803000A8C59 /* +NSFetchRequest.swift in Sources */ = {isa = PBXBuildFile; fileRef = 230B4CF71AA4E803000A8C59 /* +NSFetchRequest.swift */; };
		230B4CFA1AA4E81D000A8C59 /* +NSManagedObject.swift in Sources */ = {isa = PBXBuildFile; fileRef = 230B4CF91AA4E81D000A8C59 /* +NSManagedObject.swift */; };
		230B4CFC1AA4F067000A8C59 /* +NSPredicate.swift in Sources */ = {isa = PBXBuildFile; fileRef = 230B4CFB1AA4F067000A8C59 /* +NSPredicate.swift */; };
		230F7DC11AA9147400484CD5 /* DispatchSemaphore.swift in Sources */ = {isa = PBXBuildFile; fileRef = 230F7DC01AA9147400484CD5 /* DispatchSemaphore.swift */; };
		232409AC1A8EDE920061342F /* SwiftKit.framework in Frameworks */ = {isa = PBXBuildFile; fileRef = 232409A01A8EDE920061342F /* SwiftKit.framework */; };
		232409B31A8EDE920061342F /* SwiftKitTests.swift in Sources */ = {isa = PBXBuildFile; fileRef = 232409B21A8EDE920061342F /* SwiftKitTests.swift */; };
		232D726D1AC4ECAD00C5FF7D /* Direction.swift in Sources */ = {isa = PBXBuildFile; fileRef = 232D726C1AC4ECAD00C5FF7D /* Direction.swift */; };
		232E91551ABCBE7000F772F2 /* AppContext.swift in Sources */ = {isa = PBXBuildFile; fileRef = 232E91541ABCBE7000F772F2 /* AppContext.swift */; };
		232E91571ABCCCEB00F772F2 /* +NSPersistentStoreCoordinator.swift in Sources */ = {isa = PBXBuildFile; fileRef = 232E91561ABCCCEB00F772F2 /* +NSPersistentStoreCoordinator.swift */; };
		2334FBDB1AAF6F260005B72E /* +NSManagedObjectModel.swift in Sources */ = {isa = PBXBuildFile; fileRef = 2334FBDA1AAF6F260005B72E /* +NSManagedObjectModel.swift */; };
		2346F43E1AA0F87800F92EB5 /* +CLLocationManager.swift in Sources */ = {isa = PBXBuildFile; fileRef = 2346F43D1AA0F87800F92EB5 /* +CLLocationManager.swift */; };
		2346F4471AA12CEF00F92EB5 /* +NSRange.swift in Sources */ = {isa = PBXBuildFile; fileRef = 2346F4461AA12CEF00F92EB5 /* +NSRange.swift */; };
		2346F4491AA12F4F00F92EB5 /* +CLLocation.swift in Sources */ = {isa = PBXBuildFile; fileRef = 2346F4481AA12F4F00F92EB5 /* +CLLocation.swift */; };
		234D17661AC0B422008144F3 /* +UICollectionViewLayoutAttributes.swift in Sources */ = {isa = PBXBuildFile; fileRef = 234D17651AC0B422008144F3 /* +UICollectionViewLayoutAttributes.swift */; };
		235871DD1AB774770079E9E3 /* DirectoryMonitor.swift in Sources */ = {isa = PBXBuildFile; fileRef = 235871DC1AB774770079E9E3 /* DirectoryMonitor.swift */; };
		235871E21AB776DC0079E9E3 /* DispatchOpenFlag.swift in Sources */ = {isa = PBXBuildFile; fileRef = 235871E11AB776DC0079E9E3 /* DispatchOpenFlag.swift */; };
		235871E41AB779740079E9E3 /* DispatchSourceType.swift in Sources */ = {isa = PBXBuildFile; fileRef = 235871E31AB779740079E9E3 /* DispatchSourceType.swift */; };
		235871E61AB77AFB0079E9E3 /* DispatchSourceMask.swift in Sources */ = {isa = PBXBuildFile; fileRef = 235871E51AB77AFB0079E9E3 /* DispatchSourceMask.swift */; };
		235871E91AB782F00079E9E3 /* DirectoryMonitorDelegate.swift in Sources */ = {isa = PBXBuildFile; fileRef = 235871E81AB782F00079E9E3 /* DirectoryMonitorDelegate.swift */; };
		235BF1A51A93F07C00F47745 /* +UICollectionView.swift in Sources */ = {isa = PBXBuildFile; fileRef = 235BF1A41A93F07C00F47745 /* +UICollectionView.swift */; };
		235BF1AF1A93F7E400F47745 /* +NSFetchedResultsController.swift in Sources */ = {isa = PBXBuildFile; fileRef = 235BF1AE1A93F7E400F47745 /* +NSFetchedResultsController.swift */; };
		235BF1BE1A93FB0D00F47745 /* TemplateImageView.swift in Sources */ = {isa = PBXBuildFile; fileRef = 235BF1BD1A93FB0D00F47745 /* TemplateImageView.swift */; };
		235BF1C01A94150E00F47745 /* +UIViewController.swift in Sources */ = {isa = PBXBuildFile; fileRef = 235BF1BF1A94150E00F47745 /* +UIViewController.swift */; };
		236259771A9E391D00BAC41C /* +NSUserDefaults.swift in Sources */ = {isa = PBXBuildFile; fileRef = 236259761A9E391D00BAC41C /* +NSUserDefaults.swift */; };
		2363C61A1A9FA155006B2D4F /* +UINavigationController.swift in Sources */ = {isa = PBXBuildFile; fileRef = 2363C6191A9FA155006B2D4F /* +UINavigationController.swift */; };
		2366B2951AB8FE2400E41BB1 /* +UIPanGestureRecognizer.swift in Sources */ = {isa = PBXBuildFile; fileRef = 2366B2941AB8FE2400E41BB1 /* +UIPanGestureRecognizer.swift */; };
		236A59071AA5524B00FA2B2B /* +CGFloat.swift in Sources */ = {isa = PBXBuildFile; fileRef = 236A59061AA5524B00FA2B2B /* +CGFloat.swift */; };
		236CFC2F1AAE888300C540FC /* NotificationObserver.swift in Sources */ = {isa = PBXBuildFile; fileRef = 236CFC2E1AAE888300C540FC /* NotificationObserver.swift */; };
		236F5FBF1A9D3E7800A10078 /* +UIApplication.swift in Sources */ = {isa = PBXBuildFile; fileRef = 236F5FBE1A9D3E7800A10078 /* +UIApplication.swift */; };
		2371579F1AB90959006EF754 /* TransitionStyle.swift in Sources */ = {isa = PBXBuildFile; fileRef = 2371579E1AB90959006EF754 /* TransitionStyle.swift */; };
		237422D61AA784B300430709 /* +NSURLSessionTask.swift in Sources */ = {isa = PBXBuildFile; fileRef = 237422D51AA784B300430709 /* +NSURLSessionTask.swift */; };
		2375C6A81AC9C4FC00EE71F1 /* +NSCharacterSet.swift in Sources */ = {isa = PBXBuildFile; fileRef = 2375C6A71AC9C4FC00EE71F1 /* +NSCharacterSet.swift */; };
		2375C6AA1AC9C73F00EE71F1 /* +UTF16View.swift in Sources */ = {isa = PBXBuildFile; fileRef = 2375C6A91AC9C73F00EE71F1 /* +UTF16View.swift */; };
		237796631A8F9CE500EBDA1A /* +UIStoryboard.swift in Sources */ = {isa = PBXBuildFile; fileRef = 237796621A8F9CE500EBDA1A /* +UIStoryboard.swift */; };
		23870D921A9E86AC001FF09B /* References+Functions.swift in Sources */ = {isa = PBXBuildFile; fileRef = 23870D911A9E86AC001FF09B /* References+Functions.swift */; };
		23870D971A9E94BF001FF09B /* +Double.swift in Sources */ = {isa = PBXBuildFile; fileRef = 23870D961A9E94BF001FF09B /* +Double.swift */; };
		23870D991A9EAB2D001FF09B /* +UICollectionReusableView.swift in Sources */ = {isa = PBXBuildFile; fileRef = 23870D981A9EAB2D001FF09B /* +UICollectionReusableView.swift */; };
		238C94391ABF5D08000A7B25 /* NSIndexPath+Operators.swift in Sources */ = {isa = PBXBuildFile; fileRef = 238C94381ABF5D08000A7B25 /* NSIndexPath+Operators.swift */; };
		238C943B1ABF5D1F000A7B25 /* CGPoint+Operators.swift in Sources */ = {isa = PBXBuildFile; fileRef = 238C943A1ABF5D1F000A7B25 /* CGPoint+Operators.swift */; };
		238C943D1ABF5D3F000A7B25 /* Dictionary+Operators.swift in Sources */ = {isa = PBXBuildFile; fileRef = 238C943C1ABF5D3F000A7B25 /* Dictionary+Operators.swift */; };
		238C943F1ABF5D54000A7B25 /* Array+Operators.swift in Sources */ = {isa = PBXBuildFile; fileRef = 238C943E1ABF5D54000A7B25 /* Array+Operators.swift */; };
		238DFD451AC496E000FCE1E8 /* +NSJSONSerialization.swift in Sources */ = {isa = PBXBuildFile; fileRef = 238DFD441AC496E000FCE1E8 /* +NSJSONSerialization.swift */; };
		23934E751A9CFA280055D3EA /* +UIScreen.swift in Sources */ = {isa = PBXBuildFile; fileRef = 23934E741A9CFA280055D3EA /* +UIScreen.swift */; };
		2398DD521AA8F7B000E0B0B2 /* DataKit+NSManagedObject.swift in Sources */ = {isa = PBXBuildFile; fileRef = 2398DD511AA8F7B000E0B0B2 /* DataKit+NSManagedObject.swift */; };
		2398DD541AA8F81000E0B0B2 /* DataKit+NSObject.swift in Sources */ = {isa = PBXBuildFile; fileRef = 2398DD531AA8F81000E0B0B2 /* DataKit+NSObject.swift */; };
		239E18FC1AA52CED0005C338 /* +NSLocale.swift in Sources */ = {isa = PBXBuildFile; fileRef = 239E18FB1AA52CED0005C338 /* +NSLocale.swift */; };
		239E18FE1AA53DB70005C338 /* +NSDate.swift in Sources */ = {isa = PBXBuildFile; fileRef = 239E18FD1AA53DB70005C338 /* +NSDate.swift */; };
		239E19001AA53DFD0005C338 /* +NSDateComponents.swift in Sources */ = {isa = PBXBuildFile; fileRef = 239E18FF1AA53DFD0005C338 /* +NSDateComponents.swift */; };
		239E19021AA53E090005C338 /* +NSCalendar.swift in Sources */ = {isa = PBXBuildFile; fileRef = 239E19011AA53E090005C338 /* +NSCalendar.swift */; };
		239E19041AA53E140005C338 /* +NSCalendarUnit.swift in Sources */ = {isa = PBXBuildFile; fileRef = 239E19031AA53E140005C338 /* +NSCalendarUnit.swift */; };
		239E19061AA53E950005C338 /* +NSDateFormatter.swift in Sources */ = {isa = PBXBuildFile; fileRef = 239E19051AA53E950005C338 /* +NSDateFormatter.swift */; };
		239E19081AA53F250005C338 /* +NSTimeInterval.swift in Sources */ = {isa = PBXBuildFile; fileRef = 239E19071AA53F250005C338 /* +NSTimeInterval.swift */; };
		23A396921A942353006BAB41 /* NetworkSession.swift in Sources */ = {isa = PBXBuildFile; fileRef = 23A3968D1A942353006BAB41 /* NetworkSession.swift */; };
		23A396931A942353006BAB41 /* NetworkSessionDelegate+NSURLSessionDelegate.swift in Sources */ = {isa = PBXBuildFile; fileRef = 23A3968E1A942353006BAB41 /* NetworkSessionDelegate+NSURLSessionDelegate.swift */; };
		23A396941A942353006BAB41 /* NetworkSessionDelegate+NSURLSessionTaskDelegate.swift in Sources */ = {isa = PBXBuildFile; fileRef = 23A3968F1A942353006BAB41 /* NetworkSessionDelegate+NSURLSessionTaskDelegate.swift */; };
		23A396951A942353006BAB41 /* NetworkSessionDelegate.swift in Sources */ = {isa = PBXBuildFile; fileRef = 23A396901A942353006BAB41 /* NetworkSessionDelegate.swift */; };
		23A396981A942368006BAB41 /* NetworkActivity.swift in Sources */ = {isa = PBXBuildFile; fileRef = 23A396971A942368006BAB41 /* NetworkActivity.swift */; };
		23A3969C1A9423A6006BAB41 /* NetworkKit+NSURLSessionConfiguration.swift in Sources */ = {isa = PBXBuildFile; fileRef = 23A3969B1A9423A6006BAB41 /* NetworkKit+NSURLSessionConfiguration.swift */; };
		23A3969E1A942401006BAB41 /* NetworkSessionDelegate+NSURLSessionDataDelegate.swift in Sources */ = {isa = PBXBuildFile; fileRef = 23A3969D1A942401006BAB41 /* NetworkSessionDelegate+NSURLSessionDataDelegate.swift */; };
		23A396A01A942413006BAB41 /* NetworkSessionDelegate+NSURLSessionDownloadDelegate.swift in Sources */ = {isa = PBXBuildFile; fileRef = 23A3969F1A942413006BAB41 /* NetworkSessionDelegate+NSURLSessionDownloadDelegate.swift */; };
		23A396A21A942460006BAB41 /* NetworkRequest.swift in Sources */ = {isa = PBXBuildFile; fileRef = 23A396A11A942460006BAB41 /* NetworkRequest.swift */; };
		23A396A41A942473006BAB41 /* NetworkRequestDelegate.swift in Sources */ = {isa = PBXBuildFile; fileRef = 23A396A31A942473006BAB41 /* NetworkRequestDelegate.swift */; };
		23A396A61A942715006BAB41 /* NetworkRequestDelegateDataTask.swift in Sources */ = {isa = PBXBuildFile; fileRef = 23A396A51A942715006BAB41 /* NetworkRequestDelegateDataTask.swift */; };
		23A396A81A94273E006BAB41 /* NetworkKit+TypeDefs.swift in Sources */ = {isa = PBXBuildFile; fileRef = 23A396A71A94273E006BAB41 /* NetworkKit+TypeDefs.swift */; };
		23A396AA1A942783006BAB41 /* +Int.swift in Sources */ = {isa = PBXBuildFile; fileRef = 23A396A91A942783006BAB41 /* +Int.swift */; };
		23A396AC1A942809006BAB41 /* NetworkRequestDelegateDownloadTask.swift in Sources */ = {isa = PBXBuildFile; fileRef = 23A396AB1A942809006BAB41 /* NetworkRequestDelegateDownloadTask.swift */; };
		23A396AE1A942822006BAB41 /* NetworkRequestDelegateUploadTask.swift in Sources */ = {isa = PBXBuildFile; fileRef = 23A396AD1A942822006BAB41 /* NetworkRequestDelegateUploadTask.swift */; };
		23A396B51A942BFF006BAB41 /* NetworkRequest+ResponseData.swift in Sources */ = {isa = PBXBuildFile; fileRef = 23A396B41A942BFF006BAB41 /* NetworkRequest+ResponseData.swift */; };
		23A396B71A942C41006BAB41 /* NetworkRequest+ResponseJSON.swift in Sources */ = {isa = PBXBuildFile; fileRef = 23A396B61A942C41006BAB41 /* NetworkRequest+ResponseJSON.swift */; };
		23A396B91A942C85006BAB41 /* NetworkRequest+ResponseString.swift in Sources */ = {isa = PBXBuildFile; fileRef = 23A396B81A942C85006BAB41 /* NetworkRequest+ResponseString.swift */; };
		23A396BB1A942CD0006BAB41 /* NetworkMethod.swift in Sources */ = {isa = PBXBuildFile; fileRef = 23A396BA1A942CD0006BAB41 /* NetworkMethod.swift */; };
		23A396BD1A942D55006BAB41 /* NetworkKit+NSMutableURLRequest.swift in Sources */ = {isa = PBXBuildFile; fileRef = 23A396BC1A942D55006BAB41 /* NetworkKit+NSMutableURLRequest.swift */; };
		23A4B7E21ABF7AF500F09F20 /* +NSNotification.swift in Sources */ = {isa = PBXBuildFile; fileRef = 23A4B7E11ABF7AF500F09F20 /* +NSNotification.swift */; };
		23B138671AC331C7006F2840 /* +Int64.swift in Sources */ = {isa = PBXBuildFile; fileRef = 23B138661AC331C7006F2840 /* +Int64.swift */; };
		23B1386C1AC33969006F2840 /* BaseOperation.swift in Sources */ = {isa = PBXBuildFile; fileRef = 23B1386B1AC33969006F2840 /* BaseOperation.swift */; };
		23B1386E1AC339D6006F2840 /* BatchOperation.swift in Sources */ = {isa = PBXBuildFile; fileRef = 23B1386D1AC339D6006F2840 /* BatchOperation.swift */; };
		23B175C61ABC941300022DCB /* ScrollDirection.swift in Sources */ = {isa = PBXBuildFile; fileRef = 23B175C51ABC941300022DCB /* ScrollDirection.swift */; };
		23B175C81ABC956200022DCB /* +CADisplayLink.swift in Sources */ = {isa = PBXBuildFile; fileRef = 23B175C71ABC956200022DCB /* +CADisplayLink.swift */; };
		23B175CA1ABC9F8000022DCB /* +UIScrollView.swift in Sources */ = {isa = PBXBuildFile; fileRef = 23B175C91ABC9F8000022DCB /* +UIScrollView.swift */; };
		23B8A4361AA6637B00B057EC /* +CLLocationDistance.swift in Sources */ = {isa = PBXBuildFile; fileRef = 23B8A4351AA6637B00B057EC /* +CLLocationDistance.swift */; };
		23BB24611AA7E060003422C7 /* Accessors+Functions.swift in Sources */ = {isa = PBXBuildFile; fileRef = 23BB24601AA7E060003422C7 /* Accessors+Functions.swift */; };
		23BB48401A93C3100006B216 /* +NSURL.swift in Sources */ = {isa = PBXBuildFile; fileRef = 23BB483F1A93C3100006B216 /* +NSURL.swift */; };
		23BB48421A93C3310006B216 /* +NSFileManager.swift in Sources */ = {isa = PBXBuildFile; fileRef = 23BB48411A93C3310006B216 /* +NSFileManager.swift */; };
		23BB48441A93C3630006B216 /* +String.swift in Sources */ = {isa = PBXBuildFile; fileRef = 23BB48431A93C3630006B216 /* +String.swift */; };
		23BB48481A93C3F70006B216 /* +NSBundle.swift in Sources */ = {isa = PBXBuildFile; fileRef = 23BB48471A93C3F70006B216 /* +NSBundle.swift */; };
		23BB484C1A93C6ED0006B216 /* +Set.swift in Sources */ = {isa = PBXBuildFile; fileRef = 23BB484B1A93C6ED0006B216 /* +Set.swift */; };
		23BB485E1A93CC800006B216 /* +NSOperationQueue.swift in Sources */ = {isa = PBXBuildFile; fileRef = 23BB485D1A93CC800006B216 /* +NSOperationQueue.swift */; };
		23BB48601A93CDE90006B216 /* +Array.swift in Sources */ = {isa = PBXBuildFile; fileRef = 23BB485F1A93CDE90006B216 /* +Array.swift */; };
		23C025861A97A6F9001D993C /* +CGRect.swift in Sources */ = {isa = PBXBuildFile; fileRef = 23C025851A97A6F9001D993C /* +CGRect.swift */; };
		23CB5D0E1A95115300317341 /* +UIDevice.swift in Sources */ = {isa = PBXBuildFile; fileRef = 23CB5D0D1A95115300317341 /* +UIDevice.swift */; };
		23D252221A97A29900132B8E /* +UICollectionViewLayout.swift in Sources */ = {isa = PBXBuildFile; fileRef = 23D252211A97A29900132B8E /* +UICollectionViewLayout.swift */; };
		23D252241A97A55900132B8E /* +UICollectionViewFlowLayout.swift in Sources */ = {isa = PBXBuildFile; fileRef = 23D252231A97A55900132B8E /* +UICollectionViewFlowLayout.swift */; };
		23D2C2411A97E83E00C83C63 /* +NSNotificationCenter.swift in Sources */ = {isa = PBXBuildFile; fileRef = 23D2C2401A97E83E00C83C63 /* +NSNotificationCenter.swift */; };
		23D2C2481A97F12900C83C63 /* +NSObject.swift in Sources */ = {isa = PBXBuildFile; fileRef = 23D2C2471A97F12900C83C63 /* +NSObject.swift */; };
		23D2C24A1A97F89B00C83C63 /* +CLLocationCoordinate2D.swift in Sources */ = {isa = PBXBuildFile; fileRef = 23D2C2491A97F89B00C83C63 /* +CLLocationCoordinate2D.swift */; };
		23DA5F161A941F3200C9AD6B /* NetworkKit+NSURLSession.swift in Sources */ = {isa = PBXBuildFile; fileRef = 23DA5F151A941F3200C9AD6B /* NetworkKit+NSURLSession.swift */; };
		23DA5F1A1A94201100C9AD6B /* NetworkKit+NSURLSessionTask.swift in Sources */ = {isa = PBXBuildFile; fileRef = 23DA5F191A94201100C9AD6B /* NetworkKit+NSURLSessionTask.swift */; };
		23DCB5E61ABA1A6E007A2C84 /* +NSBatchUpdateRequest.swift in Sources */ = {isa = PBXBuildFile; fileRef = 23DCB5E51ABA1A6E007A2C84 /* +NSBatchUpdateRequest.swift */; };
		23DCB5E91ABA1D24007A2C84 /* +NSExpression.swift in Sources */ = {isa = PBXBuildFile; fileRef = 23DCB5E81ABA1D24007A2C84 /* +NSExpression.swift */; };
		23DCB5EB1ABA3781007A2C84 /* +NSManagedObjectContext.swift in Sources */ = {isa = PBXBuildFile; fileRef = 23DCB5EA1ABA3781007A2C84 /* +NSManagedObjectContext.swift */; };
		23DCB5ED1ABA3CCA007A2C84 /* +NSBatchUpdateResult.swift in Sources */ = {isa = PBXBuildFile; fileRef = 23DCB5EC1ABA3CCA007A2C84 /* +NSBatchUpdateResult.swift */; };
		23DCB5EF1ABA52C2007A2C84 /* +UIButton.swift in Sources */ = {isa = PBXBuildFile; fileRef = 23DCB5EE1ABA52C2007A2C84 /* +UIButton.swift */; };
		23E116961A9FD1470098522B /* +UIGestureRecognizer.swift in Sources */ = {isa = PBXBuildFile; fileRef = 23E116951A9FD1470098522B /* +UIGestureRecognizer.swift */; };
		23E970A51A941E0700C1F3AB /* CollectionFetchedResults.swift in Sources */ = {isa = PBXBuildFile; fileRef = 23E970A41A941E0700C1F3AB /* CollectionFetchedResults.swift */; };
		23EC45BB1AB793E6004916C2 /* DataStore+DirectoryMonitorDelegate.swift in Sources */ = {isa = PBXBuildFile; fileRef = 23EC45BA1AB793E6004916C2 /* DataStore+DirectoryMonitorDelegate.swift */; };
		23EE4E311A9BFB6600D17AD2 /* DataStore.swift in Sources */ = {isa = PBXBuildFile; fileRef = 23EE4E301A9BFB6600D17AD2 /* DataStore.swift */; };
		23F143541AAB7BAE000BB93B /* +NSExtensionContext.swift in Sources */ = {isa = PBXBuildFile; fileRef = 23F143531AAB7BAE000BB93B /* +NSExtensionContext.swift */; };
		23F47D181AC5CEB100E5AF09 /* +Int16.swift in Sources */ = {isa = PBXBuildFile; fileRef = 23F47D171AC5CEB100E5AF09 /* +Int16.swift */; };
		23F47D1E1AC5D58200E5AF09 /* VibrantBackgroundImageView.swift in Sources */ = {isa = PBXBuildFile; fileRef = 23F47D1D1AC5D58200E5AF09 /* VibrantBackgroundImageView.swift */; };
		23FB59141A8FAB7A0035E0F1 /* +UIView.swift in Sources */ = {isa = PBXBuildFile; fileRef = 23FB59131A8FAB7A0035E0F1 /* +UIView.swift */; };
		23FBE92A1AB67954005673DE /* +NSFileCoordinator.swift in Sources */ = {isa = PBXBuildFile; fileRef = 23FBE9291AB67954005673DE /* +NSFileCoordinator.swift */; };
		23FC9DC71ACDCE8700430E43 /* +NSHashTable.swift in Sources */ = {isa = PBXBuildFile; fileRef = 23FC9DC61ACDCE8700430E43 /* +NSHashTable.swift */; };
		23FD99161A9527EB00341B4F /* +CLGeocoder.swift in Sources */ = {isa = PBXBuildFile; fileRef = 23FD99151A9527EB00341B4F /* +CLGeocoder.swift */; };
		23FD99221A95514600341B4F /* +Float.swift in Sources */ = {isa = PBXBuildFile; fileRef = 23FD99211A95514600341B4F /* +Float.swift */; };
/* End PBXBuildFile section */

/* Begin PBXContainerItemProxy section */
		232409AD1A8EDE920061342F /* PBXContainerItemProxy */ = {
			isa = PBXContainerItemProxy;
			containerPortal = 232409971A8EDE920061342F /* Project object */;
			proxyType = 1;
			remoteGlobalIDString = 2324099F1A8EDE920061342F;
			remoteInfo = SwiftKit;
		};
/* End PBXContainerItemProxy section */

/* Begin PBXFileReference section */
		230B4CF71AA4E803000A8C59 /* +NSFetchRequest.swift */ = {isa = PBXFileReference; fileEncoding = 4; lastKnownFileType = sourcecode.swift; path = "+NSFetchRequest.swift"; sourceTree = "<group>"; };
		230B4CF91AA4E81D000A8C59 /* +NSManagedObject.swift */ = {isa = PBXFileReference; fileEncoding = 4; lastKnownFileType = sourcecode.swift; path = "+NSManagedObject.swift"; sourceTree = "<group>"; };
		230B4CFB1AA4F067000A8C59 /* +NSPredicate.swift */ = {isa = PBXFileReference; fileEncoding = 4; lastKnownFileType = sourcecode.swift; path = "+NSPredicate.swift"; sourceTree = "<group>"; };
		230F7DC01AA9147400484CD5 /* DispatchSemaphore.swift */ = {isa = PBXFileReference; fileEncoding = 4; lastKnownFileType = sourcecode.swift; path = DispatchSemaphore.swift; sourceTree = "<group>"; };
		232409A01A8EDE920061342F /* SwiftKit.framework */ = {isa = PBXFileReference; explicitFileType = wrapper.framework; includeInIndex = 0; path = SwiftKit.framework; sourceTree = BUILT_PRODUCTS_DIR; };
		232409A41A8EDE920061342F /* Info.plist */ = {isa = PBXFileReference; lastKnownFileType = text.plist.xml; path = Info.plist; sourceTree = "<group>"; };
		232409AB1A8EDE920061342F /* SwiftKitTests.xctest */ = {isa = PBXFileReference; explicitFileType = wrapper.cfbundle; includeInIndex = 0; path = SwiftKitTests.xctest; sourceTree = BUILT_PRODUCTS_DIR; };
		232409B11A8EDE920061342F /* Info.plist */ = {isa = PBXFileReference; lastKnownFileType = text.plist.xml; path = Info.plist; sourceTree = "<group>"; };
		232409B21A8EDE920061342F /* SwiftKitTests.swift */ = {isa = PBXFileReference; lastKnownFileType = sourcecode.swift; path = SwiftKitTests.swift; sourceTree = "<group>"; };
		232D726C1AC4ECAD00C5FF7D /* Direction.swift */ = {isa = PBXFileReference; fileEncoding = 4; lastKnownFileType = sourcecode.swift; path = Direction.swift; sourceTree = "<group>"; };
		232E91541ABCBE7000F772F2 /* AppContext.swift */ = {isa = PBXFileReference; fileEncoding = 4; lastKnownFileType = sourcecode.swift; path = AppContext.swift; sourceTree = "<group>"; };
		232E91561ABCCCEB00F772F2 /* +NSPersistentStoreCoordinator.swift */ = {isa = PBXFileReference; fileEncoding = 4; lastKnownFileType = sourcecode.swift; path = "+NSPersistentStoreCoordinator.swift"; sourceTree = "<group>"; };
		2334FBDA1AAF6F260005B72E /* +NSManagedObjectModel.swift */ = {isa = PBXFileReference; fileEncoding = 4; lastKnownFileType = sourcecode.swift; path = "+NSManagedObjectModel.swift"; sourceTree = "<group>"; };
		2346F43D1AA0F87800F92EB5 /* +CLLocationManager.swift */ = {isa = PBXFileReference; fileEncoding = 4; lastKnownFileType = sourcecode.swift; path = "+CLLocationManager.swift"; sourceTree = "<group>"; };
		2346F4461AA12CEF00F92EB5 /* +NSRange.swift */ = {isa = PBXFileReference; fileEncoding = 4; lastKnownFileType = sourcecode.swift; path = "+NSRange.swift"; sourceTree = "<group>"; };
		2346F4481AA12F4F00F92EB5 /* +CLLocation.swift */ = {isa = PBXFileReference; fileEncoding = 4; lastKnownFileType = sourcecode.swift; path = "+CLLocation.swift"; sourceTree = "<group>"; };
		234D17651AC0B422008144F3 /* +UICollectionViewLayoutAttributes.swift */ = {isa = PBXFileReference; fileEncoding = 4; lastKnownFileType = sourcecode.swift; path = "+UICollectionViewLayoutAttributes.swift"; sourceTree = "<group>"; };
		235871DC1AB774770079E9E3 /* DirectoryMonitor.swift */ = {isa = PBXFileReference; fileEncoding = 4; lastKnownFileType = sourcecode.swift; path = DirectoryMonitor.swift; sourceTree = "<group>"; };
		235871E11AB776DC0079E9E3 /* DispatchOpenFlag.swift */ = {isa = PBXFileReference; fileEncoding = 4; lastKnownFileType = sourcecode.swift; path = DispatchOpenFlag.swift; sourceTree = "<group>"; };
		235871E31AB779740079E9E3 /* DispatchSourceType.swift */ = {isa = PBXFileReference; fileEncoding = 4; lastKnownFileType = sourcecode.swift; path = DispatchSourceType.swift; sourceTree = "<group>"; };
		235871E51AB77AFB0079E9E3 /* DispatchSourceMask.swift */ = {isa = PBXFileReference; fileEncoding = 4; lastKnownFileType = sourcecode.swift; path = DispatchSourceMask.swift; sourceTree = "<group>"; };
		235871E81AB782F00079E9E3 /* DirectoryMonitorDelegate.swift */ = {isa = PBXFileReference; fileEncoding = 4; lastKnownFileType = sourcecode.swift; path = DirectoryMonitorDelegate.swift; sourceTree = "<group>"; };
		235BF1A41A93F07C00F47745 /* +UICollectionView.swift */ = {isa = PBXFileReference; fileEncoding = 4; lastKnownFileType = sourcecode.swift; path = "+UICollectionView.swift"; sourceTree = "<group>"; };
		235BF1AE1A93F7E400F47745 /* +NSFetchedResultsController.swift */ = {isa = PBXFileReference; fileEncoding = 4; lastKnownFileType = sourcecode.swift; path = "+NSFetchedResultsController.swift"; sourceTree = "<group>"; };
		235BF1BD1A93FB0D00F47745 /* TemplateImageView.swift */ = {isa = PBXFileReference; fileEncoding = 4; lastKnownFileType = sourcecode.swift; path = TemplateImageView.swift; sourceTree = "<group>"; };
		235BF1BF1A94150E00F47745 /* +UIViewController.swift */ = {isa = PBXFileReference; fileEncoding = 4; lastKnownFileType = sourcecode.swift; path = "+UIViewController.swift"; sourceTree = "<group>"; };
		236259761A9E391D00BAC41C /* +NSUserDefaults.swift */ = {isa = PBXFileReference; fileEncoding = 4; lastKnownFileType = sourcecode.swift; path = "+NSUserDefaults.swift"; sourceTree = "<group>"; };
		2363C6191A9FA155006B2D4F /* +UINavigationController.swift */ = {isa = PBXFileReference; fileEncoding = 4; lastKnownFileType = sourcecode.swift; path = "+UINavigationController.swift"; sourceTree = "<group>"; };
		2366B2941AB8FE2400E41BB1 /* +UIPanGestureRecognizer.swift */ = {isa = PBXFileReference; fileEncoding = 4; lastKnownFileType = sourcecode.swift; path = "+UIPanGestureRecognizer.swift"; sourceTree = "<group>"; };
		236A59061AA5524B00FA2B2B /* +CGFloat.swift */ = {isa = PBXFileReference; fileEncoding = 4; lastKnownFileType = sourcecode.swift; path = "+CGFloat.swift"; sourceTree = "<group>"; };
		236CFC2E1AAE888300C540FC /* NotificationObserver.swift */ = {isa = PBXFileReference; fileEncoding = 4; lastKnownFileType = sourcecode.swift; path = NotificationObserver.swift; sourceTree = "<group>"; };
		236F5FBE1A9D3E7800A10078 /* +UIApplication.swift */ = {isa = PBXFileReference; fileEncoding = 4; lastKnownFileType = sourcecode.swift; path = "+UIApplication.swift"; sourceTree = "<group>"; };
		2371579E1AB90959006EF754 /* TransitionStyle.swift */ = {isa = PBXFileReference; fileEncoding = 4; lastKnownFileType = sourcecode.swift; path = TransitionStyle.swift; sourceTree = "<group>"; };
		237422D51AA784B300430709 /* +NSURLSessionTask.swift */ = {isa = PBXFileReference; fileEncoding = 4; lastKnownFileType = sourcecode.swift; path = "+NSURLSessionTask.swift"; sourceTree = "<group>"; };
		2375C6A71AC9C4FC00EE71F1 /* +NSCharacterSet.swift */ = {isa = PBXFileReference; fileEncoding = 4; lastKnownFileType = sourcecode.swift; path = "+NSCharacterSet.swift"; sourceTree = "<group>"; };
		2375C6A91AC9C73F00EE71F1 /* +UTF16View.swift */ = {isa = PBXFileReference; fileEncoding = 4; lastKnownFileType = sourcecode.swift; path = "+UTF16View.swift"; sourceTree = "<group>"; };
		237796621A8F9CE500EBDA1A /* +UIStoryboard.swift */ = {isa = PBXFileReference; fileEncoding = 4; lastKnownFileType = sourcecode.swift; path = "+UIStoryboard.swift"; sourceTree = "<group>"; };
		23870D911A9E86AC001FF09B /* References+Functions.swift */ = {isa = PBXFileReference; fileEncoding = 4; lastKnownFileType = sourcecode.swift; path = "References+Functions.swift"; sourceTree = "<group>"; };
		23870D961A9E94BF001FF09B /* +Double.swift */ = {isa = PBXFileReference; fileEncoding = 4; lastKnownFileType = sourcecode.swift; path = "+Double.swift"; sourceTree = "<group>"; };
		23870D981A9EAB2D001FF09B /* +UICollectionReusableView.swift */ = {isa = PBXFileReference; fileEncoding = 4; lastKnownFileType = sourcecode.swift; path = "+UICollectionReusableView.swift"; sourceTree = "<group>"; };
		238C94381ABF5D08000A7B25 /* NSIndexPath+Operators.swift */ = {isa = PBXFileReference; fileEncoding = 4; lastKnownFileType = sourcecode.swift; path = "NSIndexPath+Operators.swift"; sourceTree = "<group>"; };
		238C943A1ABF5D1F000A7B25 /* CGPoint+Operators.swift */ = {isa = PBXFileReference; fileEncoding = 4; lastKnownFileType = sourcecode.swift; path = "CGPoint+Operators.swift"; sourceTree = "<group>"; };
		238C943C1ABF5D3F000A7B25 /* Dictionary+Operators.swift */ = {isa = PBXFileReference; fileEncoding = 4; lastKnownFileType = sourcecode.swift; path = "Dictionary+Operators.swift"; sourceTree = "<group>"; };
		238C943E1ABF5D54000A7B25 /* Array+Operators.swift */ = {isa = PBXFileReference; fileEncoding = 4; lastKnownFileType = sourcecode.swift; path = "Array+Operators.swift"; sourceTree = "<group>"; };
		238DFD441AC496E000FCE1E8 /* +NSJSONSerialization.swift */ = {isa = PBXFileReference; fileEncoding = 4; lastKnownFileType = sourcecode.swift; path = "+NSJSONSerialization.swift"; sourceTree = "<group>"; };
		23934E741A9CFA280055D3EA /* +UIScreen.swift */ = {isa = PBXFileReference; fileEncoding = 4; lastKnownFileType = sourcecode.swift; path = "+UIScreen.swift"; sourceTree = "<group>"; };
		2398DD511AA8F7B000E0B0B2 /* DataKit+NSManagedObject.swift */ = {isa = PBXFileReference; fileEncoding = 4; lastKnownFileType = sourcecode.swift; path = "DataKit+NSManagedObject.swift"; sourceTree = "<group>"; };
		2398DD531AA8F81000E0B0B2 /* DataKit+NSObject.swift */ = {isa = PBXFileReference; fileEncoding = 4; lastKnownFileType = sourcecode.swift; path = "DataKit+NSObject.swift"; sourceTree = "<group>"; };
		239E18FB1AA52CED0005C338 /* +NSLocale.swift */ = {isa = PBXFileReference; fileEncoding = 4; lastKnownFileType = sourcecode.swift; path = "+NSLocale.swift"; sourceTree = "<group>"; };
		239E18FD1AA53DB70005C338 /* +NSDate.swift */ = {isa = PBXFileReference; fileEncoding = 4; lastKnownFileType = sourcecode.swift; path = "+NSDate.swift"; sourceTree = "<group>"; };
		239E18FF1AA53DFD0005C338 /* +NSDateComponents.swift */ = {isa = PBXFileReference; fileEncoding = 4; lastKnownFileType = sourcecode.swift; path = "+NSDateComponents.swift"; sourceTree = "<group>"; };
		239E19011AA53E090005C338 /* +NSCalendar.swift */ = {isa = PBXFileReference; fileEncoding = 4; lastKnownFileType = sourcecode.swift; path = "+NSCalendar.swift"; sourceTree = "<group>"; };
		239E19031AA53E140005C338 /* +NSCalendarUnit.swift */ = {isa = PBXFileReference; fileEncoding = 4; lastKnownFileType = sourcecode.swift; path = "+NSCalendarUnit.swift"; sourceTree = "<group>"; };
		239E19051AA53E950005C338 /* +NSDateFormatter.swift */ = {isa = PBXFileReference; fileEncoding = 4; lastKnownFileType = sourcecode.swift; path = "+NSDateFormatter.swift"; sourceTree = "<group>"; };
		239E19071AA53F250005C338 /* +NSTimeInterval.swift */ = {isa = PBXFileReference; fileEncoding = 4; lastKnownFileType = sourcecode.swift; path = "+NSTimeInterval.swift"; sourceTree = "<group>"; };
		23A3968D1A942353006BAB41 /* NetworkSession.swift */ = {isa = PBXFileReference; fileEncoding = 4; lastKnownFileType = sourcecode.swift; path = NetworkSession.swift; sourceTree = "<group>"; };
		23A3968E1A942353006BAB41 /* NetworkSessionDelegate+NSURLSessionDelegate.swift */ = {isa = PBXFileReference; fileEncoding = 4; lastKnownFileType = sourcecode.swift; path = "NetworkSessionDelegate+NSURLSessionDelegate.swift"; sourceTree = "<group>"; };
		23A3968F1A942353006BAB41 /* NetworkSessionDelegate+NSURLSessionTaskDelegate.swift */ = {isa = PBXFileReference; fileEncoding = 4; lastKnownFileType = sourcecode.swift; path = "NetworkSessionDelegate+NSURLSessionTaskDelegate.swift"; sourceTree = "<group>"; };
		23A396901A942353006BAB41 /* NetworkSessionDelegate.swift */ = {isa = PBXFileReference; fileEncoding = 4; lastKnownFileType = sourcecode.swift; path = NetworkSessionDelegate.swift; sourceTree = "<group>"; };
		23A396971A942368006BAB41 /* NetworkActivity.swift */ = {isa = PBXFileReference; fileEncoding = 4; lastKnownFileType = sourcecode.swift; path = NetworkActivity.swift; sourceTree = "<group>"; };
		23A3969B1A9423A6006BAB41 /* NetworkKit+NSURLSessionConfiguration.swift */ = {isa = PBXFileReference; fileEncoding = 4; lastKnownFileType = sourcecode.swift; path = "NetworkKit+NSURLSessionConfiguration.swift"; sourceTree = "<group>"; };
		23A3969D1A942401006BAB41 /* NetworkSessionDelegate+NSURLSessionDataDelegate.swift */ = {isa = PBXFileReference; fileEncoding = 4; lastKnownFileType = sourcecode.swift; path = "NetworkSessionDelegate+NSURLSessionDataDelegate.swift"; sourceTree = "<group>"; };
		23A3969F1A942413006BAB41 /* NetworkSessionDelegate+NSURLSessionDownloadDelegate.swift */ = {isa = PBXFileReference; fileEncoding = 4; lastKnownFileType = sourcecode.swift; path = "NetworkSessionDelegate+NSURLSessionDownloadDelegate.swift"; sourceTree = "<group>"; };
		23A396A11A942460006BAB41 /* NetworkRequest.swift */ = {isa = PBXFileReference; fileEncoding = 4; lastKnownFileType = sourcecode.swift; path = NetworkRequest.swift; sourceTree = "<group>"; };
		23A396A31A942473006BAB41 /* NetworkRequestDelegate.swift */ = {isa = PBXFileReference; fileEncoding = 4; lastKnownFileType = sourcecode.swift; path = NetworkRequestDelegate.swift; sourceTree = "<group>"; };
		23A396A51A942715006BAB41 /* NetworkRequestDelegateDataTask.swift */ = {isa = PBXFileReference; fileEncoding = 4; lastKnownFileType = sourcecode.swift; path = NetworkRequestDelegateDataTask.swift; sourceTree = "<group>"; };
		23A396A71A94273E006BAB41 /* NetworkKit+TypeDefs.swift */ = {isa = PBXFileReference; fileEncoding = 4; lastKnownFileType = sourcecode.swift; path = "NetworkKit+TypeDefs.swift"; sourceTree = "<group>"; };
		23A396A91A942783006BAB41 /* +Int.swift */ = {isa = PBXFileReference; fileEncoding = 4; lastKnownFileType = sourcecode.swift; path = "+Int.swift"; sourceTree = "<group>"; };
		23A396AB1A942809006BAB41 /* NetworkRequestDelegateDownloadTask.swift */ = {isa = PBXFileReference; fileEncoding = 4; lastKnownFileType = sourcecode.swift; path = NetworkRequestDelegateDownloadTask.swift; sourceTree = "<group>"; };
		23A396AD1A942822006BAB41 /* NetworkRequestDelegateUploadTask.swift */ = {isa = PBXFileReference; fileEncoding = 4; lastKnownFileType = sourcecode.swift; path = NetworkRequestDelegateUploadTask.swift; sourceTree = "<group>"; };
		23A396B41A942BFF006BAB41 /* NetworkRequest+ResponseData.swift */ = {isa = PBXFileReference; fileEncoding = 4; lastKnownFileType = sourcecode.swift; path = "NetworkRequest+ResponseData.swift"; sourceTree = "<group>"; };
		23A396B61A942C41006BAB41 /* NetworkRequest+ResponseJSON.swift */ = {isa = PBXFileReference; fileEncoding = 4; lastKnownFileType = sourcecode.swift; path = "NetworkRequest+ResponseJSON.swift"; sourceTree = "<group>"; };
		23A396B81A942C85006BAB41 /* NetworkRequest+ResponseString.swift */ = {isa = PBXFileReference; fileEncoding = 4; lastKnownFileType = sourcecode.swift; path = "NetworkRequest+ResponseString.swift"; sourceTree = "<group>"; };
		23A396BA1A942CD0006BAB41 /* NetworkMethod.swift */ = {isa = PBXFileReference; fileEncoding = 4; lastKnownFileType = sourcecode.swift; path = NetworkMethod.swift; sourceTree = "<group>"; };
		23A396BC1A942D55006BAB41 /* NetworkKit+NSMutableURLRequest.swift */ = {isa = PBXFileReference; fileEncoding = 4; lastKnownFileType = sourcecode.swift; path = "NetworkKit+NSMutableURLRequest.swift"; sourceTree = "<group>"; };
		23A4B7E11ABF7AF500F09F20 /* +NSNotification.swift */ = {isa = PBXFileReference; fileEncoding = 4; lastKnownFileType = sourcecode.swift; path = "+NSNotification.swift"; sourceTree = "<group>"; };
		23B138661AC331C7006F2840 /* +Int64.swift */ = {isa = PBXFileReference; fileEncoding = 4; lastKnownFileType = sourcecode.swift; path = "+Int64.swift"; sourceTree = "<group>"; };
		23B1386B1AC33969006F2840 /* BaseOperation.swift */ = {isa = PBXFileReference; fileEncoding = 4; lastKnownFileType = sourcecode.swift; path = BaseOperation.swift; sourceTree = "<group>"; };
		23B1386D1AC339D6006F2840 /* BatchOperation.swift */ = {isa = PBXFileReference; fileEncoding = 4; lastKnownFileType = sourcecode.swift; path = BatchOperation.swift; sourceTree = "<group>"; };
		23B175C51ABC941300022DCB /* ScrollDirection.swift */ = {isa = PBXFileReference; fileEncoding = 4; lastKnownFileType = sourcecode.swift; path = ScrollDirection.swift; sourceTree = "<group>"; };
		23B175C71ABC956200022DCB /* +CADisplayLink.swift */ = {isa = PBXFileReference; fileEncoding = 4; lastKnownFileType = sourcecode.swift; path = "+CADisplayLink.swift"; sourceTree = "<group>"; };
		23B175C91ABC9F8000022DCB /* +UIScrollView.swift */ = {isa = PBXFileReference; fileEncoding = 4; lastKnownFileType = sourcecode.swift; path = "+UIScrollView.swift"; sourceTree = "<group>"; };
		23B8A4351AA6637B00B057EC /* +CLLocationDistance.swift */ = {isa = PBXFileReference; fileEncoding = 4; lastKnownFileType = sourcecode.swift; path = "+CLLocationDistance.swift"; sourceTree = "<group>"; };
		23BB24601AA7E060003422C7 /* Accessors+Functions.swift */ = {isa = PBXFileReference; fileEncoding = 4; lastKnownFileType = sourcecode.swift; path = "Accessors+Functions.swift"; sourceTree = "<group>"; };
		23BB483F1A93C3100006B216 /* +NSURL.swift */ = {isa = PBXFileReference; fileEncoding = 4; lastKnownFileType = sourcecode.swift; path = "+NSURL.swift"; sourceTree = "<group>"; };
		23BB48411A93C3310006B216 /* +NSFileManager.swift */ = {isa = PBXFileReference; fileEncoding = 4; lastKnownFileType = sourcecode.swift; path = "+NSFileManager.swift"; sourceTree = "<group>"; };
		23BB48431A93C3630006B216 /* +String.swift */ = {isa = PBXFileReference; fileEncoding = 4; lastKnownFileType = sourcecode.swift; path = "+String.swift"; sourceTree = "<group>"; };
		23BB48471A93C3F70006B216 /* +NSBundle.swift */ = {isa = PBXFileReference; fileEncoding = 4; lastKnownFileType = sourcecode.swift; path = "+NSBundle.swift"; sourceTree = "<group>"; };
		23BB484B1A93C6ED0006B216 /* +Set.swift */ = {isa = PBXFileReference; fileEncoding = 4; lastKnownFileType = sourcecode.swift; path = "+Set.swift"; sourceTree = "<group>"; };
		23BB485D1A93CC800006B216 /* +NSOperationQueue.swift */ = {isa = PBXFileReference; fileEncoding = 4; lastKnownFileType = sourcecode.swift; path = "+NSOperationQueue.swift"; sourceTree = "<group>"; };
		23BB485F1A93CDE90006B216 /* +Array.swift */ = {isa = PBXFileReference; fileEncoding = 4; lastKnownFileType = sourcecode.swift; path = "+Array.swift"; sourceTree = "<group>"; };
		23C025851A97A6F9001D993C /* +CGRect.swift */ = {isa = PBXFileReference; fileEncoding = 4; lastKnownFileType = sourcecode.swift; path = "+CGRect.swift"; sourceTree = "<group>"; };
		23CB5D0D1A95115300317341 /* +UIDevice.swift */ = {isa = PBXFileReference; fileEncoding = 4; lastKnownFileType = sourcecode.swift; path = "+UIDevice.swift"; sourceTree = "<group>"; };
		23D252211A97A29900132B8E /* +UICollectionViewLayout.swift */ = {isa = PBXFileReference; fileEncoding = 4; lastKnownFileType = sourcecode.swift; path = "+UICollectionViewLayout.swift"; sourceTree = "<group>"; };
		23D252231A97A55900132B8E /* +UICollectionViewFlowLayout.swift */ = {isa = PBXFileReference; fileEncoding = 4; lastKnownFileType = sourcecode.swift; path = "+UICollectionViewFlowLayout.swift"; sourceTree = "<group>"; };
		23D2C2401A97E83E00C83C63 /* +NSNotificationCenter.swift */ = {isa = PBXFileReference; fileEncoding = 4; lastKnownFileType = sourcecode.swift; path = "+NSNotificationCenter.swift"; sourceTree = "<group>"; };
		23D2C2471A97F12900C83C63 /* +NSObject.swift */ = {isa = PBXFileReference; fileEncoding = 4; lastKnownFileType = sourcecode.swift; path = "+NSObject.swift"; sourceTree = "<group>"; };
		23D2C2491A97F89B00C83C63 /* +CLLocationCoordinate2D.swift */ = {isa = PBXFileReference; fileEncoding = 4; lastKnownFileType = sourcecode.swift; path = "+CLLocationCoordinate2D.swift"; sourceTree = "<group>"; };
		23DA5F151A941F3200C9AD6B /* NetworkKit+NSURLSession.swift */ = {isa = PBXFileReference; fileEncoding = 4; lastKnownFileType = sourcecode.swift; path = "NetworkKit+NSURLSession.swift"; sourceTree = "<group>"; };
		23DA5F191A94201100C9AD6B /* NetworkKit+NSURLSessionTask.swift */ = {isa = PBXFileReference; fileEncoding = 4; lastKnownFileType = sourcecode.swift; path = "NetworkKit+NSURLSessionTask.swift"; sourceTree = "<group>"; };
		23DCB5E51ABA1A6E007A2C84 /* +NSBatchUpdateRequest.swift */ = {isa = PBXFileReference; fileEncoding = 4; lastKnownFileType = sourcecode.swift; path = "+NSBatchUpdateRequest.swift"; sourceTree = "<group>"; };
		23DCB5E81ABA1D24007A2C84 /* +NSExpression.swift */ = {isa = PBXFileReference; fileEncoding = 4; lastKnownFileType = sourcecode.swift; path = "+NSExpression.swift"; sourceTree = "<group>"; };
		23DCB5EA1ABA3781007A2C84 /* +NSManagedObjectContext.swift */ = {isa = PBXFileReference; fileEncoding = 4; lastKnownFileType = sourcecode.swift; path = "+NSManagedObjectContext.swift"; sourceTree = "<group>"; };
		23DCB5EC1ABA3CCA007A2C84 /* +NSBatchUpdateResult.swift */ = {isa = PBXFileReference; fileEncoding = 4; lastKnownFileType = sourcecode.swift; path = "+NSBatchUpdateResult.swift"; sourceTree = "<group>"; };
		23DCB5EE1ABA52C2007A2C84 /* +UIButton.swift */ = {isa = PBXFileReference; fileEncoding = 4; lastKnownFileType = sourcecode.swift; path = "+UIButton.swift"; sourceTree = "<group>"; };
		23E116951A9FD1470098522B /* +UIGestureRecognizer.swift */ = {isa = PBXFileReference; fileEncoding = 4; lastKnownFileType = sourcecode.swift; path = "+UIGestureRecognizer.swift"; sourceTree = "<group>"; };
		23E970A41A941E0700C1F3AB /* CollectionFetchedResults.swift */ = {isa = PBXFileReference; fileEncoding = 4; lastKnownFileType = sourcecode.swift; path = CollectionFetchedResults.swift; sourceTree = "<group>"; };
		23EC45BA1AB793E6004916C2 /* DataStore+DirectoryMonitorDelegate.swift */ = {isa = PBXFileReference; fileEncoding = 4; lastKnownFileType = sourcecode.swift; path = "DataStore+DirectoryMonitorDelegate.swift"; sourceTree = "<group>"; };
		23EE4E301A9BFB6600D17AD2 /* DataStore.swift */ = {isa = PBXFileReference; fileEncoding = 4; lastKnownFileType = sourcecode.swift; path = DataStore.swift; sourceTree = "<group>"; };
		23F143531AAB7BAE000BB93B /* +NSExtensionContext.swift */ = {isa = PBXFileReference; fileEncoding = 4; lastKnownFileType = sourcecode.swift; path = "+NSExtensionContext.swift"; sourceTree = "<group>"; };
		23F47D171AC5CEB100E5AF09 /* +Int16.swift */ = {isa = PBXFileReference; fileEncoding = 4; lastKnownFileType = sourcecode.swift; path = "+Int16.swift"; sourceTree = "<group>"; };
		23F47D1D1AC5D58200E5AF09 /* VibrantBackgroundImageView.swift */ = {isa = PBXFileReference; fileEncoding = 4; lastKnownFileType = sourcecode.swift; path = VibrantBackgroundImageView.swift; sourceTree = "<group>"; };
		23FB59131A8FAB7A0035E0F1 /* +UIView.swift */ = {isa = PBXFileReference; fileEncoding = 4; lastKnownFileType = sourcecode.swift; path = "+UIView.swift"; sourceTree = "<group>"; };
		23FBE9291AB67954005673DE /* +NSFileCoordinator.swift */ = {isa = PBXFileReference; fileEncoding = 4; lastKnownFileType = sourcecode.swift; path = "+NSFileCoordinator.swift"; sourceTree = "<group>"; };
		23FC9DC61ACDCE8700430E43 /* +NSHashTable.swift */ = {isa = PBXFileReference; fileEncoding = 4; lastKnownFileType = sourcecode.swift; path = "+NSHashTable.swift"; sourceTree = "<group>"; };
		23FD99151A9527EB00341B4F /* +CLGeocoder.swift */ = {isa = PBXFileReference; fileEncoding = 4; lastKnownFileType = sourcecode.swift; path = "+CLGeocoder.swift"; sourceTree = "<group>"; };
		23FD99211A95514600341B4F /* +Float.swift */ = {isa = PBXFileReference; fileEncoding = 4; lastKnownFileType = sourcecode.swift; path = "+Float.swift"; sourceTree = "<group>"; };
/* End PBXFileReference section */

/* Begin PBXFrameworksBuildPhase section */
		2324099C1A8EDE920061342F /* Frameworks */ = {
			isa = PBXFrameworksBuildPhase;
			buildActionMask = 2147483647;
			files = (
			);
			runOnlyForDeploymentPostprocessing = 0;
		};
		232409A81A8EDE920061342F /* Frameworks */ = {
			isa = PBXFrameworksBuildPhase;
			buildActionMask = 2147483647;
			files = (
				232409AC1A8EDE920061342F /* SwiftKit.framework in Frameworks */,
			);
			runOnlyForDeploymentPostprocessing = 0;
		};
/* End PBXFrameworksBuildPhase section */

/* Begin PBXGroup section */
		230B4D0B1AA506C7000A8C59 /* + Structs */ = {
			isa = PBXGroup;
			children = (
				230F7DC01AA9147400484CD5 /* DispatchSemaphore.swift */,
			);
			path = "+ Structs";
			sourceTree = "<group>";
		};
		232409961A8EDE920061342F = {
			isa = PBXGroup;
			children = (
				232409E01A8EDF300061342F /* Resources */,
				232409A21A8EDE920061342F /* SwiftKit */,
			);
			sourceTree = "<group>";
		};
		232409A11A8EDE920061342F /* Products */ = {
			isa = PBXGroup;
			children = (
				232409A01A8EDE920061342F /* SwiftKit.framework */,
				232409AB1A8EDE920061342F /* SwiftKitTests.xctest */,
			);
			name = Products;
			sourceTree = "<group>";
		};
		232409A21A8EDE920061342F /* SwiftKit */ = {
			isa = PBXGroup;
			children = (
				235BF1A11A93F00C00F47745 /* + Classes */,
				235871E01AB7768F0079E9E3 /* + Enums */,
				237796611A8F9CC800EBDA1A /* + Extensions */,
				23D2C2441A97EF8F00C83C63 /* + Functions */,
				235871E71AB782E70079E9E3 /* + Protocols */,
				230B4D0B1AA506C7000A8C59 /* + Structs */,
				23BB483B1A93C2BB0006B216 /* _ DataKit */,
				23E9709C1A941CCD00C1F3AB /* _ NetworkKit */,
				23B138681AC338C2006F2840 /* _ OperationKit */,
			);
			path = SwiftKit;
			sourceTree = "<group>";
		};
		232409A31A8EDE920061342F /* Supporting Files */ = {
			isa = PBXGroup;
			children = (
				232409A41A8EDE920061342F /* Info.plist */,
			);
			name = "Supporting Files";
			path = SwiftKit;
			sourceTree = "<group>";
		};
		232409AF1A8EDE920061342F /* SwiftKitTests */ = {
			isa = PBXGroup;
			children = (
				232409B21A8EDE920061342F /* SwiftKitTests.swift */,
				232409B01A8EDE920061342F /* Supporting Files */,
			);
			path = SwiftKitTests;
			sourceTree = "<group>";
		};
		232409B01A8EDE920061342F /* Supporting Files */ = {
			isa = PBXGroup;
			children = (
				232409B11A8EDE920061342F /* Info.plist */,
			);
			name = "Supporting Files";
			sourceTree = "<group>";
		};
		232409E01A8EDF300061342F /* Resources */ = {
			isa = PBXGroup;
			children = (
				232409A31A8EDE920061342F /* Supporting Files */,
				232409AF1A8EDE920061342F /* SwiftKitTests */,
				232409A11A8EDE920061342F /* Products */,
			);
			name = Resources;
			sourceTree = "<group>";
		};
		235871E01AB7768F0079E9E3 /* + Enums */ = {
			isa = PBXGroup;
			children = (
				232E91541ABCBE7000F772F2 /* AppContext.swift */,
				232D726C1AC4ECAD00C5FF7D /* Direction.swift */,
				235871E11AB776DC0079E9E3 /* DispatchOpenFlag.swift */,
				235871E51AB77AFB0079E9E3 /* DispatchSourceMask.swift */,
				235871E31AB779740079E9E3 /* DispatchSourceType.swift */,
				23B175C51ABC941300022DCB /* ScrollDirection.swift */,
				2371579E1AB90959006EF754 /* TransitionStyle.swift */,
			);
			path = "+ Enums";
			sourceTree = "<group>";
		};
		235871E71AB782E70079E9E3 /* + Protocols */ = {
			isa = PBXGroup;
			children = (
				235871E81AB782F00079E9E3 /* DirectoryMonitorDelegate.swift */,
			);
			path = "+ Protocols";
			sourceTree = "<group>";
		};
		235BF1A11A93F00C00F47745 /* + Classes */ = {
			isa = PBXGroup;
			children = (
				23E970A41A941E0700C1F3AB /* CollectionFetchedResults.swift */,
				235871DC1AB774770079E9E3 /* DirectoryMonitor.swift */,
				236CFC2E1AAE888300C540FC /* NotificationObserver.swift */,
				235BF1BD1A93FB0D00F47745 /* TemplateImageView.swift */,
				23F47D1D1AC5D58200E5AF09 /* VibrantBackgroundImageView.swift */,
			);
			path = "+ Classes";
			sourceTree = "<group>";
		};
		237796611A8F9CC800EBDA1A /* + Extensions */ = {
			isa = PBXGroup;
			children = (
				23BB485F1A93CDE90006B216 /* +Array.swift */,
				23B175C71ABC956200022DCB /* +CADisplayLink.swift */,
				23C025851A97A6F9001D993C /* +CGRect.swift */,
				23FD99151A9527EB00341B4F /* +CLGeocoder.swift */,
				2346F4481AA12F4F00F92EB5 /* +CLLocation.swift */,
				23D2C2491A97F89B00C83C63 /* +CLLocationCoordinate2D.swift */,
				23B8A4351AA6637B00B057EC /* +CLLocationDistance.swift */,
				2346F43D1AA0F87800F92EB5 /* +CLLocationManager.swift */,
				23870D961A9E94BF001FF09B /* +Double.swift */,
				23FD99211A95514600341B4F /* +Float.swift */,
				236A59061AA5524B00FA2B2B /* +CGFloat.swift */,
				23A396A91A942783006BAB41 /* +Int.swift */,
				23F47D171AC5CEB100E5AF09 /* +Int16.swift */,
				23B138661AC331C7006F2840 /* +Int64.swift */,
				23BB484B1A93C6ED0006B216 /* +Set.swift */,
				23BB48431A93C3630006B216 /* +String.swift */,
				23DCB5EC1ABA3CCA007A2C84 /* +NSBatchUpdateResult.swift */,
				23DCB5E51ABA1A6E007A2C84 /* +NSBatchUpdateRequest.swift */,
				23BB48471A93C3F70006B216 /* +NSBundle.swift */,
				239E19011AA53E090005C338 /* +NSCalendar.swift */,
				239E19031AA53E140005C338 /* +NSCalendarUnit.swift */,
				2375C6A71AC9C4FC00EE71F1 /* +NSCharacterSet.swift */,
				239E18FD1AA53DB70005C338 /* +NSDate.swift */,
				239E18FF1AA53DFD0005C338 /* +NSDateComponents.swift */,
				239E19051AA53E950005C338 /* +NSDateFormatter.swift */,
				23DCB5E81ABA1D24007A2C84 /* +NSExpression.swift */,
				23F143531AAB7BAE000BB93B /* +NSExtensionContext.swift */,
				230B4CF71AA4E803000A8C59 /* +NSFetchRequest.swift */,
				235BF1AE1A93F7E400F47745 /* +NSFetchedResultsController.swift */,
				23FBE9291AB67954005673DE /* +NSFileCoordinator.swift */,
				23BB48411A93C3310006B216 /* +NSFileManager.swift */,
				23FC9DC61ACDCE8700430E43 /* +NSHashTable.swift */,
				238DFD441AC496E000FCE1E8 /* +NSJSONSerialization.swift */,
				239E18FB1AA52CED0005C338 /* +NSLocale.swift */,
				230B4CF91AA4E81D000A8C59 /* +NSManagedObject.swift */,
				23DCB5EA1ABA3781007A2C84 /* +NSManagedObjectContext.swift */,
				2334FBDA1AAF6F260005B72E /* +NSManagedObjectModel.swift */,
				23A4B7E11ABF7AF500F09F20 /* +NSNotification.swift */,
				23D2C2401A97E83E00C83C63 /* +NSNotificationCenter.swift */,
				23D2C2471A97F12900C83C63 /* +NSObject.swift */,
				23BB485D1A93CC800006B216 /* +NSOperationQueue.swift */,
				232E91561ABCCCEB00F772F2 /* +NSPersistentStoreCoordinator.swift */,
				230B4CFB1AA4F067000A8C59 /* +NSPredicate.swift */,
				2346F4461AA12CEF00F92EB5 /* +NSRange.swift */,
				239E19071AA53F250005C338 /* +NSTimeInterval.swift */,
				23BB483F1A93C3100006B216 /* +NSURL.swift */,
				237422D51AA784B300430709 /* +NSURLSessionTask.swift */,
				236259761A9E391D00BAC41C /* +NSUserDefaults.swift */,
				236F5FBE1A9D3E7800A10078 /* +UIApplication.swift */,
				23DCB5EE1ABA52C2007A2C84 /* +UIButton.swift */,
				23870D981A9EAB2D001FF09B /* +UICollectionReusableView.swift */,
				235BF1A41A93F07C00F47745 /* +UICollectionView.swift */,
				23D252231A97A55900132B8E /* +UICollectionViewFlowLayout.swift */,
				23D252211A97A29900132B8E /* +UICollectionViewLayout.swift */,
				234D17651AC0B422008144F3 /* +UICollectionViewLayoutAttributes.swift */,
				23CB5D0D1A95115300317341 /* +UIDevice.swift */,
				23E116951A9FD1470098522B /* +UIGestureRecognizer.swift */,
				2363C6191A9FA155006B2D4F /* +UINavigationController.swift */,
				2366B2941AB8FE2400E41BB1 /* +UIPanGestureRecognizer.swift */,
				23934E741A9CFA280055D3EA /* +UIScreen.swift */,
				23B175C91ABC9F8000022DCB /* +UIScrollView.swift */,
				237796621A8F9CE500EBDA1A /* +UIStoryboard.swift */,
				23FB59131A8FAB7A0035E0F1 /* +UIView.swift */,
				235BF1BF1A94150E00F47745 /* +UIViewController.swift */,
				2375C6A91AC9C73F00EE71F1 /* +UTF16View.swift */,
			);
			path = "+ Extensions";
			sourceTree = "<group>";
		};
		23A3968B1A942353006BAB41 /* _ NetworkSession */ = {
			isa = PBXGroup;
			children = (
				23A3968D1A942353006BAB41 /* NetworkSession.swift */,
				23A396901A942353006BAB41 /* NetworkSessionDelegate.swift */,
				23A3968E1A942353006BAB41 /* NetworkSessionDelegate+NSURLSessionDelegate.swift */,
				23A3968F1A942353006BAB41 /* NetworkSessionDelegate+NSURLSessionTaskDelegate.swift */,
				23A3969D1A942401006BAB41 /* NetworkSessionDelegate+NSURLSessionDataDelegate.swift */,
				23A3969F1A942413006BAB41 /* NetworkSessionDelegate+NSURLSessionDownloadDelegate.swift */,
			);
			path = "_ NetworkSession";
			sourceTree = "<group>";
		};
		23A396961A942368006BAB41 /* _ NetworkActivity */ = {
			isa = PBXGroup;
			children = (
				23A396971A942368006BAB41 /* NetworkActivity.swift */,
			);
			path = "_ NetworkActivity";
			sourceTree = "<group>";
		};
		23A396991A942382006BAB41 /* _ NetworkRequest */ = {
			isa = PBXGroup;
			children = (
				23A396A11A942460006BAB41 /* NetworkRequest.swift */,
				23A396A31A942473006BAB41 /* NetworkRequestDelegate.swift */,
				23A396A51A942715006BAB41 /* NetworkRequestDelegateDataTask.swift */,
				23A396AB1A942809006BAB41 /* NetworkRequestDelegateDownloadTask.swift */,
				23A396AD1A942822006BAB41 /* NetworkRequestDelegateUploadTask.swift */,
				23A396B61A942C41006BAB41 /* NetworkRequest+ResponseJSON.swift */,
				23A396B81A942C85006BAB41 /* NetworkRequest+ResponseString.swift */,
				23A396B41A942BFF006BAB41 /* NetworkRequest+ResponseData.swift */,
			);
			path = "_ NetworkRequest";
			sourceTree = "<group>";
		};
		23B138681AC338C2006F2840 /* _ OperationKit */ = {
			isa = PBXGroup;
			children = (
				23B1386B1AC33969006F2840 /* BaseOperation.swift */,
				23B1386D1AC339D6006F2840 /* BatchOperation.swift */,
			);
			path = "_ OperationKit";
			sourceTree = "<group>";
		};
		23BB483B1A93C2BB0006B216 /* _ DataKit */ = {
			isa = PBXGroup;
			children = (
				23EE4E2F1A9BFB5800D17AD2 /* _ DataStore */,
				23BB483C1A93C2BB0006B216 /* + Extensions */,
			);
			path = "_ DataKit";
			sourceTree = "<group>";
		};
		23BB483C1A93C2BB0006B216 /* + Extensions */ = {
			isa = PBXGroup;
			children = (
				2398DD531AA8F81000E0B0B2 /* DataKit+NSObject.swift */,
				2398DD511AA8F7B000E0B0B2 /* DataKit+NSManagedObject.swift */,
			);
			path = "+ Extensions";
			sourceTree = "<group>";
		};
		23D2C2441A97EF8F00C83C63 /* + Functions */ = {
			isa = PBXGroup;
			children = (
				23BB24601AA7E060003422C7 /* Accessors+Functions.swift */,
				23870D911A9E86AC001FF09B /* References+Functions.swift */,
				238C943E1ABF5D54000A7B25 /* Array+Operators.swift */,
				238C943C1ABF5D3F000A7B25 /* Dictionary+Operators.swift */,
				238C943A1ABF5D1F000A7B25 /* CGPoint+Operators.swift */,
				238C94381ABF5D08000A7B25 /* NSIndexPath+Operators.swift */,
			);
			path = "+ Functions";
			sourceTree = "<group>";
		};
		23E9709C1A941CCD00C1F3AB /* _ NetworkKit */ = {
			isa = PBXGroup;
			children = (
				23A396A71A94273E006BAB41 /* NetworkKit+TypeDefs.swift */,
				23A396961A942368006BAB41 /* _ NetworkActivity */,
				23A3968B1A942353006BAB41 /* _ NetworkSession */,
				23A396991A942382006BAB41 /* _ NetworkRequest */,
				23E970A31A941D9E00C1F3AB /* + Enums */,
				23E9709E1A941D1C00C1F3AB /* + Extensions */,
			);
			path = "_ NetworkKit";
			sourceTree = "<group>";
		};
		23E9709E1A941D1C00C1F3AB /* + Extensions */ = {
			isa = PBXGroup;
			children = (
				23A396BC1A942D55006BAB41 /* NetworkKit+NSMutableURLRequest.swift */,
				23DA5F151A941F3200C9AD6B /* NetworkKit+NSURLSession.swift */,
				23DA5F191A94201100C9AD6B /* NetworkKit+NSURLSessionTask.swift */,
				23A3969B1A9423A6006BAB41 /* NetworkKit+NSURLSessionConfiguration.swift */,
			);
			path = "+ Extensions";
			sourceTree = "<group>";
		};
		23E970A31A941D9E00C1F3AB /* + Enums */ = {
			isa = PBXGroup;
			children = (
				23A396BA1A942CD0006BAB41 /* NetworkMethod.swift */,
			);
			path = "+ Enums";
			sourceTree = "<group>";
		};
		23EE4E2F1A9BFB5800D17AD2 /* _ DataStore */ = {
			isa = PBXGroup;
			children = (
				23EE4E301A9BFB6600D17AD2 /* DataStore.swift */,
				23EC45BA1AB793E6004916C2 /* DataStore+DirectoryMonitorDelegate.swift */,
			);
			path = "_ DataStore";
			sourceTree = "<group>";
		};
/* End PBXGroup section */

/* Begin PBXHeadersBuildPhase section */
		2324099D1A8EDE920061342F /* Headers */ = {
			isa = PBXHeadersBuildPhase;
			buildActionMask = 2147483647;
			files = (
			);
			runOnlyForDeploymentPostprocessing = 0;
		};
/* End PBXHeadersBuildPhase section */

/* Begin PBXNativeTarget section */
		2324099F1A8EDE920061342F /* SwiftKit */ = {
			isa = PBXNativeTarget;
			buildConfigurationList = 232409B61A8EDE920061342F /* Build configuration list for PBXNativeTarget "SwiftKit" */;
			buildPhases = (
				23C1521B1AC1F2A90002982A /* Update Build Number */,
				2324099B1A8EDE920061342F /* Sources */,
				2324099C1A8EDE920061342F /* Frameworks */,
				2324099D1A8EDE920061342F /* Headers */,
				2324099E1A8EDE920061342F /* Resources */,
			);
			buildRules = (
			);
			dependencies = (
			);
			name = SwiftKit;
			productName = SwiftKit;
			productReference = 232409A01A8EDE920061342F /* SwiftKit.framework */;
			productType = "com.apple.product-type.framework";
		};
		232409AA1A8EDE920061342F /* SwiftKitTests */ = {
			isa = PBXNativeTarget;
			buildConfigurationList = 232409B91A8EDE920061342F /* Build configuration list for PBXNativeTarget "SwiftKitTests" */;
			buildPhases = (
				232409A71A8EDE920061342F /* Sources */,
				232409A81A8EDE920061342F /* Frameworks */,
				232409A91A8EDE920061342F /* Resources */,
			);
			buildRules = (
			);
			dependencies = (
				232409AE1A8EDE920061342F /* PBXTargetDependency */,
			);
			name = SwiftKitTests;
			productName = SwiftKitTests;
			productReference = 232409AB1A8EDE920061342F /* SwiftKitTests.xctest */;
			productType = "com.apple.product-type.bundle.unit-test";
		};
/* End PBXNativeTarget section */

/* Begin PBXProject section */
		232409971A8EDE920061342F /* Project object */ = {
			isa = PBXProject;
			attributes = {
				LastUpgradeCheck = 0630;
				ORGANIZATIONNAME = welikesmall;
				TargetAttributes = {
					2324099F1A8EDE920061342F = {
						CreatedOnToolsVersion = 6.3;
					};
					232409AA1A8EDE920061342F = {
						CreatedOnToolsVersion = 6.3;
					};
				};
			};
			buildConfigurationList = 2324099A1A8EDE920061342F /* Build configuration list for PBXProject "SwiftKit" */;
			compatibilityVersion = "Xcode 3.2";
			developmentRegion = English;
			hasScannedForEncodings = 0;
			knownRegions = (
				en,
			);
			mainGroup = 232409961A8EDE920061342F;
			productRefGroup = 232409A11A8EDE920061342F /* Products */;
			projectDirPath = "";
			projectRoot = "";
			targets = (
				2324099F1A8EDE920061342F /* SwiftKit */,
				232409AA1A8EDE920061342F /* SwiftKitTests */,
			);
		};
/* End PBXProject section */

/* Begin PBXResourcesBuildPhase section */
		2324099E1A8EDE920061342F /* Resources */ = {
			isa = PBXResourcesBuildPhase;
			buildActionMask = 2147483647;
			files = (
			);
			runOnlyForDeploymentPostprocessing = 0;
		};
		232409A91A8EDE920061342F /* Resources */ = {
			isa = PBXResourcesBuildPhase;
			buildActionMask = 2147483647;
			files = (
			);
			runOnlyForDeploymentPostprocessing = 0;
		};
/* End PBXResourcesBuildPhase section */

/* Begin PBXShellScriptBuildPhase section */
		23C1521B1AC1F2A90002982A /* Update Build Number */ = {
			isa = PBXShellScriptBuildPhase;
			buildActionMask = 2147483647;
			files = (
			);
			inputPaths = (
			);
			name = "Update Build Number";
			outputPaths = (
			);
			runOnlyForDeploymentPostprocessing = 0;
			shellPath = /bin/sh;
			shellScript = "\"${PROJECT_DIR}/Tools/versioning.sh\" \"${PROJECT_DIR}/${INFOPLIST_FILE}\"";
			showEnvVarsInLog = 0;
		};
/* End PBXShellScriptBuildPhase section */

/* Begin PBXSourcesBuildPhase section */
		2324099B1A8EDE920061342F /* Sources */ = {
			isa = PBXSourcesBuildPhase;
			buildActionMask = 2147483647;
			files = (
				23BB48481A93C3F70006B216 /* +NSBundle.swift in Sources */,
				232E91551ABCBE7000F772F2 /* AppContext.swift in Sources */,
				235871E91AB782F00079E9E3 /* DirectoryMonitorDelegate.swift in Sources */,
				23A396941A942353006BAB41 /* NetworkSessionDelegate+NSURLSessionTaskDelegate.swift in Sources */,
				230B4CFC1AA4F067000A8C59 /* +NSPredicate.swift in Sources */,
				23FC9DC71ACDCE8700430E43 /* +NSHashTable.swift in Sources */,
				23DCB5E91ABA1D24007A2C84 /* +NSExpression.swift in Sources */,
				23BB48601A93CDE90006B216 /* +Array.swift in Sources */,
				237422D61AA784B300430709 /* +NSURLSessionTask.swift in Sources */,
				236CFC2F1AAE888300C540FC /* NotificationObserver.swift in Sources */,
				235BF1A51A93F07C00F47745 /* +UICollectionView.swift in Sources */,
				23D2C2481A97F12900C83C63 /* +NSObject.swift in Sources */,
				23C025861A97A6F9001D993C /* +CGRect.swift in Sources */,
				23BB48421A93C3310006B216 /* +NSFileManager.swift in Sources */,
				23F143541AAB7BAE000BB93B /* +NSExtensionContext.swift in Sources */,
				23FBE92A1AB67954005673DE /* +NSFileCoordinator.swift in Sources */,
				23A396981A942368006BAB41 /* NetworkActivity.swift in Sources */,
				23F47D1E1AC5D58200E5AF09 /* VibrantBackgroundImageView.swift in Sources */,
				23870D991A9EAB2D001FF09B /* +UICollectionReusableView.swift in Sources */,
				23A396B91A942C85006BAB41 /* NetworkRequest+ResponseString.swift in Sources */,
				23A396BB1A942CD0006BAB41 /* NetworkMethod.swift in Sources */,
				23A396BD1A942D55006BAB41 /* NetworkKit+NSMutableURLRequest.swift in Sources */,
				239E18FC1AA52CED0005C338 /* +NSLocale.swift in Sources */,
				23A396AA1A942783006BAB41 /* +Int.swift in Sources */,
				23A396AE1A942822006BAB41 /* NetworkRequestDelegateUploadTask.swift in Sources */,
				23BB485E1A93CC800006B216 /* +NSOperationQueue.swift in Sources */,
				23FB59141A8FAB7A0035E0F1 /* +UIView.swift in Sources */,
				235BF1C01A94150E00F47745 /* +UIViewController.swift in Sources */,
				23D252241A97A55900132B8E /* +UICollectionViewFlowLayout.swift in Sources */,
				235871E21AB776DC0079E9E3 /* DispatchOpenFlag.swift in Sources */,
				230B4CFA1AA4E81D000A8C59 /* +NSManagedObject.swift in Sources */,
				235BF1BE1A93FB0D00F47745 /* TemplateImageView.swift in Sources */,
				23A396A81A94273E006BAB41 /* NetworkKit+TypeDefs.swift in Sources */,
				23A3969E1A942401006BAB41 /* NetworkSessionDelegate+NSURLSessionDataDelegate.swift in Sources */,
				23CB5D0E1A95115300317341 /* +UIDevice.swift in Sources */,
				2366B2951AB8FE2400E41BB1 /* +UIPanGestureRecognizer.swift in Sources */,
				235871E61AB77AFB0079E9E3 /* DispatchSourceMask.swift in Sources */,
				23870D921A9E86AC001FF09B /* References+Functions.swift in Sources */,
				23DCB5ED1ABA3CCA007A2C84 /* +NSBatchUpdateResult.swift in Sources */,
				2375C6AA1AC9C73F00EE71F1 /* +UTF16View.swift in Sources */,
				23DA5F1A1A94201100C9AD6B /* NetworkKit+NSURLSessionTask.swift in Sources */,
				239E19001AA53DFD0005C338 /* +NSDateComponents.swift in Sources */,
				23A396A41A942473006BAB41 /* NetworkRequestDelegate.swift in Sources */,
				23E970A51A941E0700C1F3AB /* CollectionFetchedResults.swift in Sources */,
				23934E751A9CFA280055D3EA /* +UIScreen.swift in Sources */,
				23DCB5E61ABA1A6E007A2C84 /* +NSBatchUpdateRequest.swift in Sources */,
				23D2C2411A97E83E00C83C63 /* +NSNotificationCenter.swift in Sources */,
				23D2C24A1A97F89B00C83C63 /* +CLLocationCoordinate2D.swift in Sources */,
				238C94391ABF5D08000A7B25 /* NSIndexPath+Operators.swift in Sources */,
				2346F43E1AA0F87800F92EB5 /* +CLLocationManager.swift in Sources */,
				23DCB5EF1ABA52C2007A2C84 /* +UIButton.swift in Sources */,
				23B175C81ABC956200022DCB /* +CADisplayLink.swift in Sources */,
				235871E41AB779740079E9E3 /* DispatchSourceType.swift in Sources */,
				2346F4471AA12CEF00F92EB5 /* +NSRange.swift in Sources */,
				23B175C61ABC941300022DCB /* ScrollDirection.swift in Sources */,
				239E19041AA53E140005C338 /* +NSCalendarUnit.swift in Sources */,
				23DA5F161A941F3200C9AD6B /* NetworkKit+NSURLSession.swift in Sources */,
				2375C6A81AC9C4FC00EE71F1 /* +NSCharacterSet.swift in Sources */,
				232D726D1AC4ECAD00C5FF7D /* Direction.swift in Sources */,
				230B4CF81AA4E803000A8C59 /* +NSFetchRequest.swift in Sources */,
				23DCB5EB1ABA3781007A2C84 /* +NSManagedObjectContext.swift in Sources */,
				239E19081AA53F250005C338 /* +NSTimeInterval.swift in Sources */,
				23870D971A9E94BF001FF09B /* +Double.swift in Sources */,
				23A3969C1A9423A6006BAB41 /* NetworkKit+NSURLSessionConfiguration.swift in Sources */,
				238C943F1ABF5D54000A7B25 /* Array+Operators.swift in Sources */,
				2371579F1AB90959006EF754 /* TransitionStyle.swift in Sources */,
				2363C61A1A9FA155006B2D4F /* +UINavigationController.swift in Sources */,
				23A396931A942353006BAB41 /* NetworkSessionDelegate+NSURLSessionDelegate.swift in Sources */,
				236F5FBF1A9D3E7800A10078 /* +UIApplication.swift in Sources */,
				23E116961A9FD1470098522B /* +UIGestureRecognizer.swift in Sources */,
				239E19061AA53E950005C338 /* +NSDateFormatter.swift in Sources */,
				23A396AC1A942809006BAB41 /* NetworkRequestDelegateDownloadTask.swift in Sources */,
				23F47D181AC5CEB100E5AF09 /* +Int16.swift in Sources */,
				238C943D1ABF5D3F000A7B25 /* Dictionary+Operators.swift in Sources */,
				23EC45BB1AB793E6004916C2 /* DataStore+DirectoryMonitorDelegate.swift in Sources */,
				23BB48401A93C3100006B216 /* +NSURL.swift in Sources */,
				23A396B51A942BFF006BAB41 /* NetworkRequest+ResponseData.swift in Sources */,
				238DFD451AC496E000FCE1E8 /* +NSJSONSerialization.swift in Sources */,
				23BB48441A93C3630006B216 /* +String.swift in Sources */,
				230F7DC11AA9147400484CD5 /* DispatchSemaphore.swift in Sources */,
				236A59071AA5524B00FA2B2B /* +CGFloat.swift in Sources */,
				23B175CA1ABC9F8000022DCB /* +UIScrollView.swift in Sources */,
				23A396A01A942413006BAB41 /* NetworkSessionDelegate+NSURLSessionDownloadDelegate.swift in Sources */,
				23BB484C1A93C6ED0006B216 /* +Set.swift in Sources */,
				23B1386E1AC339D6006F2840 /* BatchOperation.swift in Sources */,
				234D17661AC0B422008144F3 /* +UICollectionViewLayoutAttributes.swift in Sources */,
				23B8A4361AA6637B00B057EC /* +CLLocationDistance.swift in Sources */,
				239E18FE1AA53DB70005C338 /* +NSDate.swift in Sources */,
				23A4B7E21ABF7AF500F09F20 /* +NSNotification.swift in Sources */,
				235BF1AF1A93F7E400F47745 /* +NSFetchedResultsController.swift in Sources */,
				23BB24611AA7E060003422C7 /* Accessors+Functions.swift in Sources */,
				23FD99221A95514600341B4F /* +Float.swift in Sources */,
				23A396921A942353006BAB41 /* NetworkSession.swift in Sources */,
				23EE4E311A9BFB6600D17AD2 /* DataStore.swift in Sources */,
				239E19021AA53E090005C338 /* +NSCalendar.swift in Sources */,
				235871DD1AB774770079E9E3 /* DirectoryMonitor.swift in Sources */,
				23FD99161A9527EB00341B4F /* +CLGeocoder.swift in Sources */,
				2346F4491AA12F4F00F92EB5 /* +CLLocation.swift in Sources */,
				232E91571ABCCCEB00F772F2 /* +NSPersistentStoreCoordinator.swift in Sources */,
				2334FBDB1AAF6F260005B72E /* +NSManagedObjectModel.swift in Sources */,
				23A396A21A942460006BAB41 /* NetworkRequest.swift in Sources */,
				23D252221A97A29900132B8E /* +UICollectionViewLayout.swift in Sources */,
				2398DD521AA8F7B000E0B0B2 /* DataKit+NSManagedObject.swift in Sources */,
				2398DD541AA8F81000E0B0B2 /* DataKit+NSObject.swift in Sources */,
				23B138671AC331C7006F2840 /* +Int64.swift in Sources */,
				23A396A61A942715006BAB41 /* NetworkRequestDelegateDataTask.swift in Sources */,
				23B1386C1AC33969006F2840 /* BaseOperation.swift in Sources */,
				236259771A9E391D00BAC41C /* +NSUserDefaults.swift in Sources */,
				237796631A8F9CE500EBDA1A /* +UIStoryboard.swift in Sources */,
				23A396B71A942C41006BAB41 /* NetworkRequest+ResponseJSON.swift in Sources */,
				23A396951A942353006BAB41 /* NetworkSessionDelegate.swift in Sources */,
				238C943B1ABF5D1F000A7B25 /* CGPoint+Operators.swift in Sources */,
			);
			runOnlyForDeploymentPostprocessing = 0;
		};
		232409A71A8EDE920061342F /* Sources */ = {
			isa = PBXSourcesBuildPhase;
			buildActionMask = 2147483647;
			files = (
				232409B31A8EDE920061342F /* SwiftKitTests.swift in Sources */,
			);
			runOnlyForDeploymentPostprocessing = 0;
		};
/* End PBXSourcesBuildPhase section */

/* Begin PBXTargetDependency section */
		232409AE1A8EDE920061342F /* PBXTargetDependency */ = {
			isa = PBXTargetDependency;
			target = 2324099F1A8EDE920061342F /* SwiftKit */;
			targetProxy = 232409AD1A8EDE920061342F /* PBXContainerItemProxy */;
		};
/* End PBXTargetDependency section */

/* Begin XCBuildConfiguration section */
		232409B41A8EDE920061342F /* Debug */ = {
			isa = XCBuildConfiguration;
			buildSettings = {
				ALWAYS_SEARCH_USER_PATHS = NO;
				CLANG_CXX_LANGUAGE_STANDARD = "gnu++0x";
				CLANG_CXX_LIBRARY = "libc++";
				CLANG_ENABLE_MODULES = YES;
				CLANG_ENABLE_OBJC_ARC = YES;
				CLANG_WARN_BOOL_CONVERSION = YES;
				CLANG_WARN_CONSTANT_CONVERSION = YES;
				CLANG_WARN_DIRECT_OBJC_ISA_USAGE = YES_ERROR;
				CLANG_WARN_EMPTY_BODY = YES;
				CLANG_WARN_ENUM_CONVERSION = YES;
				CLANG_WARN_INT_CONVERSION = YES;
				CLANG_WARN_OBJC_ROOT_CLASS = YES_ERROR;
				CLANG_WARN_UNREACHABLE_CODE = YES;
				CLANG_WARN__DUPLICATE_METHOD_MATCH = YES;
				"CODE_SIGN_IDENTITY[sdk=iphoneos*]" = "iPhone Developer";
				COPY_PHASE_STRIP = NO;
				CURRENT_PROJECT_VERSION = 1;
				DEBUG_INFORMATION_FORMAT = dwarf;
				EMBEDDED_CONTENT_CONTAINS_SWIFT = YES;
				ENABLE_STRICT_OBJC_MSGSEND = YES;
				GCC_C_LANGUAGE_STANDARD = gnu99;
				GCC_DYNAMIC_NO_PIC = NO;
				GCC_OPTIMIZATION_LEVEL = 0;
				GCC_PREPROCESSOR_DEFINITIONS = (
					"DEBUG=1",
					"$(inherited)",
				);
				GCC_SYMBOLS_PRIVATE_EXTERN = NO;
				GCC_WARN_64_TO_32_BIT_CONVERSION = YES;
				GCC_WARN_ABOUT_RETURN_TYPE = YES_ERROR;
				GCC_WARN_UNDECLARED_SELECTOR = YES;
				GCC_WARN_UNINITIALIZED_AUTOS = YES_AGGRESSIVE;
				GCC_WARN_UNUSED_FUNCTION = YES;
				GCC_WARN_UNUSED_VARIABLE = YES;
				IPHONEOS_DEPLOYMENT_TARGET = 8.0;
				MTL_ENABLE_DEBUG_INFO = YES;
				ONLY_ACTIVE_ARCH = YES;
				SDKROOT = iphoneos;
				SWIFT_INSTALL_OBJC_HEADER = NO;
				SWIFT_WHOLE_MODULE_OPTIMIZATION = YES;
				TARGETED_DEVICE_FAMILY = "1,2";
				VERSIONING_SYSTEM = "apple-generic";
				VERSION_INFO_PREFIX = "";
			};
			name = Debug;
		};
		232409B51A8EDE920061342F /* Release */ = {
			isa = XCBuildConfiguration;
			buildSettings = {
				ALWAYS_SEARCH_USER_PATHS = NO;
				CLANG_CXX_LANGUAGE_STANDARD = "gnu++0x";
				CLANG_CXX_LIBRARY = "libc++";
				CLANG_ENABLE_MODULES = YES;
				CLANG_ENABLE_OBJC_ARC = YES;
				CLANG_WARN_BOOL_CONVERSION = YES;
				CLANG_WARN_CONSTANT_CONVERSION = YES;
				CLANG_WARN_DIRECT_OBJC_ISA_USAGE = YES_ERROR;
				CLANG_WARN_EMPTY_BODY = YES;
				CLANG_WARN_ENUM_CONVERSION = YES;
				CLANG_WARN_INT_CONVERSION = YES;
				CLANG_WARN_OBJC_ROOT_CLASS = YES_ERROR;
				CLANG_WARN_UNREACHABLE_CODE = YES;
				CLANG_WARN__DUPLICATE_METHOD_MATCH = YES;
				"CODE_SIGN_IDENTITY[sdk=iphoneos*]" = "iPhone Developer";
				COPY_PHASE_STRIP = NO;
				CURRENT_PROJECT_VERSION = 1;
				DEBUG_INFORMATION_FORMAT = "dwarf-with-dsym";
				EMBEDDED_CONTENT_CONTAINS_SWIFT = YES;
				ENABLE_NS_ASSERTIONS = NO;
				ENABLE_STRICT_OBJC_MSGSEND = YES;
				GCC_C_LANGUAGE_STANDARD = gnu99;
				GCC_WARN_64_TO_32_BIT_CONVERSION = YES;
				GCC_WARN_ABOUT_RETURN_TYPE = YES_ERROR;
				GCC_WARN_UNDECLARED_SELECTOR = YES;
				GCC_WARN_UNINITIALIZED_AUTOS = YES_AGGRESSIVE;
				GCC_WARN_UNUSED_FUNCTION = YES;
				GCC_WARN_UNUSED_VARIABLE = YES;
				IPHONEOS_DEPLOYMENT_TARGET = 8.0;
				MTL_ENABLE_DEBUG_INFO = NO;
				SDKROOT = iphoneos;
				SWIFT_INSTALL_OBJC_HEADER = NO;
				SWIFT_WHOLE_MODULE_OPTIMIZATION = YES;
				TARGETED_DEVICE_FAMILY = "1,2";
				VALIDATE_PRODUCT = YES;
				VERSIONING_SYSTEM = "apple-generic";
				VERSION_INFO_PREFIX = "";
			};
			name = Release;
		};
		232409B71A8EDE920061342F /* Debug */ = {
			isa = XCBuildConfiguration;
			buildSettings = {
				APPLICATION_EXTENSION_API_ONLY = YES;
				CLANG_ENABLE_MODULES = YES;
				CODE_SIGN_IDENTITY = "iPhone Developer";
				"CODE_SIGN_IDENTITY[sdk=iphoneos*]" = "iPhone Developer";
				DEFINES_MODULE = NO;
				DYLIB_COMPATIBILITY_VERSION = 1;
				DYLIB_CURRENT_VERSION = 1;
				DYLIB_INSTALL_NAME_BASE = "@rpath";
				INFOPLIST_FILE = SwiftKit/Info.plist;
				INSTALL_PATH = "$(LOCAL_LIBRARY_DIR)/Frameworks";
				LD_RUNPATH_SEARCH_PATHS = "$(inherited) @executable_path/Frameworks @loader_path/Frameworks";
				PRODUCT_NAME = "$(TARGET_NAME)";
				SKIP_INSTALL = YES;
			};
			name = Debug;
		};
		232409B81A8EDE920061342F /* Release */ = {
			isa = XCBuildConfiguration;
			buildSettings = {
				APPLICATION_EXTENSION_API_ONLY = YES;
				CLANG_ENABLE_MODULES = YES;
				CODE_SIGN_IDENTITY = "iPhone Developer";
				"CODE_SIGN_IDENTITY[sdk=iphoneos*]" = "iPhone Developer";
				DEFINES_MODULE = NO;
				DYLIB_COMPATIBILITY_VERSION = 1;
				DYLIB_CURRENT_VERSION = 1;
				DYLIB_INSTALL_NAME_BASE = "@rpath";
				INFOPLIST_FILE = SwiftKit/Info.plist;
				INSTALL_PATH = "$(LOCAL_LIBRARY_DIR)/Frameworks";
				LD_RUNPATH_SEARCH_PATHS = "$(inherited) @executable_path/Frameworks @loader_path/Frameworks";
				PRODUCT_NAME = "$(TARGET_NAME)";
				SKIP_INSTALL = YES;
			};
			name = Release;
		};
		232409BA1A8EDE920061342F /* Debug */ = {
			isa = XCBuildConfiguration;
			buildSettings = {
				FRAMEWORK_SEARCH_PATHS = (
					"$(SDKROOT)/Developer/Library/Frameworks",
					"$(inherited)",
				);
				GCC_PREPROCESSOR_DEFINITIONS = (
					"DEBUG=1",
					"$(inherited)",
				);
				INFOPLIST_FILE = SwiftKitTests/Info.plist;
				LD_RUNPATH_SEARCH_PATHS = "$(inherited) @executable_path/Frameworks @loader_path/Frameworks";
				PRODUCT_NAME = "$(TARGET_NAME)";
			};
			name = Debug;
		};
		232409BB1A8EDE920061342F /* Release */ = {
			isa = XCBuildConfiguration;
			buildSettings = {
				FRAMEWORK_SEARCH_PATHS = (
					"$(SDKROOT)/Developer/Library/Frameworks",
					"$(inherited)",
				);
				INFOPLIST_FILE = SwiftKitTests/Info.plist;
				LD_RUNPATH_SEARCH_PATHS = "$(inherited) @executable_path/Frameworks @loader_path/Frameworks";
				PRODUCT_NAME = "$(TARGET_NAME)";
			};
			name = Release;
		};
/* End XCBuildConfiguration section */

/* Begin XCConfigurationList section */
		2324099A1A8EDE920061342F /* Build configuration list for PBXProject "SwiftKit" */ = {
			isa = XCConfigurationList;
			buildConfigurations = (
				232409B41A8EDE920061342F /* Debug */,
				232409B51A8EDE920061342F /* Release */,
			);
			defaultConfigurationIsVisible = 0;
			defaultConfigurationName = Release;
		};
		232409B61A8EDE920061342F /* Build configuration list for PBXNativeTarget "SwiftKit" */ = {
			isa = XCConfigurationList;
			buildConfigurations = (
				232409B71A8EDE920061342F /* Debug */,
				232409B81A8EDE920061342F /* Release */,
			);
			defaultConfigurationIsVisible = 0;
			defaultConfigurationName = Release;
		};
		232409B91A8EDE920061342F /* Build configuration list for PBXNativeTarget "SwiftKitTests" */ = {
			isa = XCConfigurationList;
			buildConfigurations = (
				232409BA1A8EDE920061342F /* Debug */,
				232409BB1A8EDE920061342F /* Release */,
			);
			defaultConfigurationIsVisible = 0;
			defaultConfigurationName = Release;
		};
/* End XCConfigurationList section */
	};
	rootObject = 232409971A8EDE920061342F /* Project object */;
}
