// !$*UTF8*$!
{
	archiveVersion = 1;
	classes = {
	};
	objectVersion = 46;
	objects = {

/* Begin PBXBuildFile section */
		2317EDF51B0BC23C00210B73 /* NSQualityOfService+SwiftKit.swift in Sources */ = {isa = PBXBuildFile; fileRef = 2317EDF41B0BC23C00210B73 /* NSQualityOfService+SwiftKit.swift */; };
		2317EDF71B0BC2ED00210B73 /* GrandCentralDispatch+Functions.swift in Sources */ = {isa = PBXBuildFile; fileRef = 2317EDF61B0BC2ED00210B73 /* GrandCentralDispatch+Functions.swift */; };
		235CC2DE1AE08456001CA128 /* CLLocation+Operators.swift in Sources */ = {isa = PBXBuildFile; fileRef = 235CC2DD1AE08456001CA128 /* CLLocation+Operators.swift */; };
		235CC2E01AE084AD001CA128 /* CLLocationCoordinate2D+Operators.swift in Sources */ = {isa = PBXBuildFile; fileRef = 235CC2DF1AE084AD001CA128 /* CLLocationCoordinate2D+Operators.swift */; };
		236A82001B20C1C900EA9777 /* NotificationManager.swift in Sources */ = {isa = PBXBuildFile; fileRef = 236A81FF1B20C1C900EA9777 /* NotificationManager.swift */; };
		236A82021B20C22600EA9777 /* NotificationObserver.swift in Sources */ = {isa = PBXBuildFile; fileRef = 236A82011B20C22600EA9777 /* NotificationObserver.swift */; };
		238A1FEC1B24B0830012512B /* DataStore.swift in Sources */ = {isa = PBXBuildFile; fileRef = 238A1FEB1B24B0830012512B /* DataStore.swift */; };
		238A1FF01B24B3A30012512B /* DataStoreDocument.swift in Sources */ = {isa = PBXBuildFile; fileRef = 238A1FEF1B24B3A30012512B /* DataStoreDocument.swift */; };
		23A57C7E1AFD710D0021AE70 /* NSEntityDescription+SwiftKit.swift in Sources */ = {isa = PBXBuildFile; fileRef = 23A57C7D1AFD710D0021AE70 /* NSEntityDescription+SwiftKit.swift */; };
		23A7E70B1AEF6227000528C2 /* DecelerationSpeed.swift in Sources */ = {isa = PBXBuildFile; fileRef = 23A7E70A1AEF6227000528C2 /* DecelerationSpeed.swift */; };
		23AF8A9B1AFAC51E00E09C34 /* Array+SwiftKit.swift in Sources */ = {isa = PBXBuildFile; fileRef = 23AF8A4A1AFAC51E00E09C34 /* Array+SwiftKit.swift */; };
		23AF8A9C1AFAC51E00E09C34 /* Bool+SwiftKit.swift in Sources */ = {isa = PBXBuildFile; fileRef = 23AF8A4B1AFAC51E00E09C34 /* Bool+SwiftKit.swift */; };
		23AF8A9D1AFAC51E00E09C34 /* Boolean+SwiftKit.swift in Sources */ = {isa = PBXBuildFile; fileRef = 23AF8A4C1AFAC51E00E09C34 /* Boolean+SwiftKit.swift */; };
		23AF8A9E1AFAC51E00E09C34 /* CADisplayLink+SwiftKit.swift in Sources */ = {isa = PBXBuildFile; fileRef = 23AF8A4D1AFAC51E00E09C34 /* CADisplayLink+SwiftKit.swift */; };
		23AF8A9F1AFAC51E00E09C34 /* CFNotificationCenter+SwiftKit.swift in Sources */ = {isa = PBXBuildFile; fileRef = 23AF8A4E1AFAC51E00E09C34 /* CFNotificationCenter+SwiftKit.swift */; };
		23AF8AA01AFAC51E00E09C34 /* CGAffineTransform+SwiftKit.swift in Sources */ = {isa = PBXBuildFile; fileRef = 23AF8A4F1AFAC51E00E09C34 /* CGAffineTransform+SwiftKit.swift */; };
		23AF8AA11AFAC51E00E09C34 /* CGFloat+SwiftKit.swift in Sources */ = {isa = PBXBuildFile; fileRef = 23AF8A501AFAC51E00E09C34 /* CGFloat+SwiftKit.swift */; };
		23AF8AA21AFAC51E00E09C34 /* CGPoint+SwiftKit.swift in Sources */ = {isa = PBXBuildFile; fileRef = 23AF8A511AFAC51E00E09C34 /* CGPoint+SwiftKit.swift */; };
		23AF8AA31AFAC51E00E09C34 /* CGRect+SwiftKit.swift in Sources */ = {isa = PBXBuildFile; fileRef = 23AF8A521AFAC51E00E09C34 /* CGRect+SwiftKit.swift */; };
		23AF8AA41AFAC51E00E09C34 /* CGSize+SwiftKit.swift in Sources */ = {isa = PBXBuildFile; fileRef = 23AF8A531AFAC51E00E09C34 /* CGSize+SwiftKit.swift */; };
		23AF8AA51AFAC51E00E09C34 /* CLAuthorizationStatus+SwiftKit.swift in Sources */ = {isa = PBXBuildFile; fileRef = 23AF8A541AFAC51E00E09C34 /* CLAuthorizationStatus+SwiftKit.swift */; };
		23AF8AA61AFAC51E00E09C34 /* CLGeocoder+SwiftKit.swift in Sources */ = {isa = PBXBuildFile; fileRef = 23AF8A551AFAC51E00E09C34 /* CLGeocoder+SwiftKit.swift */; };
		23AF8AA71AFAC51E00E09C34 /* CLLocation+SwiftKit.swift in Sources */ = {isa = PBXBuildFile; fileRef = 23AF8A561AFAC51E00E09C34 /* CLLocation+SwiftKit.swift */; };
		23AF8AA81AFAC51E00E09C34 /* CLLocationAccuracy+SwiftKit.swift in Sources */ = {isa = PBXBuildFile; fileRef = 23AF8A571AFAC51E00E09C34 /* CLLocationAccuracy+SwiftKit.swift */; };
		23AF8AA91AFAC51E00E09C34 /* CLLocationCoordinate2D+SwiftKit.swift in Sources */ = {isa = PBXBuildFile; fileRef = 23AF8A581AFAC51E00E09C34 /* CLLocationCoordinate2D+SwiftKit.swift */; };
		23AF8AAA1AFAC51E00E09C34 /* CLLocationDistance+SwiftKit.swift in Sources */ = {isa = PBXBuildFile; fileRef = 23AF8A591AFAC51E00E09C34 /* CLLocationDistance+SwiftKit.swift */; };
		23AF8AAB1AFAC51E00E09C34 /* CLLocationManager+SwiftKit.swift in Sources */ = {isa = PBXBuildFile; fileRef = 23AF8A5A1AFAC51E00E09C34 /* CLLocationManager+SwiftKit.swift */; };
		23AF8AAC1AFAC51E00E09C34 /* Double+SwiftKit.swift in Sources */ = {isa = PBXBuildFile; fileRef = 23AF8A5B1AFAC51E00E09C34 /* Double+SwiftKit.swift */; };
		23AF8AAD1AFAC51E00E09C34 /* Float+SwiftKit.swift in Sources */ = {isa = PBXBuildFile; fileRef = 23AF8A5C1AFAC51E00E09C34 /* Float+SwiftKit.swift */; };
		23AF8AAE1AFAC51E00E09C34 /* Int+SwiftKit.swift in Sources */ = {isa = PBXBuildFile; fileRef = 23AF8A5D1AFAC51E00E09C34 /* Int+SwiftKit.swift */; };
		23AF8AAF1AFAC51E00E09C34 /* Int16+SwiftKit.swift in Sources */ = {isa = PBXBuildFile; fileRef = 23AF8A5E1AFAC51E00E09C34 /* Int16+SwiftKit.swift */; };
		23AF8AB01AFAC51E00E09C34 /* Int64+SwiftKit.swift in Sources */ = {isa = PBXBuildFile; fileRef = 23AF8A5F1AFAC51E00E09C34 /* Int64+SwiftKit.swift */; };
		23AF8AB11AFAC51E00E09C34 /* NSBatchUpdateRequest+SwiftKit.swift in Sources */ = {isa = PBXBuildFile; fileRef = 23AF8A601AFAC51E00E09C34 /* NSBatchUpdateRequest+SwiftKit.swift */; };
		23AF8AB21AFAC51E00E09C34 /* NSBatchUpdateResult+SwiftKit.swift in Sources */ = {isa = PBXBuildFile; fileRef = 23AF8A611AFAC51E00E09C34 /* NSBatchUpdateResult+SwiftKit.swift */; };
		23AF8AB31AFAC51E00E09C34 /* NSBundle+SwiftKit.swift in Sources */ = {isa = PBXBuildFile; fileRef = 23AF8A621AFAC51E00E09C34 /* NSBundle+SwiftKit.swift */; };
		23AF8AB41AFAC51E00E09C34 /* NSCalendar+SwiftKit.swift in Sources */ = {isa = PBXBuildFile; fileRef = 23AF8A631AFAC51E00E09C34 /* NSCalendar+SwiftKit.swift */; };
		23AF8AB51AFAC51E00E09C34 /* NSCalendarUnit+SwiftKit.swift in Sources */ = {isa = PBXBuildFile; fileRef = 23AF8A641AFAC51E00E09C34 /* NSCalendarUnit+SwiftKit.swift */; };
		23AF8AB61AFAC51E00E09C34 /* NSCharacterSet+SwiftKit.swift in Sources */ = {isa = PBXBuildFile; fileRef = 23AF8A651AFAC51E00E09C34 /* NSCharacterSet+SwiftKit.swift */; };
		23AF8AB71AFAC51E00E09C34 /* NSDate+SwiftKit.swift in Sources */ = {isa = PBXBuildFile; fileRef = 23AF8A661AFAC51E00E09C34 /* NSDate+SwiftKit.swift */; };
		23AF8AB81AFAC51E00E09C34 /* NSDateComponents+SwiftKit.swift in Sources */ = {isa = PBXBuildFile; fileRef = 23AF8A671AFAC51E00E09C34 /* NSDateComponents+SwiftKit.swift */; };
		23AF8AB91AFAC51E00E09C34 /* NSDateFormatter+SwiftKit.swift in Sources */ = {isa = PBXBuildFile; fileRef = 23AF8A681AFAC51E00E09C34 /* NSDateFormatter+SwiftKit.swift */; };
		23AF8ABA1AFAC51E00E09C34 /* NSError+SwiftKit.swift in Sources */ = {isa = PBXBuildFile; fileRef = 23AF8A691AFAC51E00E09C34 /* NSError+SwiftKit.swift */; };
		23AF8ABB1AFAC51E00E09C34 /* NSExpression+SwiftKit.swift in Sources */ = {isa = PBXBuildFile; fileRef = 23AF8A6A1AFAC51E00E09C34 /* NSExpression+SwiftKit.swift */; };
		23AF8ABC1AFAC51E00E09C34 /* NSExtensionContext+SwiftKit.swift in Sources */ = {isa = PBXBuildFile; fileRef = 23AF8A6B1AFAC51E00E09C34 /* NSExtensionContext+SwiftKit.swift */; };
		23AF8ABD1AFAC51E00E09C34 /* NSFetchedResultsController+SwiftKit.swift in Sources */ = {isa = PBXBuildFile; fileRef = 23AF8A6C1AFAC51E00E09C34 /* NSFetchedResultsController+SwiftKit.swift */; };
		23AF8ABE1AFAC51E00E09C34 /* NSFetchRequest+SwiftKit.swift in Sources */ = {isa = PBXBuildFile; fileRef = 23AF8A6D1AFAC51E00E09C34 /* NSFetchRequest+SwiftKit.swift */; };
		23AF8ABF1AFAC51E00E09C34 /* NSFileCoordinator+SwiftKit.swift in Sources */ = {isa = PBXBuildFile; fileRef = 23AF8A6E1AFAC51E00E09C34 /* NSFileCoordinator+SwiftKit.swift */; };
		23AF8AC01AFAC51E00E09C34 /* NSFileManager+SwiftKit.swift in Sources */ = {isa = PBXBuildFile; fileRef = 23AF8A6F1AFAC51E00E09C34 /* NSFileManager+SwiftKit.swift */; };
		23AF8AC11AFAC51E00E09C34 /* NSHashTable+SwiftKit.swift in Sources */ = {isa = PBXBuildFile; fileRef = 23AF8A701AFAC51E00E09C34 /* NSHashTable+SwiftKit.swift */; };
		23AF8AC21AFAC51E00E09C34 /* NSJSONSerialization+SwiftKit.swift in Sources */ = {isa = PBXBuildFile; fileRef = 23AF8A711AFAC51E00E09C34 /* NSJSONSerialization+SwiftKit.swift */; };
		23AF8AC31AFAC51E00E09C34 /* NSLocale+SwiftKit.swift in Sources */ = {isa = PBXBuildFile; fileRef = 23AF8A721AFAC51E00E09C34 /* NSLocale+SwiftKit.swift */; };
		23AF8AC41AFAC51E00E09C34 /* NSManagedObject+SwiftKit.swift in Sources */ = {isa = PBXBuildFile; fileRef = 23AF8A731AFAC51E00E09C34 /* NSManagedObject+SwiftKit.swift */; };
		23AF8AC51AFAC51E00E09C34 /* NSManagedObjectContext+SwiftKit.swift in Sources */ = {isa = PBXBuildFile; fileRef = 23AF8A741AFAC51E00E09C34 /* NSManagedObjectContext+SwiftKit.swift */; };
		23AF8AC61AFAC51E00E09C34 /* NSManagedObjectModel+SwiftKit.swift in Sources */ = {isa = PBXBuildFile; fileRef = 23AF8A751AFAC51E00E09C34 /* NSManagedObjectModel+SwiftKit.swift */; };
		23AF8AC71AFAC51E00E09C34 /* NSMapTable+SwiftKit.swift in Sources */ = {isa = PBXBuildFile; fileRef = 23AF8A761AFAC51E00E09C34 /* NSMapTable+SwiftKit.swift */; };
		23AF8AC81AFAC51E00E09C34 /* NSNotification+SwiftKit.swift in Sources */ = {isa = PBXBuildFile; fileRef = 23AF8A771AFAC51E00E09C34 /* NSNotification+SwiftKit.swift */; };
		23AF8AC91AFAC51E00E09C34 /* NSNotificationCenter+SwiftKit.swift in Sources */ = {isa = PBXBuildFile; fileRef = 23AF8A781AFAC51E00E09C34 /* NSNotificationCenter+SwiftKit.swift */; };
		23AF8ACA1AFAC51E00E09C34 /* NSObject+SwiftKit.swift in Sources */ = {isa = PBXBuildFile; fileRef = 23AF8A791AFAC51E00E09C34 /* NSObject+SwiftKit.swift */; };
		23AF8ACB1AFAC51E00E09C34 /* NSOperationQueue+SwiftKit.swift in Sources */ = {isa = PBXBuildFile; fileRef = 23AF8A7A1AFAC51E00E09C34 /* NSOperationQueue+SwiftKit.swift */; };
		23AF8ACC1AFAC51E00E09C34 /* NSPersistentStoreCoordinator+SwiftKit.swift in Sources */ = {isa = PBXBuildFile; fileRef = 23AF8A7B1AFAC51E00E09C34 /* NSPersistentStoreCoordinator+SwiftKit.swift */; };
		23AF8ACD1AFAC51E00E09C34 /* NSPredicate+SwiftKit.swift in Sources */ = {isa = PBXBuildFile; fileRef = 23AF8A7C1AFAC51E00E09C34 /* NSPredicate+SwiftKit.swift */; };
		23AF8ACE1AFAC51E00E09C34 /* NSRange+SwiftKit.swift in Sources */ = {isa = PBXBuildFile; fileRef = 23AF8A7D1AFAC51E00E09C34 /* NSRange+SwiftKit.swift */; };
		23AF8ACF1AFAC51E00E09C34 /* NSRegularExpression+SwiftKit.swift in Sources */ = {isa = PBXBuildFile; fileRef = 23AF8A7E1AFAC51E00E09C34 /* NSRegularExpression+SwiftKit.swift */; };
		23AF8AD01AFAC51E00E09C34 /* NSTimeInterval+SwiftKit.swift in Sources */ = {isa = PBXBuildFile; fileRef = 23AF8A7F1AFAC51E00E09C34 /* NSTimeInterval+SwiftKit.swift */; };
		23AF8AD11AFAC51E00E09C34 /* NSURL+SwiftKit.swift in Sources */ = {isa = PBXBuildFile; fileRef = 23AF8A801AFAC51E00E09C34 /* NSURL+SwiftKit.swift */; };
		23AF8AD21AFAC51E00E09C34 /* NSURLSessionTask+SwiftKit.swift in Sources */ = {isa = PBXBuildFile; fileRef = 23AF8A811AFAC51E00E09C34 /* NSURLSessionTask+SwiftKit.swift */; };
		23AF8AD31AFAC51E00E09C34 /* NSUserDefaults+SwiftKit.swift in Sources */ = {isa = PBXBuildFile; fileRef = 23AF8A821AFAC51E00E09C34 /* NSUserDefaults+SwiftKit.swift */; };
		23AF8AD41AFAC51E00E09C34 /* Set+SwiftKit.swift in Sources */ = {isa = PBXBuildFile; fileRef = 23AF8A831AFAC51E00E09C34 /* Set+SwiftKit.swift */; };
		23AF8AD51AFAC51E00E09C34 /* String+SwiftKit.swift in Sources */ = {isa = PBXBuildFile; fileRef = 23AF8A841AFAC51E00E09C34 /* String+SwiftKit.swift */; };
		23AF8AD61AFAC51E00E09C34 /* UIApplication+SwiftKit.swift in Sources */ = {isa = PBXBuildFile; fileRef = 23AF8A851AFAC51E00E09C34 /* UIApplication+SwiftKit.swift */; };
		23AF8AD71AFAC51E00E09C34 /* UIBarButtonItem+SwiftKit.swift in Sources */ = {isa = PBXBuildFile; fileRef = 23AF8A861AFAC51E00E09C34 /* UIBarButtonItem+SwiftKit.swift */; };
		23AF8AD81AFAC51E00E09C34 /* UIButton+SwiftKit.swift in Sources */ = {isa = PBXBuildFile; fileRef = 23AF8A871AFAC51E00E09C34 /* UIButton+SwiftKit.swift */; };
		23AF8AD91AFAC51E00E09C34 /* UICollectionReusableView+SwiftKit.swift in Sources */ = {isa = PBXBuildFile; fileRef = 23AF8A881AFAC51E00E09C34 /* UICollectionReusableView+SwiftKit.swift */; };
		23AF8ADA1AFAC51E00E09C34 /* UICollectionView+SwiftKit.swift in Sources */ = {isa = PBXBuildFile; fileRef = 23AF8A891AFAC51E00E09C34 /* UICollectionView+SwiftKit.swift */; };
		23AF8ADB1AFAC51E00E09C34 /* UICollectionViewCell+SwiftKit.swift in Sources */ = {isa = PBXBuildFile; fileRef = 23AF8A8A1AFAC51E00E09C34 /* UICollectionViewCell+SwiftKit.swift */; };
		23AF8ADC1AFAC51E00E09C34 /* UICollectionViewFlowLayout+SwiftKit.swift in Sources */ = {isa = PBXBuildFile; fileRef = 23AF8A8B1AFAC51E00E09C34 /* UICollectionViewFlowLayout+SwiftKit.swift */; };
		23AF8ADD1AFAC51E00E09C34 /* UICollectionViewLayout+SwiftKit.swift in Sources */ = {isa = PBXBuildFile; fileRef = 23AF8A8C1AFAC51E00E09C34 /* UICollectionViewLayout+SwiftKit.swift */; };
		23AF8ADE1AFAC51E00E09C34 /* UICollectionViewLayoutAttributes+SwiftKit.swift in Sources */ = {isa = PBXBuildFile; fileRef = 23AF8A8D1AFAC51E00E09C34 /* UICollectionViewLayoutAttributes+SwiftKit.swift */; };
		23AF8ADF1AFAC51E00E09C34 /* UIControl+SwiftKit.swift in Sources */ = {isa = PBXBuildFile; fileRef = 23AF8A8E1AFAC51E00E09C34 /* UIControl+SwiftKit.swift */; };
		23AF8AE01AFAC51E00E09C34 /* UIDevice+SwiftKit.swift in Sources */ = {isa = PBXBuildFile; fileRef = 23AF8A8F1AFAC51E00E09C34 /* UIDevice+SwiftKit.swift */; };
		23AF8AE11AFAC51E00E09C34 /* UIGestureRecognizer+SwiftKit.swift in Sources */ = {isa = PBXBuildFile; fileRef = 23AF8A901AFAC51E00E09C34 /* UIGestureRecognizer+SwiftKit.swift */; };
		23AF8AE21AFAC51E00E09C34 /* UILabel+SwiftKit.swift in Sources */ = {isa = PBXBuildFile; fileRef = 23AF8A911AFAC51E00E09C34 /* UILabel+SwiftKit.swift */; };
		23AF8AE31AFAC51E00E09C34 /* UINavigationController+SwiftKit.swift in Sources */ = {isa = PBXBuildFile; fileRef = 23AF8A921AFAC51E00E09C34 /* UINavigationController+SwiftKit.swift */; };
		23AF8AE41AFAC51E00E09C34 /* UIPanGestureRecognizer+SwiftKit.swift in Sources */ = {isa = PBXBuildFile; fileRef = 23AF8A931AFAC51E00E09C34 /* UIPanGestureRecognizer+SwiftKit.swift */; };
		23AF8AE51AFAC51E00E09C34 /* UIScreen+SwiftKit.swift in Sources */ = {isa = PBXBuildFile; fileRef = 23AF8A941AFAC51E00E09C34 /* UIScreen+SwiftKit.swift */; };
		23AF8AE61AFAC51E00E09C34 /* UIScrollView+SwiftKit.swift in Sources */ = {isa = PBXBuildFile; fileRef = 23AF8A951AFAC51E00E09C34 /* UIScrollView+SwiftKit.swift */; };
		23AF8AE71AFAC51E00E09C34 /* UIStoryboard+SwiftKit.swift in Sources */ = {isa = PBXBuildFile; fileRef = 23AF8A961AFAC51E00E09C34 /* UIStoryboard+SwiftKit.swift */; };
		23AF8AE81AFAC51E00E09C34 /* UIView+SwiftKit.swift in Sources */ = {isa = PBXBuildFile; fileRef = 23AF8A971AFAC51E00E09C34 /* UIView+SwiftKit.swift */; };
		23AF8AE91AFAC51E00E09C34 /* UIViewController+SwiftKit.swift in Sources */ = {isa = PBXBuildFile; fileRef = 23AF8A981AFAC51E00E09C34 /* UIViewController+SwiftKit.swift */; };
		23AF8AEA1AFAC51E00E09C34 /* UIWindow+SwiftKit.swift in Sources */ = {isa = PBXBuildFile; fileRef = 23AF8A991AFAC51E00E09C34 /* UIWindow+SwiftKit.swift */; };
		23AF8AEB1AFAC51E00E09C34 /* UTF16View+SwiftKit.swift in Sources */ = {isa = PBXBuildFile; fileRef = 23AF8A9A1AFAC51E00E09C34 /* UTF16View+SwiftKit.swift */; };
		23AF8B191AFACBE900E09C34 /* UIInterfaceOrientation+SwiftKit.swift in Sources */ = {isa = PBXBuildFile; fileRef = 23AF8B181AFACBE900E09C34 /* UIInterfaceOrientation+SwiftKit.swift */; };
		23AF8B1B1AFACCF100E09C34 /* UIUserInterfaceIdiom+SwiftKit.swift in Sources */ = {isa = PBXBuildFile; fileRef = 23AF8B1A1AFACCF100E09C34 /* UIUserInterfaceIdiom+SwiftKit.swift */; };
		23B29C9A1B0F81F500FE5168 /* OperationState.swift in Sources */ = {isa = PBXBuildFile; fileRef = 23B29C991B0F81F500FE5168 /* OperationState.swift */; };
		23B8088E1B0E49E100175A79 /* BaseOperation.swift in Sources */ = {isa = PBXBuildFile; fileRef = 23B8088D1B0E49E100175A79 /* BaseOperation.swift */; };
		23B808901B0E49EA00175A79 /* GeocodeOperation.swift in Sources */ = {isa = PBXBuildFile; fileRef = 23B8088F1B0E49EA00175A79 /* GeocodeOperation.swift */; };
		23B808921B0E4FA000175A79 /* NetworkOperation.swift in Sources */ = {isa = PBXBuildFile; fileRef = 23B808911B0E4FA000175A79 /* NetworkOperation.swift */; };
		23D0A0AC1B0D3E9400EEB2AE /* NSOperation+SwiftKit.swift in Sources */ = {isa = PBXBuildFile; fileRef = 23D0A0AB1B0D3E9400EEB2AE /* NSOperation+SwiftKit.swift */; };
		23D1798D1AEFD8510033AE0E /* AssociationPolicy.swift in Sources */ = {isa = PBXBuildFile; fileRef = 23D1798C1AEFD8510033AE0E /* AssociationPolicy.swift */; };
		23D2CA961AFD3938001376C7 /* PointerOptions.swift in Sources */ = {isa = PBXBuildFile; fileRef = 23D2CA951AFD3938001376C7 /* PointerOptions.swift */; };
		23D4936B1B0FCE3D00AD89A5 /* Queue.swift in Sources */ = {isa = PBXBuildFile; fileRef = 23D4936A1B0FCE3D00AD89A5 /* Queue.swift */; };
		23D595511AF1E62000CD6715 /* UnsafePointer+Functions.swift in Sources */ = {isa = PBXBuildFile; fileRef = 23D595501AF1E62000CD6715 /* UnsafePointer+Functions.swift */; };
		23DA75821AD5ECD200F243C9 /* SwiftKit.framework in Frameworks */ = {isa = PBXBuildFile; fileRef = 23DA75761AD5ECD200F243C9 /* SwiftKit.framework */; };
		23DA75891AD5ECD200F243C9 /* SwiftKitTests.swift in Sources */ = {isa = PBXBuildFile; fileRef = 23DA75881AD5ECD200F243C9 /* SwiftKitTests.swift */; };
		23DA760B1AD5F0D900F243C9 /* ViewControllerAnimatedTransition.swift in Sources */ = {isa = PBXBuildFile; fileRef = 23DA75AD1AD5F0D800F243C9 /* ViewControllerAnimatedTransition.swift */; };
		23DA760C1AD5F0D900F243C9 /* CollectionViewFetchedResultsController.swift in Sources */ = {isa = PBXBuildFile; fileRef = 23DA75AE1AD5F0D800F243C9 /* CollectionViewFetchedResultsController.swift */; };
		23DA760F1AD5F0D900F243C9 /* StoryboardTemplateImageView.swift in Sources */ = {isa = PBXBuildFile; fileRef = 23DA75B11AD5F0D800F243C9 /* StoryboardTemplateImageView.swift */; };
		23DA76101AD5F0D900F243C9 /* StoryboardVibrantImageView.swift in Sources */ = {isa = PBXBuildFile; fileRef = 23DA75B21AD5F0D800F243C9 /* StoryboardVibrantImageView.swift */; };
		23DA76111AD5F0D900F243C9 /* AppContext.swift in Sources */ = {isa = PBXBuildFile; fileRef = 23DA75B41AD5F0D800F243C9 /* AppContext.swift */; };
		23DA76121AD5F0D900F243C9 /* Direction.swift in Sources */ = {isa = PBXBuildFile; fileRef = 23DA75B51AD5F0D800F243C9 /* Direction.swift */; };
		23DA76161AD5F0D900F243C9 /* ScrollDirection.swift in Sources */ = {isa = PBXBuildFile; fileRef = 23DA75B91AD5F0D800F243C9 /* ScrollDirection.swift */; };
		23DA76171AD5F0D900F243C9 /* TransitionStyle.swift in Sources */ = {isa = PBXBuildFile; fileRef = 23DA75BA1AD5F0D800F243C9 /* TransitionStyle.swift */; };
		23DA765C1AD5F0D900F243C9 /* CollectionType+Functions.swift in Sources */ = {isa = PBXBuildFile; fileRef = 23DA76011AD5F0D900F243C9 /* CollectionType+Functions.swift */; };
		23DA765D1AD5F0D900F243C9 /* Array+Operators.swift in Sources */ = {isa = PBXBuildFile; fileRef = 23DA76021AD5F0D900F243C9 /* Array+Operators.swift */; };
		23DA765E1AD5F0D900F243C9 /* CGPoint+Operators.swift in Sources */ = {isa = PBXBuildFile; fileRef = 23DA76031AD5F0D900F243C9 /* CGPoint+Operators.swift */; };
		23DA765F1AD5F0D900F243C9 /* Dictionary+Operators.swift in Sources */ = {isa = PBXBuildFile; fileRef = 23DA76041AD5F0D900F243C9 /* Dictionary+Operators.swift */; };
		23DA76601AD5F0D900F243C9 /* NSIndexPath+Operators.swift in Sources */ = {isa = PBXBuildFile; fileRef = 23DA76051AD5F0D900F243C9 /* NSIndexPath+Operators.swift */; };
		23DA76611AD5F0D900F243C9 /* MethodPointer+Functions.swift in Sources */ = {isa = PBXBuildFile; fileRef = 23DA76061AD5F0D900F243C9 /* MethodPointer+Functions.swift */; };
		23DA768D1AD5F0E800F243C9 /* NetworkMethod.swift in Sources */ = {isa = PBXBuildFile; fileRef = 23DA766D1AD5F0E800F243C9 /* NetworkMethod.swift */; };
		23DA768E1AD5F0E800F243C9 /* NSMutableURLRequest+NetworkKit.swift in Sources */ = {isa = PBXBuildFile; fileRef = 23DA766F1AD5F0E800F243C9 /* NSMutableURLRequest+NetworkKit.swift */; };
		23DA768F1AD5F0E800F243C9 /* NSURLSession+NetworkKit.swift in Sources */ = {isa = PBXBuildFile; fileRef = 23DA76701AD5F0E800F243C9 /* NSURLSession+NetworkKit.swift */; };
		23DA76901AD5F0E800F243C9 /* NSURLSessionConfiguration+NetworkKit.swift in Sources */ = {isa = PBXBuildFile; fileRef = 23DA76711AD5F0E800F243C9 /* NSURLSessionConfiguration+NetworkKit.swift */; };
		23DA76911AD5F0E800F243C9 /* NSURLSessionTask+NetworkKit.swift in Sources */ = {isa = PBXBuildFile; fileRef = 23DA76721AD5F0E800F243C9 /* NSURLSessionTask+NetworkKit.swift */; };
		23DA76921AD5F0E800F243C9 /* NetworkActivity.swift in Sources */ = {isa = PBXBuildFile; fileRef = 23DA76741AD5F0E800F243C9 /* NetworkActivity.swift */; };
		23DA76941AD5F0E800F243C9 /* NetworkRequest+Serializers.swift in Sources */ = {isa = PBXBuildFile; fileRef = 23DA76771AD5F0E800F243C9 /* NetworkRequest+Serializers.swift */; };
		23DA76961AD5F0E800F243C9 /* NetworkRequest.swift in Sources */ = {isa = PBXBuildFile; fileRef = 23DA76791AD5F0E800F243C9 /* NetworkRequest.swift */; };
		23DA76971AD5F0E800F243C9 /* NetworkRequestDelegate.swift in Sources */ = {isa = PBXBuildFile; fileRef = 23DA767A1AD5F0E800F243C9 /* NetworkRequestDelegate.swift */; };
		23DA76981AD5F0E800F243C9 /* NetworkRequestDelegateDataTask.swift in Sources */ = {isa = PBXBuildFile; fileRef = 23DA767B1AD5F0E800F243C9 /* NetworkRequestDelegateDataTask.swift */; };
		23DA76991AD5F0E800F243C9 /* NetworkRequestDelegateDownloadTask.swift in Sources */ = {isa = PBXBuildFile; fileRef = 23DA767C1AD5F0E800F243C9 /* NetworkRequestDelegateDownloadTask.swift */; };
		23DA769A1AD5F0E800F243C9 /* NetworkRequestDelegateUploadTask.swift in Sources */ = {isa = PBXBuildFile; fileRef = 23DA767D1AD5F0E800F243C9 /* NetworkRequestDelegateUploadTask.swift */; };
		23DA769B1AD5F0E800F243C9 /* NetworkSession.swift in Sources */ = {isa = PBXBuildFile; fileRef = 23DA767F1AD5F0E800F243C9 /* NetworkSession.swift */; };
		23DA769C1AD5F0E800F243C9 /* NetworkSessionDelegate+NSURLSessionDataDelegate.swift in Sources */ = {isa = PBXBuildFile; fileRef = 23DA76801AD5F0E800F243C9 /* NetworkSessionDelegate+NSURLSessionDataDelegate.swift */; };
		23DA769D1AD5F0E800F243C9 /* NetworkSessionDelegate+NSURLSessionDelegate.swift in Sources */ = {isa = PBXBuildFile; fileRef = 23DA76811AD5F0E800F243C9 /* NetworkSessionDelegate+NSURLSessionDelegate.swift */; };
		23DA769E1AD5F0E800F243C9 /* NetworkSessionDelegate+NSURLSessionDownloadDelegate.swift in Sources */ = {isa = PBXBuildFile; fileRef = 23DA76821AD5F0E800F243C9 /* NetworkSessionDelegate+NSURLSessionDownloadDelegate.swift */; };
		23DA769F1AD5F0E800F243C9 /* NetworkSessionDelegate+NSURLSessionTaskDelegate.swift in Sources */ = {isa = PBXBuildFile; fileRef = 23DA76831AD5F0E800F243C9 /* NetworkSessionDelegate+NSURLSessionTaskDelegate.swift */; };
		23DA76A01AD5F0E800F243C9 /* NetworkSessionDelegate.swift in Sources */ = {isa = PBXBuildFile; fileRef = 23DA76841AD5F0E800F243C9 /* NetworkSessionDelegate.swift */; };
		23DA76A11AD5F0E800F243C9 /* TypeDefs+NetworkKit.swift in Sources */ = {isa = PBXBuildFile; fileRef = 23DA76851AD5F0E800F243C9 /* TypeDefs+NetworkKit.swift */; };
		23DD4F401AF01E45005B554C /* ViewControllerInteractiveTransition.swift in Sources */ = {isa = PBXBuildFile; fileRef = 23DD4F3F1AF01E45005B554C /* ViewControllerInteractiveTransition.swift */; };
		23DE29F11B0EA05D009D793B /* NSBlockOperation+SwiftKit.swift in Sources */ = {isa = PBXBuildFile; fileRef = 23DE29F01B0EA05D009D793B /* NSBlockOperation+SwiftKit.swift */; };
		23E1B4801B0A964D00D889E1 /* StringRepresentable.swift in Sources */ = {isa = PBXBuildFile; fileRef = 23E1B47F1B0A964D00D889E1 /* StringRepresentable.swift */; };
		23E1B4821B0AA81E00D889E1 /* Int32+SwiftKit.swift in Sources */ = {isa = PBXBuildFile; fileRef = 23E1B4811B0AA81E00D889E1 /* Int32+SwiftKit.swift */; };
/* End PBXBuildFile section */

/* Begin PBXContainerItemProxy section */
		23DA75831AD5ECD200F243C9 /* PBXContainerItemProxy */ = {
			isa = PBXContainerItemProxy;
			containerPortal = 23DA756D1AD5ECD200F243C9 /* Project object */;
			proxyType = 1;
			remoteGlobalIDString = 23DA75751AD5ECD200F243C9;
			remoteInfo = SwiftKit;
		};
/* End PBXContainerItemProxy section */

/* Begin PBXFileReference section */
		2317EDF41B0BC23C00210B73 /* NSQualityOfService+SwiftKit.swift */ = {isa = PBXFileReference; fileEncoding = 4; lastKnownFileType = sourcecode.swift; path = "NSQualityOfService+SwiftKit.swift"; sourceTree = "<group>"; };
		2317EDF61B0BC2ED00210B73 /* GrandCentralDispatch+Functions.swift */ = {isa = PBXFileReference; fileEncoding = 4; lastKnownFileType = sourcecode.swift; path = "GrandCentralDispatch+Functions.swift"; sourceTree = "<group>"; };
		235CC2DD1AE08456001CA128 /* CLLocation+Operators.swift */ = {isa = PBXFileReference; fileEncoding = 4; lastKnownFileType = sourcecode.swift; path = "CLLocation+Operators.swift"; sourceTree = "<group>"; };
		235CC2DF1AE084AD001CA128 /* CLLocationCoordinate2D+Operators.swift */ = {isa = PBXFileReference; fileEncoding = 4; lastKnownFileType = sourcecode.swift; path = "CLLocationCoordinate2D+Operators.swift"; sourceTree = "<group>"; };
		236A81FF1B20C1C900EA9777 /* NotificationManager.swift */ = {isa = PBXFileReference; fileEncoding = 4; lastKnownFileType = sourcecode.swift; path = NotificationManager.swift; sourceTree = "<group>"; };
		236A82011B20C22600EA9777 /* NotificationObserver.swift */ = {isa = PBXFileReference; fileEncoding = 4; lastKnownFileType = sourcecode.swift; path = NotificationObserver.swift; sourceTree = "<group>"; };
		238A1FEB1B24B0830012512B /* DataStore.swift */ = {isa = PBXFileReference; fileEncoding = 4; lastKnownFileType = sourcecode.swift; path = DataStore.swift; sourceTree = "<group>"; };
		238A1FEF1B24B3A30012512B /* DataStoreDocument.swift */ = {isa = PBXFileReference; fileEncoding = 4; lastKnownFileType = sourcecode.swift; path = DataStoreDocument.swift; sourceTree = "<group>"; };
		23A57C7D1AFD710D0021AE70 /* NSEntityDescription+SwiftKit.swift */ = {isa = PBXFileReference; fileEncoding = 4; lastKnownFileType = sourcecode.swift; path = "NSEntityDescription+SwiftKit.swift"; sourceTree = "<group>"; };
		23A7E70A1AEF6227000528C2 /* DecelerationSpeed.swift */ = {isa = PBXFileReference; fileEncoding = 4; lastKnownFileType = sourcecode.swift; path = DecelerationSpeed.swift; sourceTree = "<group>"; };
		23AF8A4A1AFAC51E00E09C34 /* Array+SwiftKit.swift */ = {isa = PBXFileReference; fileEncoding = 4; lastKnownFileType = sourcecode.swift; path = "Array+SwiftKit.swift"; sourceTree = "<group>"; };
		23AF8A4B1AFAC51E00E09C34 /* Bool+SwiftKit.swift */ = {isa = PBXFileReference; fileEncoding = 4; lastKnownFileType = sourcecode.swift; path = "Bool+SwiftKit.swift"; sourceTree = "<group>"; };
		23AF8A4C1AFAC51E00E09C34 /* Boolean+SwiftKit.swift */ = {isa = PBXFileReference; fileEncoding = 4; lastKnownFileType = sourcecode.swift; path = "Boolean+SwiftKit.swift"; sourceTree = "<group>"; };
		23AF8A4D1AFAC51E00E09C34 /* CADisplayLink+SwiftKit.swift */ = {isa = PBXFileReference; fileEncoding = 4; lastKnownFileType = sourcecode.swift; path = "CADisplayLink+SwiftKit.swift"; sourceTree = "<group>"; };
		23AF8A4E1AFAC51E00E09C34 /* CFNotificationCenter+SwiftKit.swift */ = {isa = PBXFileReference; fileEncoding = 4; lastKnownFileType = sourcecode.swift; path = "CFNotificationCenter+SwiftKit.swift"; sourceTree = "<group>"; };
		23AF8A4F1AFAC51E00E09C34 /* CGAffineTransform+SwiftKit.swift */ = {isa = PBXFileReference; fileEncoding = 4; lastKnownFileType = sourcecode.swift; path = "CGAffineTransform+SwiftKit.swift"; sourceTree = "<group>"; };
		23AF8A501AFAC51E00E09C34 /* CGFloat+SwiftKit.swift */ = {isa = PBXFileReference; fileEncoding = 4; lastKnownFileType = sourcecode.swift; path = "CGFloat+SwiftKit.swift"; sourceTree = "<group>"; };
		23AF8A511AFAC51E00E09C34 /* CGPoint+SwiftKit.swift */ = {isa = PBXFileReference; fileEncoding = 4; lastKnownFileType = sourcecode.swift; path = "CGPoint+SwiftKit.swift"; sourceTree = "<group>"; };
		23AF8A521AFAC51E00E09C34 /* CGRect+SwiftKit.swift */ = {isa = PBXFileReference; fileEncoding = 4; lastKnownFileType = sourcecode.swift; path = "CGRect+SwiftKit.swift"; sourceTree = "<group>"; };
		23AF8A531AFAC51E00E09C34 /* CGSize+SwiftKit.swift */ = {isa = PBXFileReference; fileEncoding = 4; lastKnownFileType = sourcecode.swift; path = "CGSize+SwiftKit.swift"; sourceTree = "<group>"; };
		23AF8A541AFAC51E00E09C34 /* CLAuthorizationStatus+SwiftKit.swift */ = {isa = PBXFileReference; fileEncoding = 4; lastKnownFileType = sourcecode.swift; path = "CLAuthorizationStatus+SwiftKit.swift"; sourceTree = "<group>"; };
		23AF8A551AFAC51E00E09C34 /* CLGeocoder+SwiftKit.swift */ = {isa = PBXFileReference; fileEncoding = 4; lastKnownFileType = sourcecode.swift; path = "CLGeocoder+SwiftKit.swift"; sourceTree = "<group>"; };
		23AF8A561AFAC51E00E09C34 /* CLLocation+SwiftKit.swift */ = {isa = PBXFileReference; fileEncoding = 4; lastKnownFileType = sourcecode.swift; path = "CLLocation+SwiftKit.swift"; sourceTree = "<group>"; };
		23AF8A571AFAC51E00E09C34 /* CLLocationAccuracy+SwiftKit.swift */ = {isa = PBXFileReference; fileEncoding = 4; lastKnownFileType = sourcecode.swift; path = "CLLocationAccuracy+SwiftKit.swift"; sourceTree = "<group>"; };
		23AF8A581AFAC51E00E09C34 /* CLLocationCoordinate2D+SwiftKit.swift */ = {isa = PBXFileReference; fileEncoding = 4; lastKnownFileType = sourcecode.swift; path = "CLLocationCoordinate2D+SwiftKit.swift"; sourceTree = "<group>"; };
		23AF8A591AFAC51E00E09C34 /* CLLocationDistance+SwiftKit.swift */ = {isa = PBXFileReference; fileEncoding = 4; lastKnownFileType = sourcecode.swift; path = "CLLocationDistance+SwiftKit.swift"; sourceTree = "<group>"; };
		23AF8A5A1AFAC51E00E09C34 /* CLLocationManager+SwiftKit.swift */ = {isa = PBXFileReference; fileEncoding = 4; lastKnownFileType = sourcecode.swift; path = "CLLocationManager+SwiftKit.swift"; sourceTree = "<group>"; };
		23AF8A5B1AFAC51E00E09C34 /* Double+SwiftKit.swift */ = {isa = PBXFileReference; fileEncoding = 4; lastKnownFileType = sourcecode.swift; path = "Double+SwiftKit.swift"; sourceTree = "<group>"; };
		23AF8A5C1AFAC51E00E09C34 /* Float+SwiftKit.swift */ = {isa = PBXFileReference; fileEncoding = 4; lastKnownFileType = sourcecode.swift; path = "Float+SwiftKit.swift"; sourceTree = "<group>"; };
		23AF8A5D1AFAC51E00E09C34 /* Int+SwiftKit.swift */ = {isa = PBXFileReference; fileEncoding = 4; lastKnownFileType = sourcecode.swift; path = "Int+SwiftKit.swift"; sourceTree = "<group>"; };
		23AF8A5E1AFAC51E00E09C34 /* Int16+SwiftKit.swift */ = {isa = PBXFileReference; fileEncoding = 4; lastKnownFileType = sourcecode.swift; path = "Int16+SwiftKit.swift"; sourceTree = "<group>"; };
		23AF8A5F1AFAC51E00E09C34 /* Int64+SwiftKit.swift */ = {isa = PBXFileReference; fileEncoding = 4; lastKnownFileType = sourcecode.swift; path = "Int64+SwiftKit.swift"; sourceTree = "<group>"; };
		23AF8A601AFAC51E00E09C34 /* NSBatchUpdateRequest+SwiftKit.swift */ = {isa = PBXFileReference; fileEncoding = 4; lastKnownFileType = sourcecode.swift; path = "NSBatchUpdateRequest+SwiftKit.swift"; sourceTree = "<group>"; };
		23AF8A611AFAC51E00E09C34 /* NSBatchUpdateResult+SwiftKit.swift */ = {isa = PBXFileReference; fileEncoding = 4; lastKnownFileType = sourcecode.swift; path = "NSBatchUpdateResult+SwiftKit.swift"; sourceTree = "<group>"; };
		23AF8A621AFAC51E00E09C34 /* NSBundle+SwiftKit.swift */ = {isa = PBXFileReference; fileEncoding = 4; lastKnownFileType = sourcecode.swift; path = "NSBundle+SwiftKit.swift"; sourceTree = "<group>"; };
		23AF8A631AFAC51E00E09C34 /* NSCalendar+SwiftKit.swift */ = {isa = PBXFileReference; fileEncoding = 4; lastKnownFileType = sourcecode.swift; path = "NSCalendar+SwiftKit.swift"; sourceTree = "<group>"; };
		23AF8A641AFAC51E00E09C34 /* NSCalendarUnit+SwiftKit.swift */ = {isa = PBXFileReference; fileEncoding = 4; lastKnownFileType = sourcecode.swift; path = "NSCalendarUnit+SwiftKit.swift"; sourceTree = "<group>"; };
		23AF8A651AFAC51E00E09C34 /* NSCharacterSet+SwiftKit.swift */ = {isa = PBXFileReference; fileEncoding = 4; lastKnownFileType = sourcecode.swift; path = "NSCharacterSet+SwiftKit.swift"; sourceTree = "<group>"; };
		23AF8A661AFAC51E00E09C34 /* NSDate+SwiftKit.swift */ = {isa = PBXFileReference; fileEncoding = 4; lastKnownFileType = sourcecode.swift; path = "NSDate+SwiftKit.swift"; sourceTree = "<group>"; };
		23AF8A671AFAC51E00E09C34 /* NSDateComponents+SwiftKit.swift */ = {isa = PBXFileReference; fileEncoding = 4; lastKnownFileType = sourcecode.swift; path = "NSDateComponents+SwiftKit.swift"; sourceTree = "<group>"; };
		23AF8A681AFAC51E00E09C34 /* NSDateFormatter+SwiftKit.swift */ = {isa = PBXFileReference; fileEncoding = 4; lastKnownFileType = sourcecode.swift; path = "NSDateFormatter+SwiftKit.swift"; sourceTree = "<group>"; };
		23AF8A691AFAC51E00E09C34 /* NSError+SwiftKit.swift */ = {isa = PBXFileReference; fileEncoding = 4; lastKnownFileType = sourcecode.swift; lineEnding = 0; path = "NSError+SwiftKit.swift"; sourceTree = "<group>"; xcLanguageSpecificationIdentifier = xcode.lang.swift; };
		23AF8A6A1AFAC51E00E09C34 /* NSExpression+SwiftKit.swift */ = {isa = PBXFileReference; fileEncoding = 4; lastKnownFileType = sourcecode.swift; path = "NSExpression+SwiftKit.swift"; sourceTree = "<group>"; };
		23AF8A6B1AFAC51E00E09C34 /* NSExtensionContext+SwiftKit.swift */ = {isa = PBXFileReference; fileEncoding = 4; lastKnownFileType = sourcecode.swift; path = "NSExtensionContext+SwiftKit.swift"; sourceTree = "<group>"; };
		23AF8A6C1AFAC51E00E09C34 /* NSFetchedResultsController+SwiftKit.swift */ = {isa = PBXFileReference; fileEncoding = 4; lastKnownFileType = sourcecode.swift; path = "NSFetchedResultsController+SwiftKit.swift"; sourceTree = "<group>"; };
		23AF8A6D1AFAC51E00E09C34 /* NSFetchRequest+SwiftKit.swift */ = {isa = PBXFileReference; fileEncoding = 4; lastKnownFileType = sourcecode.swift; path = "NSFetchRequest+SwiftKit.swift"; sourceTree = "<group>"; };
		23AF8A6E1AFAC51E00E09C34 /* NSFileCoordinator+SwiftKit.swift */ = {isa = PBXFileReference; fileEncoding = 4; lastKnownFileType = sourcecode.swift; path = "NSFileCoordinator+SwiftKit.swift"; sourceTree = "<group>"; };
		23AF8A6F1AFAC51E00E09C34 /* NSFileManager+SwiftKit.swift */ = {isa = PBXFileReference; fileEncoding = 4; lastKnownFileType = sourcecode.swift; path = "NSFileManager+SwiftKit.swift"; sourceTree = "<group>"; };
		23AF8A701AFAC51E00E09C34 /* NSHashTable+SwiftKit.swift */ = {isa = PBXFileReference; fileEncoding = 4; lastKnownFileType = sourcecode.swift; lineEnding = 0; path = "NSHashTable+SwiftKit.swift"; sourceTree = "<group>"; xcLanguageSpecificationIdentifier = xcode.lang.swift; };
		23AF8A711AFAC51E00E09C34 /* NSJSONSerialization+SwiftKit.swift */ = {isa = PBXFileReference; fileEncoding = 4; lastKnownFileType = sourcecode.swift; path = "NSJSONSerialization+SwiftKit.swift"; sourceTree = "<group>"; };
		23AF8A721AFAC51E00E09C34 /* NSLocale+SwiftKit.swift */ = {isa = PBXFileReference; fileEncoding = 4; lastKnownFileType = sourcecode.swift; path = "NSLocale+SwiftKit.swift"; sourceTree = "<group>"; };
		23AF8A731AFAC51E00E09C34 /* NSManagedObject+SwiftKit.swift */ = {isa = PBXFileReference; fileEncoding = 4; lastKnownFileType = sourcecode.swift; path = "NSManagedObject+SwiftKit.swift"; sourceTree = "<group>"; };
		23AF8A741AFAC51E00E09C34 /* NSManagedObjectContext+SwiftKit.swift */ = {isa = PBXFileReference; fileEncoding = 4; lastKnownFileType = sourcecode.swift; path = "NSManagedObjectContext+SwiftKit.swift"; sourceTree = "<group>"; };
		23AF8A751AFAC51E00E09C34 /* NSManagedObjectModel+SwiftKit.swift */ = {isa = PBXFileReference; fileEncoding = 4; lastKnownFileType = sourcecode.swift; path = "NSManagedObjectModel+SwiftKit.swift"; sourceTree = "<group>"; };
		23AF8A761AFAC51E00E09C34 /* NSMapTable+SwiftKit.swift */ = {isa = PBXFileReference; fileEncoding = 4; lastKnownFileType = sourcecode.swift; path = "NSMapTable+SwiftKit.swift"; sourceTree = "<group>"; };
		23AF8A771AFAC51E00E09C34 /* NSNotification+SwiftKit.swift */ = {isa = PBXFileReference; fileEncoding = 4; lastKnownFileType = sourcecode.swift; path = "NSNotification+SwiftKit.swift"; sourceTree = "<group>"; };
		23AF8A781AFAC51E00E09C34 /* NSNotificationCenter+SwiftKit.swift */ = {isa = PBXFileReference; fileEncoding = 4; lastKnownFileType = sourcecode.swift; path = "NSNotificationCenter+SwiftKit.swift"; sourceTree = "<group>"; };
		23AF8A791AFAC51E00E09C34 /* NSObject+SwiftKit.swift */ = {isa = PBXFileReference; fileEncoding = 4; lastKnownFileType = sourcecode.swift; path = "NSObject+SwiftKit.swift"; sourceTree = "<group>"; };
		23AF8A7A1AFAC51E00E09C34 /* NSOperationQueue+SwiftKit.swift */ = {isa = PBXFileReference; fileEncoding = 4; lastKnownFileType = sourcecode.swift; lineEnding = 0; path = "NSOperationQueue+SwiftKit.swift"; sourceTree = "<group>"; xcLanguageSpecificationIdentifier = xcode.lang.swift; };
		23AF8A7B1AFAC51E00E09C34 /* NSPersistentStoreCoordinator+SwiftKit.swift */ = {isa = PBXFileReference; fileEncoding = 4; lastKnownFileType = sourcecode.swift; path = "NSPersistentStoreCoordinator+SwiftKit.swift"; sourceTree = "<group>"; };
		23AF8A7C1AFAC51E00E09C34 /* NSPredicate+SwiftKit.swift */ = {isa = PBXFileReference; fileEncoding = 4; lastKnownFileType = sourcecode.swift; path = "NSPredicate+SwiftKit.swift"; sourceTree = "<group>"; };
		23AF8A7D1AFAC51E00E09C34 /* NSRange+SwiftKit.swift */ = {isa = PBXFileReference; fileEncoding = 4; lastKnownFileType = sourcecode.swift; path = "NSRange+SwiftKit.swift"; sourceTree = "<group>"; };
		23AF8A7E1AFAC51E00E09C34 /* NSRegularExpression+SwiftKit.swift */ = {isa = PBXFileReference; fileEncoding = 4; lastKnownFileType = sourcecode.swift; path = "NSRegularExpression+SwiftKit.swift"; sourceTree = "<group>"; };
		23AF8A7F1AFAC51E00E09C34 /* NSTimeInterval+SwiftKit.swift */ = {isa = PBXFileReference; fileEncoding = 4; lastKnownFileType = sourcecode.swift; path = "NSTimeInterval+SwiftKit.swift"; sourceTree = "<group>"; };
		23AF8A801AFAC51E00E09C34 /* NSURL+SwiftKit.swift */ = {isa = PBXFileReference; fileEncoding = 4; lastKnownFileType = sourcecode.swift; path = "NSURL+SwiftKit.swift"; sourceTree = "<group>"; };
		23AF8A811AFAC51E00E09C34 /* NSURLSessionTask+SwiftKit.swift */ = {isa = PBXFileReference; fileEncoding = 4; lastKnownFileType = sourcecode.swift; path = "NSURLSessionTask+SwiftKit.swift"; sourceTree = "<group>"; };
		23AF8A821AFAC51E00E09C34 /* NSUserDefaults+SwiftKit.swift */ = {isa = PBXFileReference; fileEncoding = 4; lastKnownFileType = sourcecode.swift; path = "NSUserDefaults+SwiftKit.swift"; sourceTree = "<group>"; };
		23AF8A831AFAC51E00E09C34 /* Set+SwiftKit.swift */ = {isa = PBXFileReference; fileEncoding = 4; lastKnownFileType = sourcecode.swift; path = "Set+SwiftKit.swift"; sourceTree = "<group>"; };
		23AF8A841AFAC51E00E09C34 /* String+SwiftKit.swift */ = {isa = PBXFileReference; fileEncoding = 4; lastKnownFileType = sourcecode.swift; path = "String+SwiftKit.swift"; sourceTree = "<group>"; };
		23AF8A851AFAC51E00E09C34 /* UIApplication+SwiftKit.swift */ = {isa = PBXFileReference; fileEncoding = 4; lastKnownFileType = sourcecode.swift; path = "UIApplication+SwiftKit.swift"; sourceTree = "<group>"; };
		23AF8A861AFAC51E00E09C34 /* UIBarButtonItem+SwiftKit.swift */ = {isa = PBXFileReference; fileEncoding = 4; lastKnownFileType = sourcecode.swift; path = "UIBarButtonItem+SwiftKit.swift"; sourceTree = "<group>"; };
		23AF8A871AFAC51E00E09C34 /* UIButton+SwiftKit.swift */ = {isa = PBXFileReference; fileEncoding = 4; lastKnownFileType = sourcecode.swift; path = "UIButton+SwiftKit.swift"; sourceTree = "<group>"; };
		23AF8A881AFAC51E00E09C34 /* UICollectionReusableView+SwiftKit.swift */ = {isa = PBXFileReference; fileEncoding = 4; lastKnownFileType = sourcecode.swift; path = "UICollectionReusableView+SwiftKit.swift"; sourceTree = "<group>"; };
		23AF8A891AFAC51E00E09C34 /* UICollectionView+SwiftKit.swift */ = {isa = PBXFileReference; fileEncoding = 4; lastKnownFileType = sourcecode.swift; path = "UICollectionView+SwiftKit.swift"; sourceTree = "<group>"; };
		23AF8A8A1AFAC51E00E09C34 /* UICollectionViewCell+SwiftKit.swift */ = {isa = PBXFileReference; fileEncoding = 4; lastKnownFileType = sourcecode.swift; path = "UICollectionViewCell+SwiftKit.swift"; sourceTree = "<group>"; };
		23AF8A8B1AFAC51E00E09C34 /* UICollectionViewFlowLayout+SwiftKit.swift */ = {isa = PBXFileReference; fileEncoding = 4; lastKnownFileType = sourcecode.swift; path = "UICollectionViewFlowLayout+SwiftKit.swift"; sourceTree = "<group>"; };
		23AF8A8C1AFAC51E00E09C34 /* UICollectionViewLayout+SwiftKit.swift */ = {isa = PBXFileReference; fileEncoding = 4; lastKnownFileType = sourcecode.swift; path = "UICollectionViewLayout+SwiftKit.swift"; sourceTree = "<group>"; };
		23AF8A8D1AFAC51E00E09C34 /* UICollectionViewLayoutAttributes+SwiftKit.swift */ = {isa = PBXFileReference; fileEncoding = 4; lastKnownFileType = sourcecode.swift; path = "UICollectionViewLayoutAttributes+SwiftKit.swift"; sourceTree = "<group>"; };
		23AF8A8E1AFAC51E00E09C34 /* UIControl+SwiftKit.swift */ = {isa = PBXFileReference; fileEncoding = 4; lastKnownFileType = sourcecode.swift; path = "UIControl+SwiftKit.swift"; sourceTree = "<group>"; };
		23AF8A8F1AFAC51E00E09C34 /* UIDevice+SwiftKit.swift */ = {isa = PBXFileReference; fileEncoding = 4; lastKnownFileType = sourcecode.swift; path = "UIDevice+SwiftKit.swift"; sourceTree = "<group>"; };
		23AF8A901AFAC51E00E09C34 /* UIGestureRecognizer+SwiftKit.swift */ = {isa = PBXFileReference; fileEncoding = 4; lastKnownFileType = sourcecode.swift; path = "UIGestureRecognizer+SwiftKit.swift"; sourceTree = "<group>"; };
		23AF8A911AFAC51E00E09C34 /* UILabel+SwiftKit.swift */ = {isa = PBXFileReference; fileEncoding = 4; lastKnownFileType = sourcecode.swift; path = "UILabel+SwiftKit.swift"; sourceTree = "<group>"; };
		23AF8A921AFAC51E00E09C34 /* UINavigationController+SwiftKit.swift */ = {isa = PBXFileReference; fileEncoding = 4; lastKnownFileType = sourcecode.swift; path = "UINavigationController+SwiftKit.swift"; sourceTree = "<group>"; };
		23AF8A931AFAC51E00E09C34 /* UIPanGestureRecognizer+SwiftKit.swift */ = {isa = PBXFileReference; fileEncoding = 4; lastKnownFileType = sourcecode.swift; path = "UIPanGestureRecognizer+SwiftKit.swift"; sourceTree = "<group>"; };
		23AF8A941AFAC51E00E09C34 /* UIScreen+SwiftKit.swift */ = {isa = PBXFileReference; fileEncoding = 4; lastKnownFileType = sourcecode.swift; path = "UIScreen+SwiftKit.swift"; sourceTree = "<group>"; };
		23AF8A951AFAC51E00E09C34 /* UIScrollView+SwiftKit.swift */ = {isa = PBXFileReference; fileEncoding = 4; lastKnownFileType = sourcecode.swift; path = "UIScrollView+SwiftKit.swift"; sourceTree = "<group>"; };
		23AF8A961AFAC51E00E09C34 /* UIStoryboard+SwiftKit.swift */ = {isa = PBXFileReference; fileEncoding = 4; lastKnownFileType = sourcecode.swift; path = "UIStoryboard+SwiftKit.swift"; sourceTree = "<group>"; };
		23AF8A971AFAC51E00E09C34 /* UIView+SwiftKit.swift */ = {isa = PBXFileReference; fileEncoding = 4; lastKnownFileType = sourcecode.swift; path = "UIView+SwiftKit.swift"; sourceTree = "<group>"; };
		23AF8A981AFAC51E00E09C34 /* UIViewController+SwiftKit.swift */ = {isa = PBXFileReference; fileEncoding = 4; lastKnownFileType = sourcecode.swift; path = "UIViewController+SwiftKit.swift"; sourceTree = "<group>"; };
		23AF8A991AFAC51E00E09C34 /* UIWindow+SwiftKit.swift */ = {isa = PBXFileReference; fileEncoding = 4; lastKnownFileType = sourcecode.swift; path = "UIWindow+SwiftKit.swift"; sourceTree = "<group>"; };
		23AF8A9A1AFAC51E00E09C34 /* UTF16View+SwiftKit.swift */ = {isa = PBXFileReference; fileEncoding = 4; lastKnownFileType = sourcecode.swift; path = "UTF16View+SwiftKit.swift"; sourceTree = "<group>"; };
		23AF8B181AFACBE900E09C34 /* UIInterfaceOrientation+SwiftKit.swift */ = {isa = PBXFileReference; fileEncoding = 4; lastKnownFileType = sourcecode.swift; path = "UIInterfaceOrientation+SwiftKit.swift"; sourceTree = "<group>"; };
		23AF8B1A1AFACCF100E09C34 /* UIUserInterfaceIdiom+SwiftKit.swift */ = {isa = PBXFileReference; fileEncoding = 4; lastKnownFileType = sourcecode.swift; path = "UIUserInterfaceIdiom+SwiftKit.swift"; sourceTree = "<group>"; };
		23B29C991B0F81F500FE5168 /* OperationState.swift */ = {isa = PBXFileReference; fileEncoding = 4; lastKnownFileType = sourcecode.swift; path = OperationState.swift; sourceTree = "<group>"; };
		23B8088D1B0E49E100175A79 /* BaseOperation.swift */ = {isa = PBXFileReference; fileEncoding = 4; lastKnownFileType = sourcecode.swift; path = BaseOperation.swift; sourceTree = "<group>"; };
		23B8088F1B0E49EA00175A79 /* GeocodeOperation.swift */ = {isa = PBXFileReference; fileEncoding = 4; lastKnownFileType = sourcecode.swift; path = GeocodeOperation.swift; sourceTree = "<group>"; };
		23B808911B0E4FA000175A79 /* NetworkOperation.swift */ = {isa = PBXFileReference; fileEncoding = 4; lastKnownFileType = sourcecode.swift; path = NetworkOperation.swift; sourceTree = "<group>"; };
		23D0A0AB1B0D3E9400EEB2AE /* NSOperation+SwiftKit.swift */ = {isa = PBXFileReference; fileEncoding = 4; lastKnownFileType = sourcecode.swift; path = "NSOperation+SwiftKit.swift"; sourceTree = "<group>"; };
		23D1798C1AEFD8510033AE0E /* AssociationPolicy.swift */ = {isa = PBXFileReference; fileEncoding = 4; lastKnownFileType = sourcecode.swift; path = AssociationPolicy.swift; sourceTree = "<group>"; };
		23D2CA951AFD3938001376C7 /* PointerOptions.swift */ = {isa = PBXFileReference; fileEncoding = 4; lastKnownFileType = sourcecode.swift; path = PointerOptions.swift; sourceTree = "<group>"; };
		23D4936A1B0FCE3D00AD89A5 /* Queue.swift */ = {isa = PBXFileReference; fileEncoding = 4; lastKnownFileType = sourcecode.swift; path = Queue.swift; sourceTree = "<group>"; };
		23D595501AF1E62000CD6715 /* UnsafePointer+Functions.swift */ = {isa = PBXFileReference; fileEncoding = 4; lastKnownFileType = sourcecode.swift; path = "UnsafePointer+Functions.swift"; sourceTree = "<group>"; };
		23DA75761AD5ECD200F243C9 /* SwiftKit.framework */ = {isa = PBXFileReference; explicitFileType = wrapper.framework; includeInIndex = 0; path = SwiftKit.framework; sourceTree = BUILT_PRODUCTS_DIR; };
		23DA757A1AD5ECD200F243C9 /* Info.plist */ = {isa = PBXFileReference; lastKnownFileType = text.plist.xml; path = Info.plist; sourceTree = "<group>"; };
		23DA75811AD5ECD200F243C9 /* SwiftKitTests.xctest */ = {isa = PBXFileReference; explicitFileType = wrapper.cfbundle; includeInIndex = 0; path = SwiftKitTests.xctest; sourceTree = BUILT_PRODUCTS_DIR; };
		23DA75871AD5ECD200F243C9 /* Info.plist */ = {isa = PBXFileReference; lastKnownFileType = text.plist.xml; path = Info.plist; sourceTree = "<group>"; };
		23DA75881AD5ECD200F243C9 /* SwiftKitTests.swift */ = {isa = PBXFileReference; lastKnownFileType = sourcecode.swift; path = SwiftKitTests.swift; sourceTree = "<group>"; };
		23DA75AD1AD5F0D800F243C9 /* ViewControllerAnimatedTransition.swift */ = {isa = PBXFileReference; fileEncoding = 4; lastKnownFileType = sourcecode.swift; path = ViewControllerAnimatedTransition.swift; sourceTree = "<group>"; };
		23DA75AE1AD5F0D800F243C9 /* CollectionViewFetchedResultsController.swift */ = {isa = PBXFileReference; fileEncoding = 4; lastKnownFileType = sourcecode.swift; path = CollectionViewFetchedResultsController.swift; sourceTree = "<group>"; };
		23DA75B11AD5F0D800F243C9 /* StoryboardTemplateImageView.swift */ = {isa = PBXFileReference; fileEncoding = 4; lastKnownFileType = sourcecode.swift; lineEnding = 0; path = StoryboardTemplateImageView.swift; sourceTree = "<group>"; xcLanguageSpecificationIdentifier = xcode.lang.swift; };
		23DA75B21AD5F0D800F243C9 /* StoryboardVibrantImageView.swift */ = {isa = PBXFileReference; fileEncoding = 4; lastKnownFileType = sourcecode.swift; lineEnding = 0; path = StoryboardVibrantImageView.swift; sourceTree = "<group>"; xcLanguageSpecificationIdentifier = xcode.lang.swift; };
		23DA75B41AD5F0D800F243C9 /* AppContext.swift */ = {isa = PBXFileReference; fileEncoding = 4; lastKnownFileType = sourcecode.swift; path = AppContext.swift; sourceTree = "<group>"; };
		23DA75B51AD5F0D800F243C9 /* Direction.swift */ = {isa = PBXFileReference; fileEncoding = 4; lastKnownFileType = sourcecode.swift; path = Direction.swift; sourceTree = "<group>"; };
		23DA75B91AD5F0D800F243C9 /* ScrollDirection.swift */ = {isa = PBXFileReference; fileEncoding = 4; lastKnownFileType = sourcecode.swift; path = ScrollDirection.swift; sourceTree = "<group>"; };
		23DA75BA1AD5F0D800F243C9 /* TransitionStyle.swift */ = {isa = PBXFileReference; fileEncoding = 4; lastKnownFileType = sourcecode.swift; path = TransitionStyle.swift; sourceTree = "<group>"; };
		23DA76011AD5F0D900F243C9 /* CollectionType+Functions.swift */ = {isa = PBXFileReference; fileEncoding = 4; lastKnownFileType = sourcecode.swift; path = "CollectionType+Functions.swift"; sourceTree = "<group>"; };
		23DA76021AD5F0D900F243C9 /* Array+Operators.swift */ = {isa = PBXFileReference; fileEncoding = 4; lastKnownFileType = sourcecode.swift; path = "Array+Operators.swift"; sourceTree = "<group>"; };
		23DA76031AD5F0D900F243C9 /* CGPoint+Operators.swift */ = {isa = PBXFileReference; fileEncoding = 4; lastKnownFileType = sourcecode.swift; path = "CGPoint+Operators.swift"; sourceTree = "<group>"; };
		23DA76041AD5F0D900F243C9 /* Dictionary+Operators.swift */ = {isa = PBXFileReference; fileEncoding = 4; lastKnownFileType = sourcecode.swift; path = "Dictionary+Operators.swift"; sourceTree = "<group>"; };
		23DA76051AD5F0D900F243C9 /* NSIndexPath+Operators.swift */ = {isa = PBXFileReference; fileEncoding = 4; lastKnownFileType = sourcecode.swift; path = "NSIndexPath+Operators.swift"; sourceTree = "<group>"; };
		23DA76061AD5F0D900F243C9 /* MethodPointer+Functions.swift */ = {isa = PBXFileReference; fileEncoding = 4; lastKnownFileType = sourcecode.swift; lineEnding = 0; path = "MethodPointer+Functions.swift"; sourceTree = "<group>"; xcLanguageSpecificationIdentifier = xcode.lang.swift; };
		23DA766D1AD5F0E800F243C9 /* NetworkMethod.swift */ = {isa = PBXFileReference; fileEncoding = 4; lastKnownFileType = sourcecode.swift; path = NetworkMethod.swift; sourceTree = "<group>"; };
		23DA766F1AD5F0E800F243C9 /* NSMutableURLRequest+NetworkKit.swift */ = {isa = PBXFileReference; fileEncoding = 4; lastKnownFileType = sourcecode.swift; path = "NSMutableURLRequest+NetworkKit.swift"; sourceTree = "<group>"; };
		23DA76701AD5F0E800F243C9 /* NSURLSession+NetworkKit.swift */ = {isa = PBXFileReference; fileEncoding = 4; lastKnownFileType = sourcecode.swift; path = "NSURLSession+NetworkKit.swift"; sourceTree = "<group>"; };
		23DA76711AD5F0E800F243C9 /* NSURLSessionConfiguration+NetworkKit.swift */ = {isa = PBXFileReference; fileEncoding = 4; lastKnownFileType = sourcecode.swift; lineEnding = 0; path = "NSURLSessionConfiguration+NetworkKit.swift"; sourceTree = "<group>"; xcLanguageSpecificationIdentifier = xcode.lang.swift; };
		23DA76721AD5F0E800F243C9 /* NSURLSessionTask+NetworkKit.swift */ = {isa = PBXFileReference; fileEncoding = 4; lastKnownFileType = sourcecode.swift; path = "NSURLSessionTask+NetworkKit.swift"; sourceTree = "<group>"; };
		23DA76741AD5F0E800F243C9 /* NetworkActivity.swift */ = {isa = PBXFileReference; fileEncoding = 4; lastKnownFileType = sourcecode.swift; lineEnding = 0; path = NetworkActivity.swift; sourceTree = "<group>"; xcLanguageSpecificationIdentifier = xcode.lang.swift; };
		23DA76771AD5F0E800F243C9 /* NetworkRequest+Serializers.swift */ = {isa = PBXFileReference; fileEncoding = 4; lastKnownFileType = sourcecode.swift; path = "NetworkRequest+Serializers.swift"; sourceTree = "<group>"; };
		23DA76791AD5F0E800F243C9 /* NetworkRequest.swift */ = {isa = PBXFileReference; fileEncoding = 4; lastKnownFileType = sourcecode.swift; path = NetworkRequest.swift; sourceTree = "<group>"; };
		23DA767A1AD5F0E800F243C9 /* NetworkRequestDelegate.swift */ = {isa = PBXFileReference; fileEncoding = 4; lastKnownFileType = sourcecode.swift; path = NetworkRequestDelegate.swift; sourceTree = "<group>"; };
		23DA767B1AD5F0E800F243C9 /* NetworkRequestDelegateDataTask.swift */ = {isa = PBXFileReference; fileEncoding = 4; lastKnownFileType = sourcecode.swift; path = NetworkRequestDelegateDataTask.swift; sourceTree = "<group>"; };
		23DA767C1AD5F0E800F243C9 /* NetworkRequestDelegateDownloadTask.swift */ = {isa = PBXFileReference; fileEncoding = 4; lastKnownFileType = sourcecode.swift; path = NetworkRequestDelegateDownloadTask.swift; sourceTree = "<group>"; };
		23DA767D1AD5F0E800F243C9 /* NetworkRequestDelegateUploadTask.swift */ = {isa = PBXFileReference; fileEncoding = 4; lastKnownFileType = sourcecode.swift; path = NetworkRequestDelegateUploadTask.swift; sourceTree = "<group>"; };
		23DA767F1AD5F0E800F243C9 /* NetworkSession.swift */ = {isa = PBXFileReference; fileEncoding = 4; lastKnownFileType = sourcecode.swift; path = NetworkSession.swift; sourceTree = "<group>"; };
		23DA76801AD5F0E800F243C9 /* NetworkSessionDelegate+NSURLSessionDataDelegate.swift */ = {isa = PBXFileReference; fileEncoding = 4; lastKnownFileType = sourcecode.swift; path = "NetworkSessionDelegate+NSURLSessionDataDelegate.swift"; sourceTree = "<group>"; };
		23DA76811AD5F0E800F243C9 /* NetworkSessionDelegate+NSURLSessionDelegate.swift */ = {isa = PBXFileReference; fileEncoding = 4; lastKnownFileType = sourcecode.swift; path = "NetworkSessionDelegate+NSURLSessionDelegate.swift"; sourceTree = "<group>"; };
		23DA76821AD5F0E800F243C9 /* NetworkSessionDelegate+NSURLSessionDownloadDelegate.swift */ = {isa = PBXFileReference; fileEncoding = 4; lastKnownFileType = sourcecode.swift; path = "NetworkSessionDelegate+NSURLSessionDownloadDelegate.swift"; sourceTree = "<group>"; };
		23DA76831AD5F0E800F243C9 /* NetworkSessionDelegate+NSURLSessionTaskDelegate.swift */ = {isa = PBXFileReference; fileEncoding = 4; lastKnownFileType = sourcecode.swift; path = "NetworkSessionDelegate+NSURLSessionTaskDelegate.swift"; sourceTree = "<group>"; };
		23DA76841AD5F0E800F243C9 /* NetworkSessionDelegate.swift */ = {isa = PBXFileReference; fileEncoding = 4; lastKnownFileType = sourcecode.swift; path = NetworkSessionDelegate.swift; sourceTree = "<group>"; };
		23DA76851AD5F0E800F243C9 /* TypeDefs+NetworkKit.swift */ = {isa = PBXFileReference; fileEncoding = 4; lastKnownFileType = sourcecode.swift; path = "TypeDefs+NetworkKit.swift"; sourceTree = "<group>"; };
		23DD4F3F1AF01E45005B554C /* ViewControllerInteractiveTransition.swift */ = {isa = PBXFileReference; fileEncoding = 4; lastKnownFileType = sourcecode.swift; path = ViewControllerInteractiveTransition.swift; sourceTree = "<group>"; };
		23DE29F01B0EA05D009D793B /* NSBlockOperation+SwiftKit.swift */ = {isa = PBXFileReference; fileEncoding = 4; lastKnownFileType = sourcecode.swift; path = "NSBlockOperation+SwiftKit.swift"; sourceTree = "<group>"; };
		23E1B47F1B0A964D00D889E1 /* StringRepresentable.swift */ = {isa = PBXFileReference; fileEncoding = 4; lastKnownFileType = sourcecode.swift; path = StringRepresentable.swift; sourceTree = "<group>"; };
		23E1B4811B0AA81E00D889E1 /* Int32+SwiftKit.swift */ = {isa = PBXFileReference; fileEncoding = 4; lastKnownFileType = sourcecode.swift; path = "Int32+SwiftKit.swift"; sourceTree = "<group>"; };
/* End PBXFileReference section */

/* Begin PBXFrameworksBuildPhase section */
		23DA75721AD5ECD200F243C9 /* Frameworks */ = {
			isa = PBXFrameworksBuildPhase;
			buildActionMask = 2147483647;
			files = (
			);
			runOnlyForDeploymentPostprocessing = 0;
		};
		23DA757E1AD5ECD200F243C9 /* Frameworks */ = {
			isa = PBXFrameworksBuildPhase;
			buildActionMask = 2147483647;
			files = (
				23DA75821AD5ECD200F243C9 /* SwiftKit.framework in Frameworks */,
			);
			runOnlyForDeploymentPostprocessing = 0;
		};
/* End PBXFrameworksBuildPhase section */

/* Begin PBXGroup section */
		236A81FE1B20C1A100EA9777 /* _ NotificationKit */ = {
			isa = PBXGroup;
			children = (
				236A81FF1B20C1C900EA9777 /* NotificationManager.swift */,
				236A82011B20C22600EA9777 /* NotificationObserver.swift */,
			);
			path = "_ NotificationKit";
			sourceTree = "<group>";
		};
		23AF8A491AFAC51E00E09C34 /* + Extensions */ = {
			isa = PBXGroup;
			children = (
				23AF8A4A1AFAC51E00E09C34 /* Array+SwiftKit.swift */,
				23AF8A4B1AFAC51E00E09C34 /* Bool+SwiftKit.swift */,
				23AF8A4C1AFAC51E00E09C34 /* Boolean+SwiftKit.swift */,
				23AF8A4D1AFAC51E00E09C34 /* CADisplayLink+SwiftKit.swift */,
				23AF8A4E1AFAC51E00E09C34 /* CFNotificationCenter+SwiftKit.swift */,
				23AF8A4F1AFAC51E00E09C34 /* CGAffineTransform+SwiftKit.swift */,
				23AF8A501AFAC51E00E09C34 /* CGFloat+SwiftKit.swift */,
				23AF8A511AFAC51E00E09C34 /* CGPoint+SwiftKit.swift */,
				23AF8A521AFAC51E00E09C34 /* CGRect+SwiftKit.swift */,
				23AF8A531AFAC51E00E09C34 /* CGSize+SwiftKit.swift */,
				23AF8A541AFAC51E00E09C34 /* CLAuthorizationStatus+SwiftKit.swift */,
				23AF8A551AFAC51E00E09C34 /* CLGeocoder+SwiftKit.swift */,
				23AF8A561AFAC51E00E09C34 /* CLLocation+SwiftKit.swift */,
				23AF8A571AFAC51E00E09C34 /* CLLocationAccuracy+SwiftKit.swift */,
				23AF8A581AFAC51E00E09C34 /* CLLocationCoordinate2D+SwiftKit.swift */,
				23AF8A591AFAC51E00E09C34 /* CLLocationDistance+SwiftKit.swift */,
				23AF8A5A1AFAC51E00E09C34 /* CLLocationManager+SwiftKit.swift */,
				23AF8A5B1AFAC51E00E09C34 /* Double+SwiftKit.swift */,
				23AF8A5C1AFAC51E00E09C34 /* Float+SwiftKit.swift */,
				23AF8A5D1AFAC51E00E09C34 /* Int+SwiftKit.swift */,
				23AF8A5E1AFAC51E00E09C34 /* Int16+SwiftKit.swift */,
				23E1B4811B0AA81E00D889E1 /* Int32+SwiftKit.swift */,
				23AF8A5F1AFAC51E00E09C34 /* Int64+SwiftKit.swift */,
				23AF8A601AFAC51E00E09C34 /* NSBatchUpdateRequest+SwiftKit.swift */,
				23AF8A611AFAC51E00E09C34 /* NSBatchUpdateResult+SwiftKit.swift */,
				23DE29F01B0EA05D009D793B /* NSBlockOperation+SwiftKit.swift */,
				23AF8A621AFAC51E00E09C34 /* NSBundle+SwiftKit.swift */,
				23AF8A631AFAC51E00E09C34 /* NSCalendar+SwiftKit.swift */,
				23AF8A641AFAC51E00E09C34 /* NSCalendarUnit+SwiftKit.swift */,
				23AF8A651AFAC51E00E09C34 /* NSCharacterSet+SwiftKit.swift */,
				23AF8A661AFAC51E00E09C34 /* NSDate+SwiftKit.swift */,
				23AF8A671AFAC51E00E09C34 /* NSDateComponents+SwiftKit.swift */,
				23AF8A681AFAC51E00E09C34 /* NSDateFormatter+SwiftKit.swift */,
				23A57C7D1AFD710D0021AE70 /* NSEntityDescription+SwiftKit.swift */,
				23AF8A691AFAC51E00E09C34 /* NSError+SwiftKit.swift */,
				23AF8A6A1AFAC51E00E09C34 /* NSExpression+SwiftKit.swift */,
				23AF8A6B1AFAC51E00E09C34 /* NSExtensionContext+SwiftKit.swift */,
				23AF8A6C1AFAC51E00E09C34 /* NSFetchedResultsController+SwiftKit.swift */,
				23AF8A6D1AFAC51E00E09C34 /* NSFetchRequest+SwiftKit.swift */,
				23AF8A6E1AFAC51E00E09C34 /* NSFileCoordinator+SwiftKit.swift */,
				23AF8A6F1AFAC51E00E09C34 /* NSFileManager+SwiftKit.swift */,
				23AF8A701AFAC51E00E09C34 /* NSHashTable+SwiftKit.swift */,
				23AF8A711AFAC51E00E09C34 /* NSJSONSerialization+SwiftKit.swift */,
				23AF8A721AFAC51E00E09C34 /* NSLocale+SwiftKit.swift */,
				23AF8A731AFAC51E00E09C34 /* NSManagedObject+SwiftKit.swift */,
				23AF8A741AFAC51E00E09C34 /* NSManagedObjectContext+SwiftKit.swift */,
				23AF8A751AFAC51E00E09C34 /* NSManagedObjectModel+SwiftKit.swift */,
				23AF8A761AFAC51E00E09C34 /* NSMapTable+SwiftKit.swift */,
				23AF8A771AFAC51E00E09C34 /* NSNotification+SwiftKit.swift */,
				23AF8A781AFAC51E00E09C34 /* NSNotificationCenter+SwiftKit.swift */,
				23AF8A791AFAC51E00E09C34 /* NSObject+SwiftKit.swift */,
				23D0A0AB1B0D3E9400EEB2AE /* NSOperation+SwiftKit.swift */,
				23AF8A7A1AFAC51E00E09C34 /* NSOperationQueue+SwiftKit.swift */,
				23AF8A7B1AFAC51E00E09C34 /* NSPersistentStoreCoordinator+SwiftKit.swift */,
				23AF8A7C1AFAC51E00E09C34 /* NSPredicate+SwiftKit.swift */,
				2317EDF41B0BC23C00210B73 /* NSQualityOfService+SwiftKit.swift */,
				23AF8A7D1AFAC51E00E09C34 /* NSRange+SwiftKit.swift */,
				23AF8A7E1AFAC51E00E09C34 /* NSRegularExpression+SwiftKit.swift */,
				23AF8A7F1AFAC51E00E09C34 /* NSTimeInterval+SwiftKit.swift */,
				23AF8A801AFAC51E00E09C34 /* NSURL+SwiftKit.swift */,
				23AF8A811AFAC51E00E09C34 /* NSURLSessionTask+SwiftKit.swift */,
				23AF8A821AFAC51E00E09C34 /* NSUserDefaults+SwiftKit.swift */,
				23AF8A831AFAC51E00E09C34 /* Set+SwiftKit.swift */,
				23AF8A841AFAC51E00E09C34 /* String+SwiftKit.swift */,
				23AF8A851AFAC51E00E09C34 /* UIApplication+SwiftKit.swift */,
				23AF8A861AFAC51E00E09C34 /* UIBarButtonItem+SwiftKit.swift */,
				23AF8A871AFAC51E00E09C34 /* UIButton+SwiftKit.swift */,
				23AF8A881AFAC51E00E09C34 /* UICollectionReusableView+SwiftKit.swift */,
				23AF8A891AFAC51E00E09C34 /* UICollectionView+SwiftKit.swift */,
				23AF8A8A1AFAC51E00E09C34 /* UICollectionViewCell+SwiftKit.swift */,
				23AF8A8B1AFAC51E00E09C34 /* UICollectionViewFlowLayout+SwiftKit.swift */,
				23AF8A8C1AFAC51E00E09C34 /* UICollectionViewLayout+SwiftKit.swift */,
				23AF8A8D1AFAC51E00E09C34 /* UICollectionViewLayoutAttributes+SwiftKit.swift */,
				23AF8A8E1AFAC51E00E09C34 /* UIControl+SwiftKit.swift */,
				23AF8A8F1AFAC51E00E09C34 /* UIDevice+SwiftKit.swift */,
				23AF8A901AFAC51E00E09C34 /* UIGestureRecognizer+SwiftKit.swift */,
				23AF8B181AFACBE900E09C34 /* UIInterfaceOrientation+SwiftKit.swift */,
				23AF8A911AFAC51E00E09C34 /* UILabel+SwiftKit.swift */,
				23AF8A921AFAC51E00E09C34 /* UINavigationController+SwiftKit.swift */,
				23AF8A931AFAC51E00E09C34 /* UIPanGestureRecognizer+SwiftKit.swift */,
				23AF8A941AFAC51E00E09C34 /* UIScreen+SwiftKit.swift */,
				23AF8A951AFAC51E00E09C34 /* UIScrollView+SwiftKit.swift */,
				23AF8A961AFAC51E00E09C34 /* UIStoryboard+SwiftKit.swift */,
				23AF8B1A1AFACCF100E09C34 /* UIUserInterfaceIdiom+SwiftKit.swift */,
				23AF8A971AFAC51E00E09C34 /* UIView+SwiftKit.swift */,
				23AF8A981AFAC51E00E09C34 /* UIViewController+SwiftKit.swift */,
				23AF8A991AFAC51E00E09C34 /* UIWindow+SwiftKit.swift */,
				23AF8A9A1AFAC51E00E09C34 /* UTF16View+SwiftKit.swift */,
			);
			path = "+ Extensions";
			sourceTree = "<group>";
		};
		23B8088C1B0E49D100175A79 /* + Operations */ = {
			isa = PBXGroup;
			children = (
				23B8088D1B0E49E100175A79 /* BaseOperation.swift */,
				23B8088F1B0E49EA00175A79 /* GeocodeOperation.swift */,
				23B808911B0E4FA000175A79 /* NetworkOperation.swift */,
			);
			path = "+ Operations";
			sourceTree = "<group>";
		};
		23DA756C1AD5ECD200F243C9 = {
			isa = PBXGroup;
			children = (
				23DA75A91AD5EFD000F243C9 /* Resources */,
				23DA75781AD5ECD200F243C9 /* SwiftKit */,
				23DA75851AD5ECD200F243C9 /* SwiftKitTests */,
			);
			sourceTree = "<group>";
		};
		23DA75771AD5ECD200F243C9 /* Products */ = {
			isa = PBXGroup;
			children = (
				23DA75761AD5ECD200F243C9 /* SwiftKit.framework */,
				23DA75811AD5ECD200F243C9 /* SwiftKitTests.xctest */,
			);
			name = Products;
			sourceTree = "<group>";
		};
		23DA75781AD5ECD200F243C9 /* SwiftKit */ = {
			isa = PBXGroup;
			children = (
				23DA75AC1AD5F0D800F243C9 /* + Classes */,
				23DA75B31AD5F0D800F243C9 /* + Enums */,
				23AF8A491AFAC51E00E09C34 /* + Extensions */,
				23DA76001AD5F0D900F243C9 /* + Functions */,
				23B8088C1B0E49D100175A79 /* + Operations */,
				23DA76071AD5F0D900F243C9 /* + Protocols */,
				23DA76641AD5F0E800F243C9 /* _ DataKit */,
				23DA766B1AD5F0E800F243C9 /* _ NetworkKit */,
				236A81FE1B20C1A100EA9777 /* _ NotificationKit */,
			);
			path = SwiftKit;
			sourceTree = "<group>";
		};
		23DA75791AD5ECD200F243C9 /* Supporting Files */ = {
			isa = PBXGroup;
			children = (
				23DA757A1AD5ECD200F243C9 /* Info.plist */,
			);
			name = "Supporting Files";
			path = SwiftKit;
			sourceTree = "<group>";
		};
		23DA75851AD5ECD200F243C9 /* SwiftKitTests */ = {
			isa = PBXGroup;
			children = (
				23DA75881AD5ECD200F243C9 /* SwiftKitTests.swift */,
			);
			path = SwiftKitTests;
			sourceTree = "<group>";
		};
		23DA75861AD5ECD200F243C9 /* Supporting Files */ = {
			isa = PBXGroup;
			children = (
				23DA75871AD5ECD200F243C9 /* Info.plist */,
			);
			name = "Supporting Files";
			path = SwiftKitTests;
			sourceTree = "<group>";
		};
		23DA75A91AD5EFD000F243C9 /* Resources */ = {
			isa = PBXGroup;
			children = (
				23DA75AA1AD5EFD500F243C9 /* SwiftKit */,
				23DA75AB1AD5EFDF00F243C9 /* SwiftKitTests */,
				23DA75771AD5ECD200F243C9 /* Products */,
			);
			name = Resources;
			sourceTree = "<group>";
		};
		23DA75AA1AD5EFD500F243C9 /* SwiftKit */ = {
			isa = PBXGroup;
			children = (
				23DA75791AD5ECD200F243C9 /* Supporting Files */,
			);
			name = SwiftKit;
			sourceTree = "<group>";
		};
		23DA75AB1AD5EFDF00F243C9 /* SwiftKitTests */ = {
			isa = PBXGroup;
			children = (
				23DA75861AD5ECD200F243C9 /* Supporting Files */,
			);
			name = SwiftKitTests;
			sourceTree = "<group>";
		};
		23DA75AC1AD5F0D800F243C9 /* + Classes */ = {
			isa = PBXGroup;
			children = (
				23DA75AE1AD5F0D800F243C9 /* CollectionViewFetchedResultsController.swift */,
				23DA75B11AD5F0D800F243C9 /* StoryboardTemplateImageView.swift */,
				23DA75B21AD5F0D800F243C9 /* StoryboardVibrantImageView.swift */,
				23DA75AD1AD5F0D800F243C9 /* ViewControllerAnimatedTransition.swift */,
				23DD4F3F1AF01E45005B554C /* ViewControllerInteractiveTransition.swift */,
			);
			path = "+ Classes";
			sourceTree = "<group>";
		};
		23DA75B31AD5F0D800F243C9 /* + Enums */ = {
			isa = PBXGroup;
			children = (
				23DA75B41AD5F0D800F243C9 /* AppContext.swift */,
				23D1798C1AEFD8510033AE0E /* AssociationPolicy.swift */,
				23A7E70A1AEF6227000528C2 /* DecelerationSpeed.swift */,
				23DA75B51AD5F0D800F243C9 /* Direction.swift */,
				23B29C991B0F81F500FE5168 /* OperationState.swift */,
				23D2CA951AFD3938001376C7 /* PointerOptions.swift */,
				23DA75B91AD5F0D800F243C9 /* ScrollDirection.swift */,
				23DA75BA1AD5F0D800F243C9 /* TransitionStyle.swift */,
				23D4936A1B0FCE3D00AD89A5 /* Queue.swift */,
			);
			path = "+ Enums";
			sourceTree = "<group>";
		};
		23DA76001AD5F0D900F243C9 /* + Functions */ = {
			isa = PBXGroup;
			children = (
				23DA76021AD5F0D900F243C9 /* Array+Operators.swift */,
				23DA76011AD5F0D900F243C9 /* CollectionType+Functions.swift */,
				23DA76041AD5F0D900F243C9 /* Dictionary+Operators.swift */,
				235CC2DD1AE08456001CA128 /* CLLocation+Operators.swift */,
				235CC2DF1AE084AD001CA128 /* CLLocationCoordinate2D+Operators.swift */,
				23DA76031AD5F0D900F243C9 /* CGPoint+Operators.swift */,
				2317EDF61B0BC2ED00210B73 /* GrandCentralDispatch+Functions.swift */,
				23DA76061AD5F0D900F243C9 /* MethodPointer+Functions.swift */,
				23DA76051AD5F0D900F243C9 /* NSIndexPath+Operators.swift */,
				23D595501AF1E62000CD6715 /* UnsafePointer+Functions.swift */,
			);
			path = "+ Functions";
			sourceTree = "<group>";
		};
		23DA76071AD5F0D900F243C9 /* + Protocols */ = {
			isa = PBXGroup;
			children = (
				23E1B47F1B0A964D00D889E1 /* StringRepresentable.swift */,
			);
			path = "+ Protocols";
			sourceTree = "<group>";
		};
		23DA76641AD5F0E800F243C9 /* _ DataKit */ = {
			isa = PBXGroup;
			children = (
				238A1FEB1B24B0830012512B /* DataStore.swift */,
				238A1FEF1B24B3A30012512B /* DataStoreDocument.swift */,
			);
			path = "_ DataKit";
			sourceTree = "<group>";
		};
		23DA766B1AD5F0E800F243C9 /* _ NetworkKit */ = {
			isa = PBXGroup;
			children = (
				23DA76851AD5F0E800F243C9 /* TypeDefs+NetworkKit.swift */,
				23DA766C1AD5F0E800F243C9 /* + Enums */,
				23DA766E1AD5F0E800F243C9 /* + Extensions */,
				23DA76731AD5F0E800F243C9 /* _ NetworkActivity */,
				23DA76751AD5F0E800F243C9 /* _ NetworkRequest */,
				23DA767E1AD5F0E800F243C9 /* _ NetworkSession */,
			);
			path = "_ NetworkKit";
			sourceTree = "<group>";
		};
		23DA766C1AD5F0E800F243C9 /* + Enums */ = {
			isa = PBXGroup;
			children = (
				23DA766D1AD5F0E800F243C9 /* NetworkMethod.swift */,
			);
			path = "+ Enums";
			sourceTree = "<group>";
		};
		23DA766E1AD5F0E800F243C9 /* + Extensions */ = {
			isa = PBXGroup;
			children = (
				23DA766F1AD5F0E800F243C9 /* NSMutableURLRequest+NetworkKit.swift */,
				23DA76701AD5F0E800F243C9 /* NSURLSession+NetworkKit.swift */,
				23DA76711AD5F0E800F243C9 /* NSURLSessionConfiguration+NetworkKit.swift */,
				23DA76721AD5F0E800F243C9 /* NSURLSessionTask+NetworkKit.swift */,
			);
			path = "+ Extensions";
			sourceTree = "<group>";
		};
		23DA76731AD5F0E800F243C9 /* _ NetworkActivity */ = {
			isa = PBXGroup;
			children = (
				23DA76741AD5F0E800F243C9 /* NetworkActivity.swift */,
			);
			path = "_ NetworkActivity";
			sourceTree = "<group>";
		};
		23DA76751AD5F0E800F243C9 /* _ NetworkRequest */ = {
			isa = PBXGroup;
			children = (
				23DA76791AD5F0E800F243C9 /* NetworkRequest.swift */,
				23DA76771AD5F0E800F243C9 /* NetworkRequest+Serializers.swift */,
				23DA767A1AD5F0E800F243C9 /* NetworkRequestDelegate.swift */,
				23DA767B1AD5F0E800F243C9 /* NetworkRequestDelegateDataTask.swift */,
				23DA767C1AD5F0E800F243C9 /* NetworkRequestDelegateDownloadTask.swift */,
				23DA767D1AD5F0E800F243C9 /* NetworkRequestDelegateUploadTask.swift */,
			);
			path = "_ NetworkRequest";
			sourceTree = "<group>";
		};
		23DA767E1AD5F0E800F243C9 /* _ NetworkSession */ = {
			isa = PBXGroup;
			children = (
				23DA767F1AD5F0E800F243C9 /* NetworkSession.swift */,
				23DA76841AD5F0E800F243C9 /* NetworkSessionDelegate.swift */,
				23DA76811AD5F0E800F243C9 /* NetworkSessionDelegate+NSURLSessionDelegate.swift */,
				23DA76831AD5F0E800F243C9 /* NetworkSessionDelegate+NSURLSessionTaskDelegate.swift */,
				23DA76801AD5F0E800F243C9 /* NetworkSessionDelegate+NSURLSessionDataDelegate.swift */,
				23DA76821AD5F0E800F243C9 /* NetworkSessionDelegate+NSURLSessionDownloadDelegate.swift */,
			);
			path = "_ NetworkSession";
			sourceTree = "<group>";
		};
/* End PBXGroup section */

/* Begin PBXHeadersBuildPhase section */
		23DA75731AD5ECD200F243C9 /* Headers */ = {
			isa = PBXHeadersBuildPhase;
			buildActionMask = 2147483647;
			files = (
			);
			runOnlyForDeploymentPostprocessing = 0;
		};
/* End PBXHeadersBuildPhase section */

/* Begin PBXNativeTarget section */
		23DA75751AD5ECD200F243C9 /* SwiftKit */ = {
			isa = PBXNativeTarget;
			buildConfigurationList = 23DA758C1AD5ECD200F243C9 /* Build configuration list for PBXNativeTarget "SwiftKit" */;
			buildPhases = (
				23DA77781AD5FAC900F243C9 /* Update Build Number */,
				23DA75711AD5ECD200F243C9 /* Sources */,
				23DA75721AD5ECD200F243C9 /* Frameworks */,
				23DA75731AD5ECD200F243C9 /* Headers */,
				23DA75741AD5ECD200F243C9 /* Resources */,
			);
			buildRules = (
			);
			dependencies = (
			);
			name = SwiftKit;
			productName = SwiftKit;
			productReference = 23DA75761AD5ECD200F243C9 /* SwiftKit.framework */;
			productType = "com.apple.product-type.framework";
		};
		23DA75801AD5ECD200F243C9 /* SwiftKitTests */ = {
			isa = PBXNativeTarget;
			buildConfigurationList = 23DA758F1AD5ECD200F243C9 /* Build configuration list for PBXNativeTarget "SwiftKitTests" */;
			buildPhases = (
				23DA757D1AD5ECD200F243C9 /* Sources */,
				23DA757E1AD5ECD200F243C9 /* Frameworks */,
				23DA757F1AD5ECD200F243C9 /* Resources */,
			);
			buildRules = (
			);
			dependencies = (
				23DA75841AD5ECD200F243C9 /* PBXTargetDependency */,
			);
			name = SwiftKitTests;
			productName = SwiftKitTests;
			productReference = 23DA75811AD5ECD200F243C9 /* SwiftKitTests.xctest */;
			productType = "com.apple.product-type.bundle.unit-test";
		};
/* End PBXNativeTarget section */

/* Begin PBXProject section */
		23DA756D1AD5ECD200F243C9 /* Project object */ = {
			isa = PBXProject;
			attributes = {
				LastUpgradeCheck = 0630;
				ORGANIZATIONNAME = jakekirshner;
				TargetAttributes = {
					23DA75751AD5ECD200F243C9 = {
						CreatedOnToolsVersion = 6.3;
					};
					23DA75801AD5ECD200F243C9 = {
						CreatedOnToolsVersion = 6.3;
					};
				};
			};
			buildConfigurationList = 23DA75701AD5ECD200F243C9 /* Build configuration list for PBXProject "SwiftKit" */;
			compatibilityVersion = "Xcode 3.2";
			developmentRegion = English;
			hasScannedForEncodings = 0;
			knownRegions = (
				en,
			);
			mainGroup = 23DA756C1AD5ECD200F243C9;
			productRefGroup = 23DA75771AD5ECD200F243C9 /* Products */;
			projectDirPath = "";
			projectRoot = "";
			targets = (
				23DA75751AD5ECD200F243C9 /* SwiftKit */,
				23DA75801AD5ECD200F243C9 /* SwiftKitTests */,
			);
		};
/* End PBXProject section */

/* Begin PBXResourcesBuildPhase section */
		23DA75741AD5ECD200F243C9 /* Resources */ = {
			isa = PBXResourcesBuildPhase;
			buildActionMask = 2147483647;
			files = (
			);
			runOnlyForDeploymentPostprocessing = 0;
		};
		23DA757F1AD5ECD200F243C9 /* Resources */ = {
			isa = PBXResourcesBuildPhase;
			buildActionMask = 2147483647;
			files = (
			);
			runOnlyForDeploymentPostprocessing = 0;
		};
/* End PBXResourcesBuildPhase section */

/* Begin PBXShellScriptBuildPhase section */
		23DA77781AD5FAC900F243C9 /* Update Build Number */ = {
			isa = PBXShellScriptBuildPhase;
			buildActionMask = 8;
			files = (
			);
			inputPaths = (
			);
			name = "Update Build Number";
			outputPaths = (
			);
			runOnlyForDeploymentPostprocessing = 1;
			shellPath = /bin/sh;
			shellScript = "\"${PROJECT_DIR}/Tools/versioning.sh\" \"${PROJECT_DIR}/${INFOPLIST_FILE}\"";
			showEnvVarsInLog = 0;
		};
/* End PBXShellScriptBuildPhase section */

/* Begin PBXSourcesBuildPhase section */
		23DA75711AD5ECD200F243C9 /* Sources */ = {
			isa = PBXSourcesBuildPhase;
			buildActionMask = 2147483647;
			files = (
				235CC2E01AE084AD001CA128 /* CLLocationCoordinate2D+Operators.swift in Sources */,
				23AF8AC91AFAC51E00E09C34 /* NSNotificationCenter+SwiftKit.swift in Sources */,
				23AF8AB51AFAC51E00E09C34 /* NSCalendarUnit+SwiftKit.swift in Sources */,
				23D0A0AC1B0D3E9400EEB2AE /* NSOperation+SwiftKit.swift in Sources */,
				23AF8AE01AFAC51E00E09C34 /* UIDevice+SwiftKit.swift in Sources */,
				23AF8ABC1AFAC51E00E09C34 /* NSExtensionContext+SwiftKit.swift in Sources */,
				23DA768F1AD5F0E800F243C9 /* NSURLSession+NetworkKit.swift in Sources */,
				23AF8AA31AFAC51E00E09C34 /* CGRect+SwiftKit.swift in Sources */,
				23DA768E1AD5F0E800F243C9 /* NSMutableURLRequest+NetworkKit.swift in Sources */,
				23AF8ADD1AFAC51E00E09C34 /* UICollectionViewLayout+SwiftKit.swift in Sources */,
				23AF8A9F1AFAC51E00E09C34 /* CFNotificationCenter+SwiftKit.swift in Sources */,
				23D1798D1AEFD8510033AE0E /* AssociationPolicy.swift in Sources */,
				23B808901B0E49EA00175A79 /* GeocodeOperation.swift in Sources */,
				23AF8AD71AFAC51E00E09C34 /* UIBarButtonItem+SwiftKit.swift in Sources */,
				23AF8AC21AFAC51E00E09C34 /* NSJSONSerialization+SwiftKit.swift in Sources */,
				23D595511AF1E62000CD6715 /* UnsafePointer+Functions.swift in Sources */,
				23AF8AEA1AFAC51E00E09C34 /* UIWindow+SwiftKit.swift in Sources */,
				23AF8AEB1AFAC51E00E09C34 /* UTF16View+SwiftKit.swift in Sources */,
				23DA769B1AD5F0E800F243C9 /* NetworkSession.swift in Sources */,
				23DA76101AD5F0D900F243C9 /* StoryboardVibrantImageView.swift in Sources */,
				23AF8ABF1AFAC51E00E09C34 /* NSFileCoordinator+SwiftKit.swift in Sources */,
				23DA76A01AD5F0E800F243C9 /* NetworkSessionDelegate.swift in Sources */,
				235CC2DE1AE08456001CA128 /* CLLocation+Operators.swift in Sources */,
				23AF8AAA1AFAC51E00E09C34 /* CLLocationDistance+SwiftKit.swift in Sources */,
				23AF8AD81AFAC51E00E09C34 /* UIButton+SwiftKit.swift in Sources */,
				23AF8AB01AFAC51E00E09C34 /* Int64+SwiftKit.swift in Sources */,
				23AF8AE11AFAC51E00E09C34 /* UIGestureRecognizer+SwiftKit.swift in Sources */,
				23AF8AA51AFAC51E00E09C34 /* CLAuthorizationStatus+SwiftKit.swift in Sources */,
				23B29C9A1B0F81F500FE5168 /* OperationState.swift in Sources */,
				23AF8AE41AFAC51E00E09C34 /* UIPanGestureRecognizer+SwiftKit.swift in Sources */,
				23AF8AB81AFAC51E00E09C34 /* NSDateComponents+SwiftKit.swift in Sources */,
				23AF8AAD1AFAC51E00E09C34 /* Float+SwiftKit.swift in Sources */,
				23AF8AE71AFAC51E00E09C34 /* UIStoryboard+SwiftKit.swift in Sources */,
				23DA765D1AD5F0D900F243C9 /* Array+Operators.swift in Sources */,
				23DA76911AD5F0E800F243C9 /* NSURLSessionTask+NetworkKit.swift in Sources */,
				23DA760C1AD5F0D900F243C9 /* CollectionViewFetchedResultsController.swift in Sources */,
				23AF8AE81AFAC51E00E09C34 /* UIView+SwiftKit.swift in Sources */,
				23AF8AE61AFAC51E00E09C34 /* UIScrollView+SwiftKit.swift in Sources */,
				23DA76941AD5F0E800F243C9 /* NetworkRequest+Serializers.swift in Sources */,
				23A57C7E1AFD710D0021AE70 /* NSEntityDescription+SwiftKit.swift in Sources */,
				23AF8ABE1AFAC51E00E09C34 /* NSFetchRequest+SwiftKit.swift in Sources */,
				23AF8AC81AFAC51E00E09C34 /* NSNotification+SwiftKit.swift in Sources */,
				23DE29F11B0EA05D009D793B /* NSBlockOperation+SwiftKit.swift in Sources */,
				238A1FEC1B24B0830012512B /* DataStore.swift in Sources */,
				23AF8AD01AFAC51E00E09C34 /* NSTimeInterval+SwiftKit.swift in Sources */,
				23AF8AAB1AFAC51E00E09C34 /* CLLocationManager+SwiftKit.swift in Sources */,
				23AF8A9B1AFAC51E00E09C34 /* Array+SwiftKit.swift in Sources */,
				23AF8AA71AFAC51E00E09C34 /* CLLocation+SwiftKit.swift in Sources */,
				2317EDF51B0BC23C00210B73 /* NSQualityOfService+SwiftKit.swift in Sources */,
				23DA76121AD5F0D900F243C9 /* Direction.swift in Sources */,
				2317EDF71B0BC2ED00210B73 /* GrandCentralDispatch+Functions.swift in Sources */,
				23AF8AA11AFAC51E00E09C34 /* CGFloat+SwiftKit.swift in Sources */,
				23AF8AC71AFAC51E00E09C34 /* NSMapTable+SwiftKit.swift in Sources */,
				23DA76611AD5F0D900F243C9 /* MethodPointer+Functions.swift in Sources */,
				23AF8AA81AFAC51E00E09C34 /* CLLocationAccuracy+SwiftKit.swift in Sources */,
				23DA765E1AD5F0D900F243C9 /* CGPoint+Operators.swift in Sources */,
				23DA76921AD5F0E800F243C9 /* NetworkActivity.swift in Sources */,
				23AF8ACE1AFAC51E00E09C34 /* NSRange+SwiftKit.swift in Sources */,
				23AF8AC41AFAC51E00E09C34 /* NSManagedObject+SwiftKit.swift in Sources */,
				23AF8ACA1AFAC51E00E09C34 /* NSObject+SwiftKit.swift in Sources */,
				23AF8ADC1AFAC51E00E09C34 /* UICollectionViewFlowLayout+SwiftKit.swift in Sources */,
				23AF8B191AFACBE900E09C34 /* UIInterfaceOrientation+SwiftKit.swift in Sources */,
				236A82021B20C22600EA9777 /* NotificationObserver.swift in Sources */,
				23DA76111AD5F0D900F243C9 /* AppContext.swift in Sources */,
				23DA769A1AD5F0E800F243C9 /* NetworkRequestDelegateUploadTask.swift in Sources */,
				23AF8ABA1AFAC51E00E09C34 /* NSError+SwiftKit.swift in Sources */,
				23DA76971AD5F0E800F243C9 /* NetworkRequestDelegate.swift in Sources */,
				23DD4F401AF01E45005B554C /* ViewControllerInteractiveTransition.swift in Sources */,
				23DA769E1AD5F0E800F243C9 /* NetworkSessionDelegate+NSURLSessionDownloadDelegate.swift in Sources */,
				23DA76981AD5F0E800F243C9 /* NetworkRequestDelegateDataTask.swift in Sources */,
				23AF8B1B1AFACCF100E09C34 /* UIUserInterfaceIdiom+SwiftKit.swift in Sources */,
				23AF8ACD1AFAC51E00E09C34 /* NSPredicate+SwiftKit.swift in Sources */,
				23AF8ACC1AFAC51E00E09C34 /* NSPersistentStoreCoordinator+SwiftKit.swift in Sources */,
				23AF8AA01AFAC51E00E09C34 /* CGAffineTransform+SwiftKit.swift in Sources */,
				23AF8AD91AFAC51E00E09C34 /* UICollectionReusableView+SwiftKit.swift in Sources */,
				23AF8A9D1AFAC51E00E09C34 /* Boolean+SwiftKit.swift in Sources */,
				23DA76A11AD5F0E800F243C9 /* TypeDefs+NetworkKit.swift in Sources */,
				23AF8AB61AFAC51E00E09C34 /* NSCharacterSet+SwiftKit.swift in Sources */,
				23AF8AB41AFAC51E00E09C34 /* NSCalendar+SwiftKit.swift in Sources */,
				23DA76601AD5F0D900F243C9 /* NSIndexPath+Operators.swift in Sources */,
				23AF8AE31AFAC51E00E09C34 /* UINavigationController+SwiftKit.swift in Sources */,
				23DA76161AD5F0D900F243C9 /* ScrollDirection.swift in Sources */,
				23AF8AAE1AFAC51E00E09C34 /* Int+SwiftKit.swift in Sources */,
				23DA76901AD5F0E800F243C9 /* NSURLSessionConfiguration+NetworkKit.swift in Sources */,
				23D4936B1B0FCE3D00AD89A5 /* Queue.swift in Sources */,
				236A82001B20C1C900EA9777 /* NotificationManager.swift in Sources */,
				23AF8ACF1AFAC51E00E09C34 /* NSRegularExpression+SwiftKit.swift in Sources */,
				23AF8AB31AFAC51E00E09C34 /* NSBundle+SwiftKit.swift in Sources */,
				23AF8AE51AFAC51E00E09C34 /* UIScreen+SwiftKit.swift in Sources */,
				23AF8AB91AFAC51E00E09C34 /* NSDateFormatter+SwiftKit.swift in Sources */,
				23AF8A9C1AFAC51E00E09C34 /* Bool+SwiftKit.swift in Sources */,
				23DA76171AD5F0D900F243C9 /* TransitionStyle.swift in Sources */,
				23AF8ADE1AFAC51E00E09C34 /* UICollectionViewLayoutAttributes+SwiftKit.swift in Sources */,
				23AF8ADF1AFAC51E00E09C34 /* UIControl+SwiftKit.swift in Sources */,
				23DA769F1AD5F0E800F243C9 /* NetworkSessionDelegate+NSURLSessionTaskDelegate.swift in Sources */,
				23AF8AA41AFAC51E00E09C34 /* CGSize+SwiftKit.swift in Sources */,
				23DA768D1AD5F0E800F243C9 /* NetworkMethod.swift in Sources */,
				238A1FF01B24B3A30012512B /* DataStoreDocument.swift in Sources */,
				23AF8AD21AFAC51E00E09C34 /* NSURLSessionTask+SwiftKit.swift in Sources */,
				23E1B4801B0A964D00D889E1 /* StringRepresentable.swift in Sources */,
				23AF8AD41AFAC51E00E09C34 /* Set+SwiftKit.swift in Sources */,
				23DA760B1AD5F0D900F243C9 /* ViewControllerAnimatedTransition.swift in Sources */,
				23DA76961AD5F0E800F243C9 /* NetworkRequest.swift in Sources */,
				23E1B4821B0AA81E00D889E1 /* Int32+SwiftKit.swift in Sources */,
				23DA76991AD5F0E800F243C9 /* NetworkRequestDelegateDownloadTask.swift in Sources */,
				23DA765F1AD5F0D900F243C9 /* Dictionary+Operators.swift in Sources */,
				23AF8ACB1AFAC51E00E09C34 /* NSOperationQueue+SwiftKit.swift in Sources */,
				23AF8AB71AFAC51E00E09C34 /* NSDate+SwiftKit.swift in Sources */,
				23AF8AC51AFAC51E00E09C34 /* NSManagedObjectContext+SwiftKit.swift in Sources */,
				23AF8ADA1AFAC51E00E09C34 /* UICollectionView+SwiftKit.swift in Sources */,
				23AF8AE91AFAC51E00E09C34 /* UIViewController+SwiftKit.swift in Sources */,
				23AF8AD51AFAC51E00E09C34 /* String+SwiftKit.swift in Sources */,
				23AF8ABD1AFAC51E00E09C34 /* NSFetchedResultsController+SwiftKit.swift in Sources */,
				23DA769D1AD5F0E800F243C9 /* NetworkSessionDelegate+NSURLSessionDelegate.swift in Sources */,
				23AF8AC11AFAC51E00E09C34 /* NSHashTable+SwiftKit.swift in Sources */,
				23B8088E1B0E49E100175A79 /* BaseOperation.swift in Sources */,
				23AF8AA61AFAC51E00E09C34 /* CLGeocoder+SwiftKit.swift in Sources */,
				23AF8AA21AFAC51E00E09C34 /* CGPoint+SwiftKit.swift in Sources */,
				23AF8AB11AFAC51E00E09C34 /* NSBatchUpdateRequest+SwiftKit.swift in Sources */,
				23DA769C1AD5F0E800F243C9 /* NetworkSessionDelegate+NSURLSessionDataDelegate.swift in Sources */,
				23AF8AE21AFAC51E00E09C34 /* UILabel+SwiftKit.swift in Sources */,
				23AF8AA91AFAC51E00E09C34 /* CLLocationCoordinate2D+SwiftKit.swift in Sources */,
				23D2CA961AFD3938001376C7 /* PointerOptions.swift in Sources */,
				23AF8AC01AFAC51E00E09C34 /* NSFileManager+SwiftKit.swift in Sources */,
				23AF8ABB1AFAC51E00E09C34 /* NSExpression+SwiftKit.swift in Sources */,
				23DA760F1AD5F0D900F243C9 /* StoryboardTemplateImageView.swift in Sources */,
				23AF8AAC1AFAC51E00E09C34 /* Double+SwiftKit.swift in Sources */,
				23AF8AD31AFAC51E00E09C34 /* NSUserDefaults+SwiftKit.swift in Sources */,
				23AF8AC31AFAC51E00E09C34 /* NSLocale+SwiftKit.swift in Sources */,
				23A7E70B1AEF6227000528C2 /* DecelerationSpeed.swift in Sources */,
				23AF8ADB1AFAC51E00E09C34 /* UICollectionViewCell+SwiftKit.swift in Sources */,
				23B808921B0E4FA000175A79 /* NetworkOperation.swift in Sources */,
				23AF8AC61AFAC51E00E09C34 /* NSManagedObjectModel+SwiftKit.swift in Sources */,
				23AF8AD61AFAC51E00E09C34 /* UIApplication+SwiftKit.swift in Sources */,
				23AF8AAF1AFAC51E00E09C34 /* Int16+SwiftKit.swift in Sources */,
				23AF8A9E1AFAC51E00E09C34 /* CADisplayLink+SwiftKit.swift in Sources */,
				23DA765C1AD5F0D900F243C9 /* CollectionType+Functions.swift in Sources */,
				23AF8AB21AFAC51E00E09C34 /* NSBatchUpdateResult+SwiftKit.swift in Sources */,
				23AF8AD11AFAC51E00E09C34 /* NSURL+SwiftKit.swift in Sources */,
			);
			runOnlyForDeploymentPostprocessing = 0;
		};
		23DA757D1AD5ECD200F243C9 /* Sources */ = {
			isa = PBXSourcesBuildPhase;
			buildActionMask = 2147483647;
			files = (
				23DA75891AD5ECD200F243C9 /* SwiftKitTests.swift in Sources */,
			);
			runOnlyForDeploymentPostprocessing = 0;
		};
/* End PBXSourcesBuildPhase section */

/* Begin PBXTargetDependency section */
		23DA75841AD5ECD200F243C9 /* PBXTargetDependency */ = {
			isa = PBXTargetDependency;
			target = 23DA75751AD5ECD200F243C9 /* SwiftKit */;
			targetProxy = 23DA75831AD5ECD200F243C9 /* PBXContainerItemProxy */;
		};
/* End PBXTargetDependency section */

/* Begin XCBuildConfiguration section */
		23DA758A1AD5ECD200F243C9 /* Debug */ = {
			isa = XCBuildConfiguration;
			buildSettings = {
				ALWAYS_SEARCH_USER_PATHS = NO;
				CLANG_CXX_LANGUAGE_STANDARD = "gnu++0x";
				CLANG_CXX_LIBRARY = "libc++";
				CLANG_ENABLE_MODULES = YES;
				CLANG_ENABLE_OBJC_ARC = YES;
				CLANG_WARN_BOOL_CONVERSION = YES;
				CLANG_WARN_CONSTANT_CONVERSION = YES;
				CLANG_WARN_DIRECT_OBJC_ISA_USAGE = YES_ERROR;
				CLANG_WARN_EMPTY_BODY = YES;
				CLANG_WARN_ENUM_CONVERSION = YES;
				CLANG_WARN_INT_CONVERSION = YES;
				CLANG_WARN_OBJC_ROOT_CLASS = YES_ERROR;
				CLANG_WARN_UNREACHABLE_CODE = YES;
				CLANG_WARN__DUPLICATE_METHOD_MATCH = YES;
				"CODE_SIGN_IDENTITY[sdk=iphoneos*]" = "iPhone Developer";
				COPY_PHASE_STRIP = NO;
				CURRENT_PROJECT_VERSION = 1;
				DEBUG_INFORMATION_FORMAT = "dwarf-with-dsym";
				ENABLE_STRICT_OBJC_MSGSEND = YES;
				GCC_C_LANGUAGE_STANDARD = gnu99;
				GCC_DYNAMIC_NO_PIC = NO;
				GCC_NO_COMMON_BLOCKS = YES;
				GCC_OPTIMIZATION_LEVEL = 0;
				GCC_PREPROCESSOR_DEFINITIONS = (
					"DEBUG=1",
					"$(inherited)",
				);
				GCC_SYMBOLS_PRIVATE_EXTERN = NO;
				GCC_WARN_64_TO_32_BIT_CONVERSION = YES;
				GCC_WARN_ABOUT_RETURN_TYPE = YES_ERROR;
				GCC_WARN_UNDECLARED_SELECTOR = YES;
				GCC_WARN_UNINITIALIZED_AUTOS = YES_AGGRESSIVE;
				GCC_WARN_UNUSED_FUNCTION = YES;
				GCC_WARN_UNUSED_VARIABLE = YES;
				IPHONEOS_DEPLOYMENT_TARGET = 8.0;
				MTL_ENABLE_DEBUG_INFO = YES;
				ONLY_ACTIVE_ARCH = YES;
				SDKROOT = iphoneos;
				SWIFT_OPTIMIZATION_LEVEL = "-Onone";
				TARGETED_DEVICE_FAMILY = "1,2";
				VERSIONING_SYSTEM = "apple-generic";
				VERSION_INFO_PREFIX = "";
			};
			name = Debug;
		};
		23DA758B1AD5ECD200F243C9 /* Release */ = {
			isa = XCBuildConfiguration;
			buildSettings = {
				ALWAYS_SEARCH_USER_PATHS = NO;
				CLANG_CXX_LANGUAGE_STANDARD = "gnu++0x";
				CLANG_CXX_LIBRARY = "libc++";
				CLANG_ENABLE_MODULES = YES;
				CLANG_ENABLE_OBJC_ARC = YES;
				CLANG_WARN_BOOL_CONVERSION = YES;
				CLANG_WARN_CONSTANT_CONVERSION = YES;
				CLANG_WARN_DIRECT_OBJC_ISA_USAGE = YES_ERROR;
				CLANG_WARN_EMPTY_BODY = YES;
				CLANG_WARN_ENUM_CONVERSION = YES;
				CLANG_WARN_INT_CONVERSION = YES;
				CLANG_WARN_OBJC_ROOT_CLASS = YES_ERROR;
				CLANG_WARN_UNREACHABLE_CODE = YES;
				CLANG_WARN__DUPLICATE_METHOD_MATCH = YES;
				"CODE_SIGN_IDENTITY[sdk=iphoneos*]" = "iPhone Developer";
				COPY_PHASE_STRIP = NO;
				CURRENT_PROJECT_VERSION = 1;
				DEBUG_INFORMATION_FORMAT = "dwarf-with-dsym";
				ENABLE_NS_ASSERTIONS = NO;
				ENABLE_STRICT_OBJC_MSGSEND = YES;
				GCC_C_LANGUAGE_STANDARD = gnu99;
				GCC_NO_COMMON_BLOCKS = YES;
				GCC_WARN_64_TO_32_BIT_CONVERSION = YES;
				GCC_WARN_ABOUT_RETURN_TYPE = YES_ERROR;
				GCC_WARN_UNDECLARED_SELECTOR = YES;
				GCC_WARN_UNINITIALIZED_AUTOS = YES_AGGRESSIVE;
				GCC_WARN_UNUSED_FUNCTION = YES;
				GCC_WARN_UNUSED_VARIABLE = YES;
				IPHONEOS_DEPLOYMENT_TARGET = 8.0;
				MTL_ENABLE_DEBUG_INFO = NO;
				SDKROOT = iphoneos;
				TARGETED_DEVICE_FAMILY = "1,2";
				VALIDATE_PRODUCT = YES;
				VERSIONING_SYSTEM = "apple-generic";
				VERSION_INFO_PREFIX = "";
			};
			name = Release;
		};
		23DA758D1AD5ECD200F243C9 /* Debug */ = {
			isa = XCBuildConfiguration;
			buildSettings = {
				APPLICATION_EXTENSION_API_ONLY = YES;
				DEFINES_MODULE = YES;
				DYLIB_COMPATIBILITY_VERSION = 1;
				DYLIB_CURRENT_VERSION = 1;
				DYLIB_INSTALL_NAME_BASE = "@rpath";
				INFOPLIST_FILE = SwiftKit/Info.plist;
				INSTALL_PATH = "$(LOCAL_LIBRARY_DIR)/Frameworks";
				LD_RUNPATH_SEARCH_PATHS = "$(inherited) @executable_path/Frameworks @loader_path/Frameworks";
				PRODUCT_NAME = "$(TARGET_NAME)";
				SKIP_INSTALL = YES;
			};
			name = Debug;
		};
		23DA758E1AD5ECD200F243C9 /* Release */ = {
			isa = XCBuildConfiguration;
			buildSettings = {
				APPLICATION_EXTENSION_API_ONLY = YES;
				DEFINES_MODULE = YES;
				DYLIB_COMPATIBILITY_VERSION = 1;
				DYLIB_CURRENT_VERSION = 1;
				DYLIB_INSTALL_NAME_BASE = "@rpath";
				INFOPLIST_FILE = SwiftKit/Info.plist;
				INSTALL_PATH = "$(LOCAL_LIBRARY_DIR)/Frameworks";
				LD_RUNPATH_SEARCH_PATHS = "$(inherited) @executable_path/Frameworks @loader_path/Frameworks";
				PRODUCT_NAME = "$(TARGET_NAME)";
				SKIP_INSTALL = YES;
			};
			name = Release;
		};
		23DA75901AD5ECD200F243C9 /* Debug */ = {
			isa = XCBuildConfiguration;
			buildSettings = {
				FRAMEWORK_SEARCH_PATHS = (
					"$(SDKROOT)/Developer/Library/Frameworks",
					"$(inherited)",
				);
				GCC_PREPROCESSOR_DEFINITIONS = (
					"DEBUG=1",
					"$(inherited)",
				);
				INFOPLIST_FILE = SwiftKitTests/Info.plist;
				LD_RUNPATH_SEARCH_PATHS = "$(inherited) @executable_path/Frameworks @loader_path/Frameworks";
				PRODUCT_NAME = "$(TARGET_NAME)";
			};
			name = Debug;
		};
		23DA75911AD5ECD200F243C9 /* Release */ = {
			isa = XCBuildConfiguration;
			buildSettings = {
				FRAMEWORK_SEARCH_PATHS = (
					"$(SDKROOT)/Developer/Library/Frameworks",
					"$(inherited)",
				);
				INFOPLIST_FILE = SwiftKitTests/Info.plist;
				LD_RUNPATH_SEARCH_PATHS = "$(inherited) @executable_path/Frameworks @loader_path/Frameworks";
				PRODUCT_NAME = "$(TARGET_NAME)";
			};
			name = Release;
		};
/* End XCBuildConfiguration section */

/* Begin XCConfigurationList section */
		23DA75701AD5ECD200F243C9 /* Build configuration list for PBXProject "SwiftKit" */ = {
			isa = XCConfigurationList;
			buildConfigurations = (
				23DA758A1AD5ECD200F243C9 /* Debug */,
				23DA758B1AD5ECD200F243C9 /* Release */,
			);
			defaultConfigurationIsVisible = 0;
			defaultConfigurationName = Release;
		};
		23DA758C1AD5ECD200F243C9 /* Build configuration list for PBXNativeTarget "SwiftKit" */ = {
			isa = XCConfigurationList;
			buildConfigurations = (
				23DA758D1AD5ECD200F243C9 /* Debug */,
				23DA758E1AD5ECD200F243C9 /* Release */,
			);
			defaultConfigurationIsVisible = 0;
			defaultConfigurationName = Release;
		};
		23DA758F1AD5ECD200F243C9 /* Build configuration list for PBXNativeTarget "SwiftKitTests" */ = {
			isa = XCConfigurationList;
			buildConfigurations = (
				23DA75901AD5ECD200F243C9 /* Debug */,
				23DA75911AD5ECD200F243C9 /* Release */,
			);
			defaultConfigurationIsVisible = 0;
			defaultConfigurationName = Release;
		};
/* End XCConfigurationList section */
	};
	rootObject = 23DA756D1AD5ECD200F243C9 /* Project object */;
}
